// !$*UTF8*$!
{
	archiveVersion = 1;
	classes = {
	};
	objectVersion = 46;
	objects = {

/* Begin PBXBuildFile section */
		016C696F5AAF634FD269693E /* RemoteDropRouting.swift in Sources */ = {isa = PBXBuildFile; fileRef = A2714D31BB99EB540075D294 /* RemoteDropRouting.swift */; };
		0425F8E6B5485088EB52FD9E /* ExtensionScript.swift in Sources */ = {isa = PBXBuildFile; fileRef = 163A09C9902504B594F006B2 /* ExtensionScript.swift */; };
		088562D4360CA4D6E3584DB0 /* HostConnectionImportSource.swift in Sources */ = {isa = PBXBuildFile; fileRef = 6A28A47386D5F18187871610 /* HostConnectionImportSource.swift */; };
		08B2A551028A7601AA1263AC /* SwiftTerm in Frameworks */ = {isa = PBXBuildFile; productRef = D6224FD195F77F58C0FFEAB0 /* SwiftTerm */; };
		094CFDA1FE15C716FBA117AC /* Host.swift in Sources */ = {isa = PBXBuildFile; fileRef = 1CBC23F9D3E4C5BEE962A6E7 /* Host.swift */; };
		0AC001AEF332ABD31A894F75 /* SSHCompatibilityProfile.swift in Sources */ = {isa = PBXBuildFile; fileRef = ECCAFCBF4A158FE210F794E0 /* SSHCompatibilityProfile.swift */; };
		0AF1AC429323E5391D0EDE32 /* TerminalSmartAssistNotificationState.swift in Sources */ = {isa = PBXBuildFile; fileRef = A2210873FB85D6099C72A796 /* TerminalSmartAssistNotificationState.swift */; };
		0CBE6D075B12B21A6523DF3F /* libRemoraCore.a in Frameworks */ = {isa = PBXBuildFile; fileRef = 93A2AD67DAA0C91B5B166422 /* libRemoraCore.a */; };
		0FA2B5E78A3290C3F1D6B412 /* TerminalPromptBoundaryProcessor.swift in Sources */ = {isa = PBXBuildFile; fileRef = 7E7D57E3FCC756A86860DA59 /* TerminalPromptBoundaryProcessor.swift */; };
		109C0B4D084C32F757CE56D9 /* SystemSFTPClient.swift in Sources */ = {isa = PBXBuildFile; fileRef = 72426CE981BC38A3E01E476D /* SystemSFTPClient.swift */; };
		111C66BAB83BCE23B6520BEF /* RemoteTextEditorViewModel.swift in Sources */ = {isa = PBXBuildFile; fileRef = AF9330B7C6B699128C2F1D24 /* RemoteTextEditorViewModel.swift */; };
		118EB2D584A795776F0031F2 /* ContentViewActions.swift in Sources */ = {isa = PBXBuildFile; fileRef = CC3B8955E61D51AA5E0E889F /* ContentViewActions.swift */; };
		13D22F3F4051415F97ADCE93 /* QuickCommandExecution.swift in Sources */ = {isa = PBXBuildFile; fileRef = 1DF6CAD2ADF26F63B4002D56 /* QuickCommandExecution.swift */; };
		17423959BF62CFC57000D640 /* UpdateChecker.strings in Resources */ = {isa = PBXBuildFile; fileRef = 7E0C48FA7FA12E451BCC0A87 /* UpdateChecker.strings */; };
		1A3FBBF8B273E0BE09ECF779 /* ServerMonitoringSortOrder.swift in Sources */ = {isa = PBXBuildFile; fileRef = 61C1A1276BD1E965C11907DD /* ServerMonitoringSortOrder.swift */; };
		1E7779F941D282C9468C547D /* ServerStatusWindow.swift in Sources */ = {isa = PBXBuildFile; fileRef = 8C0D2FEBC7E7BBE0D8AADC56 /* ServerStatusWindow.swift */; };
		1FFCF71B78B9A9EE25EF1A2D /* FileManagerWorkspaceWindow.swift in Sources */ = {isa = PBXBuildFile; fileRef = 29D0A1A4024593D47E75E5E8 /* FileManagerWorkspaceWindow.swift */; };
		23C9FE13C4097623FDAFF106 /* RemoraConfigPaths.swift in Sources */ = {isa = PBXBuildFile; fileRef = B2813F399C947D7270287C79 /* RemoraConfigPaths.swift */; };
		23D302551D79BE8F020DE70D /* SSHControlMasterCleanup.swift in Sources */ = {isa = PBXBuildFile; fileRef = 1FBABDC5548FCED1103C19ED /* SSHControlMasterCleanup.swift */; };
		278873DD85D18D978CF4D71B /* ContentViewSidebarComponents.swift in Sources */ = {isa = PBXBuildFile; fileRef = 7C1D4C94A3CC2313F1E9CF84 /* ContentViewSidebarComponents.swift */; };
		2E6DFF7209EF7058D01B90CB /* ExtensionScriptRunner.swift in Sources */ = {isa = PBXBuildFile; fileRef = 12D86E3C28CA98DE78C2B071 /* ExtensionScriptRunner.swift */; };
		2F24541A3B4E906357705376 /* MockSSHClient.swift in Sources */ = {isa = PBXBuildFile; fileRef = 05FFEA82C740C9CFA2A76CF8 /* MockSSHClient.swift */; };
		303746BA38776B06DD750F45 /* OpenSSHLaunchBuilder.swift in Sources */ = {isa = PBXBuildFile; fileRef = 22C2385959B4ABEEC1D53603 /* OpenSSHLaunchBuilder.swift */; };
		3049D7E54F628790228678FE /* AppKit.framework in Frameworks */ = {isa = PBXBuildFile; fileRef = 0AA6C9FFF79369DED5639B96 /* AppKit.framework */; };
		32B0FA32D79E94C39A46904E /* OpenSSHRemoteShellIntegrationInstaller.swift in Sources */ = {isa = PBXBuildFile; fileRef = 6FD2AE305BD8B6FB237AE721 /* OpenSSHRemoteShellIntegrationInstaller.swift */; };
		3391406610C9219FA58F5E67 /* ExtensionScriptViews.swift in Sources */ = {isa = PBXBuildFile; fileRef = 6E62BA1426ED9330E9E4D31B /* ExtensionScriptViews.swift */; };
		3524AC3D87905A4D30A83D96 /* RemoteFilePropertiesViewModel.swift in Sources */ = {isa = PBXBuildFile; fileRef = 2AB97528B31846E787456327 /* RemoteFilePropertiesViewModel.swift */; };
		37F7B8DB263693CC66840C37 /* SessionManager.swift in Sources */ = {isa = PBXBuildFile; fileRef = 48F4AF747C6F02850BCC3AB9 /* SessionManager.swift */; };
		38EB5CC696E438589D017297 /* TerminalAIAssistantCoordinator.swift in Sources */ = {isa = PBXBuildFile; fileRef = 81D6B3A08A6CE58437224B4C /* TerminalAIAssistantCoordinator.swift */; };
		39F31F089535CED6C93709DF /* ExtensionScriptStore.swift in Sources */ = {isa = PBXBuildFile; fileRef = 68EDD45A6C343384DFEA3AFF /* ExtensionScriptStore.swift */; };
		3AA15224404D6946E5E5EEA1 /* HostCatalog.swift in Sources */ = {isa = PBXBuildFile; fileRef = 411B5C5E8736B71B36BF946A /* HostCatalog.swift */; };
		3C7F94351CD78DD5C044573B /* AppSettings.swift in Sources */ = {isa = PBXBuildFile; fileRef = 836A2114ED8883CFB44D0E65 /* AppSettings.swift */; };
		3CE12AB7D2759DE58334EC4D /* RemoteListSelection.swift in Sources */ = {isa = PBXBuildFile; fileRef = 57994217ECAC607D9E45D3C2 /* RemoteListSelection.swift */; };
		44EBAF02A30949B3664DAE5C /* ExtensionScriptRunnerViewModel.swift in Sources */ = {isa = PBXBuildFile; fileRef = 1B2356501820FE1FC9CD0D09 /* ExtensionScriptRunnerViewModel.swift */; };
		44EF710155BE5EE1BBFF10D0 /* Cocoa.framework in Frameworks */ = {isa = PBXBuildFile; fileRef = 6A8E715058B3FAD940D75B75 /* Cocoa.framework */; };
		4627BB41E22BF91B5D9C8EFD /* DockerWorkspaceWindow.swift in Sources */ = {isa = PBXBuildFile; fileRef = C1A0D17F9E3196B4F31E267B /* DockerWorkspaceWindow.swift */; };
		4A31A632CF493353CCE5BB95 /* DockerModels.swift in Sources */ = {isa = PBXBuildFile; fileRef = 5EE1344B1134FBC886E39E2D /* DockerModels.swift */; };
		4B7DFB8187917CDAA40B8E69 /* MockSFTPClient.swift in Sources */ = {isa = PBXBuildFile; fileRef = 4FFFF71EC0EE0BF25E151E05 /* MockSFTPClient.swift */; };
		4C29070A3E71D6122F4258AD /* DockerCommandService.swift in Sources */ = {isa = PBXBuildFile; fileRef = C38EA31BE66741B17E847B76 /* DockerCommandService.swift */; };
		4C3F1144C58E66ECCD886B31 /* AppKeyboardShortcuts.swift in Sources */ = {isa = PBXBuildFile; fileRef = 662AB393EC51E7B09372ADE3 /* AppKeyboardShortcuts.swift */; };
		4D647DB99D68466801218439 /* RemoteLiveLogWindow.swift in Sources */ = {isa = PBXBuildFile; fileRef = 4E9D099EBEF899586DDFB862 /* RemoteLiveLogWindow.swift */; };
		4E25878BB899FA6B2A76ACB5 /* SessionMetricsTooltip.swift in Sources */ = {isa = PBXBuildFile; fileRef = 6FC0BC2014ABCA4599596585 /* SessionMetricsTooltip.swift */; };
		4E82439D10C11B018E916DBC /* RemoteCompressSheet.swift in Sources */ = {isa = PBXBuildFile; fileRef = F8A6B667195D0DE429D8A46C /* RemoteCompressSheet.swift */; };
		50EC8B3630DE91E79B6EFC68 /* FileManagerWindowSplitController.swift in Sources */ = {isa = PBXBuildFile; fileRef = 3AF1905054354138FEBBF7D0 /* FileManagerWindowSplitController.swift */; };
		53768B76C3ACBC6EDF5DD19D /* FileManagerLegacyFormatting.swift in Sources */ = {isa = PBXBuildFile; fileRef = 86A88ED194469491EC34E5C3 /* FileManagerLegacyFormatting.swift */; };
		541EDE14C44300BBC5417E8A /* EditorDocumentDescriptor.swift in Sources */ = {isa = PBXBuildFile; fileRef = A6D29552647CDDDBDD71AFCE /* EditorDocumentDescriptor.swift */; };
		5609868565477B30F13D3DEF /* LogManager.swift in Sources */ = {isa = PBXBuildFile; fileRef = DDE0F870054867A1F91E825B /* LogManager.swift */; };
		5645E9C4E2674840661E9FF7 /* FileManagerDownloadsPopoverView.swift in Sources */ = {isa = PBXBuildFile; fileRef = 489F8E0A214251E52DD29A9A /* FileManagerDownloadsPopoverView.swift */; };
		58D6F09FF9816B40F10441F3 /* DisconnectedSFTPClient.swift in Sources */ = {isa = PBXBuildFile; fileRef = 29A2A467E0323D61F2E54C59 /* DisconnectedSFTPClient.swift */; };
		59471C946BEC9580E55CA809 /* RingByteBuffer.swift in Sources */ = {isa = PBXBuildFile; fileRef = 9328B4C3FC554198EFFBD44E /* RingByteBuffer.swift */; };
		5BD67B8F1381C0FE59025822 /* TerminalAIModels.swift in Sources */ = {isa = PBXBuildFile; fileRef = 6161A2852E5BBBCEFDCC2873 /* TerminalAIModels.swift */; };
		5C1C4AF4CFF5531B1BBB8750 /* CredentialStore.swift in Sources */ = {isa = PBXBuildFile; fileRef = D04B86E6565BB5A66C32DD13 /* CredentialStore.swift */; };
		5D0FDA347660C0DCC3D4D286 /* ContentViewSheets.swift in Sources */ = {isa = PBXBuildFile; fileRef = EDC58C9CE6721F756E31F8FA /* ContentViewSheets.swift */; };
		5EC439346214A493F96072D3 /* ByteSizeFormatter.swift in Sources */ = {isa = PBXBuildFile; fileRef = 706802D85D6DF3DF9CADDDAB /* ByteSizeFormatter.swift */; };
		60EF3B8D4D230D2635BA282B /* DockerPanelViewModel.swift in Sources */ = {isa = PBXBuildFile; fileRef = FC3677563A7B0052EAFD80EB /* DockerPanelViewModel.swift */; };
		6134A8C56B7B9DB65382F62B /* RemoraEditorCoordinator.swift in Sources */ = {isa = PBXBuildFile; fileRef = 711E0A36C081DED0E01EF6F3 /* RemoraEditorCoordinator.swift */; };
		616C74DBCBE0E606D604ECAD /* UpdateChecker.swift in Sources */ = {isa = PBXBuildFile; fileRef = C82CD16194F7F5A16530A666 /* UpdateChecker.swift */; };
		64DB599370403F352E9C9F04 /* SFTPProtocols.swift in Sources */ = {isa = PBXBuildFile; fileRef = 490260E6A6B049588067C1A0 /* SFTPProtocols.swift */; };
		64E8D9C24D097D18E4294F7F /* ContentViewSupport.swift in Sources */ = {isa = PBXBuildFile; fileRef = DEDBE99CD2EE258AE866B3EE /* ContentViewSupport.swift */; };
		650B9A6AF8D5E7F65BC940A7 /* Localizable.strings in Resources */ = {isa = PBXBuildFile; fileRef = 6EEF410C339FEC90BC074F21 /* Localizable.strings */; };
		67E0F3F145186C0C87B95DEE /* TerminalPaneView.swift in Sources */ = {isa = PBXBuildFile; fileRef = 5B67EA56144AA8EB1AE09086 /* TerminalPaneView.swift */; };
		693AE24AB4B943E4FFD1327B /* TransferCenter.swift in Sources */ = {isa = PBXBuildFile; fileRef = 96B2DCDE8DD3024E022F6956 /* TransferCenter.swift */; };
		6ACF2AC02EE0169DB0368DA7 /* RemoteFileModels.swift in Sources */ = {isa = PBXBuildFile; fileRef = 18F9300512782FE29E6DFD6C /* RemoteFileModels.swift */; };
		6B392A686F1B6CEA8284DC10 /* ZmodemTransferCoordinator.swift in Sources */ = {isa = PBXBuildFile; fileRef = 03866950C52E964D9A5F36C8 /* ZmodemTransferCoordinator.swift */; };
		6F9B2077C6C4A880B74A587A /* EditorBridge.swift in Sources */ = {isa = PBXBuildFile; fileRef = A72E7B80A26FDDDF9A5098D7 /* EditorBridge.swift */; };
		7279344F218996E16AC603F1 /* LocalShellClient.swift in Sources */ = {isa = PBXBuildFile; fileRef = 449BB6520E746B0B46777717 /* LocalShellClient.swift */; };
		741B8C07164C7A7839CB5DAE /* TerminalView.swift in Sources */ = {isa = PBXBuildFile; fileRef = 1355F9E73B2021EA929BBCD8 /* TerminalView.swift */; };
		759565F0A9969F8F4FDFB7E5 /* PortForwardCenter.swift in Sources */ = {isa = PBXBuildFile; fileRef = B77733A109DDA979C644BFFC /* PortForwardCenter.swift */; };
		79D46D6FD59183EBBED8CEF4 /* TerminalRuntime.swift in Sources */ = {isa = PBXBuildFile; fileRef = 3A34E98239B9982DE172ED50 /* TerminalRuntime.swift */; };
		7A44CB790BC987F36E70AEAF /* ViewScreenAnchorRegistry.swift in Sources */ = {isa = PBXBuildFile; fileRef = 500595A59A983E5D71514B2D /* ViewScreenAnchorRegistry.swift */; };
		7ACEBB413F2F05086FE539D4 /* RemoraEditorWebView.swift in Sources */ = {isa = PBXBuildFile; fileRef = 7772ACFBAF1E0507AF36D5A3 /* RemoraEditorWebView.swift */; };
		7BE93D0625205FC61C554A7E /* FileTransferViewModel.swift in Sources */ = {isa = PBXBuildFile; fileRef = 46DDD2147A1C8A1B4C51D3E5 /* FileTransferViewModel.swift */; };
		7CEE8877B8BCE12B297DC9A5 /* ZmodemSendEngine.swift in Sources */ = {isa = PBXBuildFile; fileRef = 6A812B71048C243B8C802AA0 /* ZmodemSendEngine.swift */; };
		7D05350F26F930BC71BE6754 /* HostKeyStore.swift in Sources */ = {isa = PBXBuildFile; fileRef = 0AB57D829C86524B0FA9A2C7 /* HostKeyStore.swift */; };
		822E7882936D3E2ACEE64E14 /* FocusableCodeMirrorWebView.swift in Sources */ = {isa = PBXBuildFile; fileRef = 939F5271313D71C2E29729BA /* FocusableCodeMirrorWebView.swift */; };
		8439E0A01CE65694F9175D0E /* AppKitCodeMirrorEditorViewController.swift in Sources */ = {isa = PBXBuildFile; fileRef = 8CBBE3F97380E3687E952E6C /* AppKitCodeMirrorEditorViewController.swift */; };
		854FFAFBC57DCD6E869728D1 /* ArchiveSupport.swift in Sources */ = {isa = PBXBuildFile; fileRef = 1BF86D4388E3798A466298ED /* ArchiveSupport.swift */; };
		87DEB25E418A8AE05D5B0324 /* TerminalSessionDescriptor.swift in Sources */ = {isa = PBXBuildFile; fileRef = C203C082A9BDAEE9AE8D7C19 /* TerminalSessionDescriptor.swift */; };
		8B3DDF441EE78B5EF0A147F5 /* ContentViewLayout.swift in Sources */ = {isa = PBXBuildFile; fileRef = 25D367A88F47FFE824ADE138 /* ContentViewLayout.swift */; };
		8CE4630DD29F437821D0E155 /* AISettingsStore.swift in Sources */ = {isa = PBXBuildFile; fileRef = 25B4C4512280E636F36E00D4 /* AISettingsStore.swift */; };
		8FABDDA368B32A6B49356239 /* SystemSSHClient.swift in Sources */ = {isa = PBXBuildFile; fileRef = 86E31FB9F7092461E0830ABD /* SystemSSHClient.swift */; };
		9044C4088F6B745559DAF3B3 /* SSHProtocols.swift in Sources */ = {isa = PBXBuildFile; fileRef = 8D69EC970FFC556A56C08AE2 /* SSHProtocols.swift */; };
		911053394FB0EA9F8415ADD3 /* EditorEvent.swift in Sources */ = {isa = PBXBuildFile; fileRef = C5528A14E53E58DD72FE1054 /* EditorEvent.swift */; };
		9166FA463917574F515EB053 /* RemoteLogViewerViewModel.swift in Sources */ = {isa = PBXBuildFile; fileRef = 18AD1AAB2AA93C942D5B6CA2 /* RemoteLogViewerViewModel.swift */; };
		93255B5ABD9CD0D1BF3CDBC4 /* RemoraAppMain.swift in Sources */ = {isa = PBXBuildFile; fileRef = 8716DCD8F0624D7BFFD9AFEC /* RemoraAppMain.swift */; };
		98E940D8D0E0C9C1EF9566C5 /* VisualStyle.swift in Sources */ = {isa = PBXBuildFile; fileRef = B44F54C2622F1C35E1E88990 /* VisualStyle.swift */; };
		99970DA5A522C3EAF36225D1 /* TerminalAIService.swift in Sources */ = {isa = PBXBuildFile; fileRef = 88158B603A8EE38647593689 /* TerminalAIService.swift */; };
		9A912B71D676FD626B596ED5 /* WorkspaceViewModel.swift in Sources */ = {isa = PBXBuildFile; fileRef = 4E0361671648B140F0A6F4FE /* WorkspaceViewModel.swift */; };
		9BF5366BC869F87BC4D7F792 /* ZmodemEngine.swift in Sources */ = {isa = PBXBuildFile; fileRef = 6C4342E5EF67CD755C81B446 /* ZmodemEngine.swift */; };
		9D07DEB220ABD6F02DF632F4 /* Security.framework in Frameworks */ = {isa = PBXBuildFile; fileRef = 2EA8680232AC7375E26681C8 /* Security.framework */; };
		9DF4B22600B8F561F906C5C5 /* ContextMenuPresentation.swift in Sources */ = {isa = PBXBuildFile; fileRef = A4821F40CFDB94EFA94535CD /* ContextMenuPresentation.swift */; };
		A02F5C7F973DE9417EA5D77E /* HostCatalogPersistence.swift in Sources */ = {isa = PBXBuildFile; fileRef = 4A96A8AC81C968089398C912 /* HostCatalogPersistence.swift */; };
		A09C6AA98261FAAE604FC61A /* FileManagerWindowToolbar.swift in Sources */ = {isa = PBXBuildFile; fileRef = 626BFB254D9E5C36B71081A7 /* FileManagerWindowToolbar.swift */; };
		A137639464B5EE72CFCA4C32 /* ServerMetricsPanel.swift in Sources */ = {isa = PBXBuildFile; fileRef = 45FAEE768AC14B96225135B5 /* ServerMetricsPanel.swift */; };
		A160A5390F159A37F0B235A0 /* RemoteFilePropertiesSheet.swift in Sources */ = {isa = PBXBuildFile; fileRef = E2E33E9D7F0DE6DA41E5228B /* RemoteFilePropertiesSheet.swift */; };
		A3F318A104DA1B358A09FCA4 /* AppLanguage.swift in Sources */ = {isa = PBXBuildFile; fileRef = AE44E1152829492B003CBC9B /* AppLanguage.swift */; };
		A4902FE34297556B35025B3B /* AppKitCodeMirrorCoordinator.swift in Sources */ = {isa = PBXBuildFile; fileRef = 05EEF991BFDDF5C1B418C540 /* AppKitCodeMirrorCoordinator.swift */; };
		A5CA94A3DE7239C5A2BCD966 /* RemoraJSONFileStore.swift in Sources */ = {isa = PBXBuildFile; fileRef = 2AE5070DF8F1BACBF64F8502 /* RemoraJSONFileStore.swift */; };
		AA6EB3F011A57AE530E9935B /* ServerMetricsCenter.swift in Sources */ = {isa = PBXBuildFile; fileRef = C93FD86F2B7089423F3AC840 /* ServerMetricsCenter.swift */; };
		AA97F1A50768FD59C1BB328F /* EditorLanguage.swift in Sources */ = {isa = PBXBuildFile; fileRef = 14C294CBDC0E710AD60F04D4 /* EditorLanguage.swift */; };
		AB417F5F7D42F087339DA5F4 /* Assets.xcassets in Resources */ = {isa = PBXBuildFile; fileRef = B6F7A4EFA07F7DE2B1919B46 /* Assets.xcassets */; };
		AC38B20BC595EB4036F49B12 /* AISettings.swift in Sources */ = {isa = PBXBuildFile; fileRef = 6B49E2C7D478024171987380 /* AISettings.swift */; };
		AC431E5D62A365E4DF2E567A /* RemotePermissionsEditorViewModel.swift in Sources */ = {isa = PBXBuildFile; fileRef = F057FC134331B0EFA85C657E /* RemotePermissionsEditorViewModel.swift */; };
		AD1AE3E4E98527D6E7CDB1F1 /* AppAppearance.swift in Sources */ = {isa = PBXBuildFile; fileRef = 1284270C26C2DF082CCBF3E9 /* AppAppearance.swift */; };
		AD61F3ED0C636DDCDA54575B /* QuartzCore.framework in Frameworks */ = {isa = PBXBuildFile; fileRef = EAD96C63BC7F65815C5FA1C9 /* QuartzCore.framework */; };
		B06CD6E026A68D7A24D98284 /* TransferQueuePresentationState.swift in Sources */ = {isa = PBXBuildFile; fileRef = 95D170E9C8D22C4F0F334266 /* TransferQueuePresentationState.swift */; };
		B3AB603D2C8AA62A2693AE0C /* RemoteLogViewerSheet.swift in Sources */ = {isa = PBXBuildFile; fileRef = 949BACA508CF614248187942 /* RemoteLogViewerSheet.swift */; };
		B479862A79D442760E6635E4 /* OpenSSHPortForwardClient.swift in Sources */ = {isa = PBXBuildFile; fileRef = CAD272874691222B7EC41CA4 /* OpenSSHPortForwardClient.swift */; };
		B5AEE1079B23E41D3F0CBA37 /* HostConnectionImporter.swift in Sources */ = {isa = PBXBuildFile; fileRef = 5A29C126EFA0CDBAE4BCCD73 /* HostConnectionImporter.swift */; };
		B67096883F2490648E29B048 /* TerminalDirectorySyncBridge.swift in Sources */ = {isa = PBXBuildFile; fileRef = E7612966A592EEA91CA1D810 /* TerminalDirectorySyncBridge.swift */; };
		B8451084B8EAFAA472F9E4A6 /* RemoteExtractSheet.swift in Sources */ = {isa = PBXBuildFile; fileRef = 0BE6ADD5E37384CCBC7B4F2F /* RemoteExtractSheet.swift */; };
		B8E13E0BEE2D11A075159E71 /* ExtensionScriptAppStore.swift in Sources */ = {isa = PBXBuildFile; fileRef = 38720B53D995BDD8BBE8FA7E /* ExtensionScriptAppStore.swift */; };
		B97BF3FF9C0F279C6FF90425 /* ZmodemDetector.swift in Sources */ = {isa = PBXBuildFile; fileRef = 9BA37BE61143167554F6ACEE /* ZmodemDetector.swift */; };
		B9B1528600AE02380709B9F2 /* L10n.swift in Sources */ = {isa = PBXBuildFile; fileRef = 8A13A2075078542B2E2ABCB5 /* L10n.swift */; };
		BEAA22E8F8076931FCFF755D /* HostPasswordStorage.swift in Sources */ = {isa = PBXBuildFile; fileRef = 52B01247DE368DF73937ABDE /* HostPasswordStorage.swift */; };
		C0A64DE088BE63B5049FC496 /* SSHConnectionReuse.swift in Sources */ = {isa = PBXBuildFile; fileRef = A7E42679624AA7807E0DD9E4 /* SSHConnectionReuse.swift */; };
		C6D48DBF979AE405BE86785E /* SessionManagerProtocol.swift in Sources */ = {isa = PBXBuildFile; fileRef = A1F6E38B38CACEAE129EC835 /* SessionManagerProtocol.swift */; };
		CA4123221C61B9A7FC8BE436 /* libRemoraCore.a in Frameworks */ = {isa = PBXBuildFile; fileRef = 93A2AD67DAA0C91B5B166422 /* libRemoraCore.a */; };
		CB2216946A3D09000BFB16F7 /* HostConnectionClipboardBuilder.swift in Sources */ = {isa = PBXBuildFile; fileRef = 779DC75618792B76DC79F7C3 /* HostConnectionClipboardBuilder.swift */; };
		CCB610E45FF07AA610153725 /* DockerPanelView.swift in Sources */ = {isa = PBXBuildFile; fileRef = 7862A0A16198D697CF3FBDC8 /* DockerPanelView.swift */; };
		CF623DAF8293D48D3EABAA6E /* RemotePermissionsEditorSheet.swift in Sources */ = {isa = PBXBuildFile; fileRef = EFB1BEA66CB4E1100C2C51FD /* RemotePermissionsEditorSheet.swift */; };
		D5D38847B80D4BC44E369BBF /* ContentViewSessionComponents.swift in Sources */ = {isa = PBXBuildFile; fileRef = D65666C0ED52C9B14F1B10A9 /* ContentViewSessionComponents.swift */; };
		D899A84E0456027593663718 /* TerminalAIComposerInputView.swift in Sources */ = {isa = PBXBuildFile; fileRef = 33DA22C19693F0FD1A238EF6 /* TerminalAIComposerInputView.swift */; };
		D8C380C6B748E181FE9ED418 /* FileTransferDiagnostics.swift in Sources */ = {isa = PBXBuildFile; fileRef = 09B84EBF5E98CC6CBAB5814B /* FileTransferDiagnostics.swift */; };
		DA6E11DC09D49A95A7A2AAAD /* RemoteTextEditorWindow.swift in Sources */ = {isa = PBXBuildFile; fileRef = 09645B89390C59DA640EBA0E /* RemoteTextEditorWindow.swift */; };
		DDA3DB32F2FD27C7DD47A7D9 /* MirroredRemoraEditorView.swift in Sources */ = {isa = PBXBuildFile; fileRef = EAA976D5BEFBFF388182865B /* MirroredRemoraEditorView.swift */; };
		DE70E5F6B5E9463639359132 /* AppPreferences.swift in Sources */ = {isa = PBXBuildFile; fileRef = C7690A71B8A82D68B7A9E706 /* AppPreferences.swift */; };
		DE9FD1B2DFA2F6EFDABD8B9B /* RemoraEditorView.swift in Sources */ = {isa = PBXBuildFile; fileRef = D56B5D80B67D59EA83EA5C43 /* RemoraEditorView.swift */; };
		DF35225CB0722AEF80578B02 /* RemoraSettingsSheet.swift in Sources */ = {isa = PBXBuildFile; fileRef = 1888B09C418EFA70C05DD0AC /* RemoraSettingsSheet.swift */; };
		DF924C19684F566E14739DED /* ConnectionInfoPasswordCopyConsentGate.swift in Sources */ = {isa = PBXBuildFile; fileRef = 73E077693155A24811910DDC /* ConnectionInfoPasswordCopyConsentGate.swift */; };
		DFFA50ECA7B3EFD72C9808B2 /* ZmodemConstants.swift in Sources */ = {isa = PBXBuildFile; fileRef = AC69D28DF722DE49A9590489 /* ZmodemConstants.swift */; };
		E6F3D858550920F14CD97CBD /* CoreText.framework in Frameworks */ = {isa = PBXBuildFile; fileRef = 050ABA7438A73FFC6B9D1B55 /* CoreText.framework */; };
		ED5DBB0F444905D4B07709B7 /* WebEditor in Resources */ = {isa = PBXBuildFile; fileRef = 74847D3C6383895D773B57FD /* WebEditor */; };
		EE19ED66C027251039251D86 /* TerminalViewRepresentable.swift in Sources */ = {isa = PBXBuildFile; fileRef = D0DFD92F3ADF45C246A5D997 /* TerminalViewRepresentable.swift */; };
		F05BC98BAB1E8602F672C0CC /* FileManagerContextMenuPolicy.swift in Sources */ = {isa = PBXBuildFile; fileRef = 3E582737409858B6FCA7CDDD /* FileManagerContextMenuPolicy.swift */; };
		F18B75A09D7EDBE0127CD227 /* PerformanceMetrics.swift in Sources */ = {isa = PBXBuildFile; fileRef = DE540D733FB029FD5BC41580 /* PerformanceMetrics.swift */; };
		F3B454C70EA9E4F8F7F91991 /* HostConnectionExporter.swift in Sources */ = {isa = PBXBuildFile; fileRef = B91B733D3F84D043F081EEFA /* HostConnectionExporter.swift */; };
		F5C362D7124EED3C7EF5D71A /* AppKit.framework in Frameworks */ = {isa = PBXBuildFile; fileRef = 0AA6C9FFF79369DED5639B96 /* AppKit.framework */; };
		F6B410290FA171E549207EA6 /* ZmodemFrame.swift in Sources */ = {isa = PBXBuildFile; fileRef = F42BF66C272C44631162CC46 /* ZmodemFrame.swift */; };
		F7E96C09703116E6816C5DCE /* EditorCommand.swift in Sources */ = {isa = PBXBuildFile; fileRef = 18153AB7C71C33AED23E89CD /* EditorCommand.swift */; };
		F83779964271E6AB6C44D0D6 /* libRemoraTerminal.a in Frameworks */ = {isa = PBXBuildFile; fileRef = 3F8F1FF2C63B6052D1742F3F /* libRemoraTerminal.a */; };
		F9063BB3CD24BB397C585946 /* SwiftUI.framework in Frameworks */ = {isa = PBXBuildFile; fileRef = 5EE07061D991DCF91815778D /* SwiftUI.framework */; };
		F9C8C1CC1002296C35BD66B4 /* TerminalAIAssistantView.swift in Sources */ = {isa = PBXBuildFile; fileRef = 4CA11D940673FE853FADBD99 /* TerminalAIAssistantView.swift */; };
		FAE10F6816A5C70E378185DB /* LocalizationHelpers.swift in Sources */ = {isa = PBXBuildFile; fileRef = B6D6759FF22A4DCC634706CF /* LocalizationHelpers.swift */; };
		FB5F51AE3FCB685DD5E43455 /* ContentView.swift in Sources */ = {isa = PBXBuildFile; fileRef = 7C4F57D0EDAA0CE82D3260F0 /* ContentView.swift */; };
		FF55E10FA85F7E5DD1F0523D /* SwiftTerm in Frameworks */ = {isa = PBXBuildFile; productRef = 2D9F2963A37C7837469D7132 /* SwiftTerm */; };
		FFA7EF027588CB2833FC0254 /* DockerLiveLogSheet.swift in Sources */ = {isa = PBXBuildFile; fileRef = 12C9598C59F1B683CBB4CF9F /* DockerLiveLogSheet.swift */; };
		FFD4CE3F89EB6492B94DFB17 /* CrossWindowFlyAnimator.swift in Sources */ = {isa = PBXBuildFile; fileRef = C1C8FC52F5D5A2466053758D /* CrossWindowFlyAnimator.swift */; };
/* End PBXBuildFile section */

/* Begin PBXContainerItemProxy section */
		194B47F4D513A020C86374CD /* PBXContainerItemProxy */ = {
			isa = PBXContainerItemProxy;
			containerPortal = BA5FF62A1C2D07869840EC6C /* Project object */;
			proxyType = 1;
			remoteGlobalIDString = 41EEA39F15CEA1AFCA765B41;
			remoteInfo = RemoraCore;
		};
		C011A90416CD11EF009AFC0D /* PBXContainerItemProxy */ = {
			isa = PBXContainerItemProxy;
			containerPortal = BA5FF62A1C2D07869840EC6C /* Project object */;
			proxyType = 1;
			remoteGlobalIDString = 41EEA39F15CEA1AFCA765B41;
			remoteInfo = RemoraCore;
		};
		DA077495A9486FBD07DBFEE2 /* PBXContainerItemProxy */ = {
			isa = PBXContainerItemProxy;
			containerPortal = BA5FF62A1C2D07869840EC6C /* Project object */;
			proxyType = 1;
			remoteGlobalIDString = 2DC1C7B41A11625960679BC6;
			remoteInfo = RemoraTerminal;
		};
/* End PBXContainerItemProxy section */

/* Begin PBXFileReference section */
		03866950C52E964D9A5F36C8 /* ZmodemTransferCoordinator.swift */ = {isa = PBXFileReference; includeInIndex = 1; lastKnownFileType = sourcecode.swift; path = ZmodemTransferCoordinator.swift; sourceTree = "<group>"; };
		050ABA7438A73FFC6B9D1B55 /* CoreText.framework */ = {isa = PBXFileReference; lastKnownFileType = wrapper.framework; name = CoreText.framework; path = Platforms/MacOSX.platform/Developer/SDKs/MacOSX10.15.sdk/System/Library/Frameworks/CoreText.framework; sourceTree = DEVELOPER_DIR; };
		05EEF991BFDDF5C1B418C540 /* AppKitCodeMirrorCoordinator.swift */ = {isa = PBXFileReference; includeInIndex = 1; lastKnownFileType = sourcecode.swift; name = AppKitCodeMirrorCoordinator.swift; path = Editor/AppKitCodeMirrorCoordinator.swift; sourceTree = "<group>"; };
		05FFEA82C740C9CFA2A76CF8 /* MockSSHClient.swift */ = {isa = PBXFileReference; includeInIndex = 1; lastKnownFileType = sourcecode.swift; name = MockSSHClient.swift; path = SSH/MockSSHClient.swift; sourceTree = "<group>"; };
		09645B89390C59DA640EBA0E /* RemoteTextEditorWindow.swift */ = {isa = PBXFileReference; includeInIndex = 1; lastKnownFileType = sourcecode.swift; path = RemoteTextEditorWindow.swift; sourceTree = "<group>"; };
		09B84EBF5E98CC6CBAB5814B /* FileTransferDiagnostics.swift */ = {isa = PBXFileReference; includeInIndex = 1; lastKnownFileType = sourcecode.swift; path = FileTransferDiagnostics.swift; sourceTree = "<group>"; };
		0AA6C9FFF79369DED5639B96 /* AppKit.framework */ = {isa = PBXFileReference; lastKnownFileType = wrapper.framework; name = AppKit.framework; path = Platforms/MacOSX.platform/Developer/SDKs/MacOSX10.15.sdk/System/Library/Frameworks/AppKit.framework; sourceTree = DEVELOPER_DIR; };
		0AB57D829C86524B0FA9A2C7 /* HostKeyStore.swift */ = {isa = PBXFileReference; includeInIndex = 1; lastKnownFileType = sourcecode.swift; name = HostKeyStore.swift; path = Security/HostKeyStore.swift; sourceTree = "<group>"; };
		0BE6ADD5E37384CCBC7B4F2F /* RemoteExtractSheet.swift */ = {isa = PBXFileReference; includeInIndex = 1; lastKnownFileType = sourcecode.swift; path = RemoteExtractSheet.swift; sourceTree = "<group>"; };
		1284270C26C2DF082CCBF3E9 /* AppAppearance.swift */ = {isa = PBXFileReference; includeInIndex = 1; lastKnownFileType = sourcecode.swift; path = AppAppearance.swift; sourceTree = "<group>"; };
		12C9598C59F1B683CBB4CF9F /* DockerLiveLogSheet.swift */ = {isa = PBXFileReference; includeInIndex = 1; lastKnownFileType = sourcecode.swift; path = DockerLiveLogSheet.swift; sourceTree = "<group>"; };
		12D86E3C28CA98DE78C2B071 /* ExtensionScriptRunner.swift */ = {isa = PBXFileReference; includeInIndex = 1; lastKnownFileType = sourcecode.swift; name = ExtensionScriptRunner.swift; path = Extensions/ExtensionScriptRunner.swift; sourceTree = "<group>"; };
		1355F9E73B2021EA929BBCD8 /* TerminalView.swift */ = {isa = PBXFileReference; includeInIndex = 1; lastKnownFileType = sourcecode.swift; path = TerminalView.swift; sourceTree = "<group>"; };
		14C294CBDC0E710AD60F04D4 /* EditorLanguage.swift */ = {isa = PBXFileReference; includeInIndex = 1; lastKnownFileType = sourcecode.swift; name = EditorLanguage.swift; path = Editor/EditorLanguage.swift; sourceTree = "<group>"; };
		163A09C9902504B594F006B2 /* ExtensionScript.swift */ = {isa = PBXFileReference; includeInIndex = 1; lastKnownFileType = sourcecode.swift; name = ExtensionScript.swift; path = Extensions/ExtensionScript.swift; sourceTree = "<group>"; };
		167C809D505DABC791249CBC /* Localizable.strings */ = {isa = PBXFileReference; includeInIndex = 1; lastKnownFileType = text.plist.strings; name = Localizable.strings; path = en.lproj/Localizable.strings; sourceTree = "<group>"; };
		18153AB7C71C33AED23E89CD /* EditorCommand.swift */ = {isa = PBXFileReference; includeInIndex = 1; lastKnownFileType = sourcecode.swift; name = EditorCommand.swift; path = Editor/EditorCommand.swift; sourceTree = "<group>"; };
		1888B09C418EFA70C05DD0AC /* RemoraSettingsSheet.swift */ = {isa = PBXFileReference; includeInIndex = 1; lastKnownFileType = sourcecode.swift; path = RemoraSettingsSheet.swift; sourceTree = "<group>"; };
		18AD1AAB2AA93C942D5B6CA2 /* RemoteLogViewerViewModel.swift */ = {isa = PBXFileReference; includeInIndex = 1; lastKnownFileType = sourcecode.swift; path = RemoteLogViewerViewModel.swift; sourceTree = "<group>"; };
		18F9300512782FE29E6DFD6C /* RemoteFileModels.swift */ = {isa = PBXFileReference; includeInIndex = 1; lastKnownFileType = sourcecode.swift; name = RemoteFileModels.swift; path = Models/RemoteFileModels.swift; sourceTree = "<group>"; };
		1B2356501820FE1FC9CD0D09 /* ExtensionScriptRunnerViewModel.swift */ = {isa = PBXFileReference; includeInIndex = 1; lastKnownFileType = sourcecode.swift; path = ExtensionScriptRunnerViewModel.swift; sourceTree = "<group>"; };
		1BF86D4388E3798A466298ED /* ArchiveSupport.swift */ = {isa = PBXFileReference; includeInIndex = 1; lastKnownFileType = sourcecode.swift; path = ArchiveSupport.swift; sourceTree = "<group>"; };
		1CBC23F9D3E4C5BEE962A6E7 /* Host.swift */ = {isa = PBXFileReference; includeInIndex = 1; lastKnownFileType = sourcecode.swift; name = Host.swift; path = Models/Host.swift; sourceTree = "<group>"; };
		1DF6CAD2ADF26F63B4002D56 /* QuickCommandExecution.swift */ = {isa = PBXFileReference; includeInIndex = 1; lastKnownFileType = sourcecode.swift; path = QuickCommandExecution.swift; sourceTree = "<group>"; };
		1FBABDC5548FCED1103C19ED /* SSHControlMasterCleanup.swift */ = {isa = PBXFileReference; includeInIndex = 1; lastKnownFileType = sourcecode.swift; name = SSHControlMasterCleanup.swift; path = SSH/SSHControlMasterCleanup.swift; sourceTree = "<group>"; };
		22C2385959B4ABEEC1D53603 /* OpenSSHLaunchBuilder.swift */ = {isa = PBXFileReference; includeInIndex = 1; lastKnownFileType = sourcecode.swift; name = OpenSSHLaunchBuilder.swift; path = SSH/OpenSSHLaunchBuilder.swift; sourceTree = "<group>"; };
		25B4C4512280E636F36E00D4 /* AISettingsStore.swift */ = {isa = PBXFileReference; includeInIndex = 1; lastKnownFileType = sourcecode.swift; path = AISettingsStore.swift; sourceTree = "<group>"; };
		25D367A88F47FFE824ADE138 /* ContentViewLayout.swift */ = {isa = PBXFileReference; includeInIndex = 1; lastKnownFileType = sourcecode.swift; path = ContentViewLayout.swift; sourceTree = "<group>"; };
		29A2A467E0323D61F2E54C59 /* DisconnectedSFTPClient.swift */ = {isa = PBXFileReference; includeInIndex = 1; lastKnownFileType = sourcecode.swift; name = DisconnectedSFTPClient.swift; path = SFTP/DisconnectedSFTPClient.swift; sourceTree = "<group>"; };
		29D0A1A4024593D47E75E5E8 /* FileManagerWorkspaceWindow.swift */ = {isa = PBXFileReference; includeInIndex = 1; lastKnownFileType = sourcecode.swift; path = FileManagerWorkspaceWindow.swift; sourceTree = "<group>"; };
		2AB97528B31846E787456327 /* RemoteFilePropertiesViewModel.swift */ = {isa = PBXFileReference; includeInIndex = 1; lastKnownFileType = sourcecode.swift; path = RemoteFilePropertiesViewModel.swift; sourceTree = "<group>"; };
		2AE5070DF8F1BACBF64F8502 /* RemoraJSONFileStore.swift */ = {isa = PBXFileReference; includeInIndex = 1; lastKnownFileType = sourcecode.swift; name = RemoraJSONFileStore.swift; path = Config/RemoraJSONFileStore.swift; sourceTree = "<group>"; };
		2EA8680232AC7375E26681C8 /* Security.framework */ = {isa = PBXFileReference; lastKnownFileType = wrapper.framework; name = Security.framework; path = Platforms/MacOSX.platform/Developer/SDKs/MacOSX10.15.sdk/System/Library/Frameworks/Security.framework; sourceTree = DEVELOPER_DIR; };
		33DA22C19693F0FD1A238EF6 /* TerminalAIComposerInputView.swift */ = {isa = PBXFileReference; includeInIndex = 1; lastKnownFileType = sourcecode.swift; path = TerminalAIComposerInputView.swift; sourceTree = "<group>"; };
		38720B53D995BDD8BBE8FA7E /* ExtensionScriptAppStore.swift */ = {isa = PBXFileReference; includeInIndex = 1; lastKnownFileType = sourcecode.swift; path = ExtensionScriptAppStore.swift; sourceTree = "<group>"; };
		3A34E98239B9982DE172ED50 /* TerminalRuntime.swift */ = {isa = PBXFileReference; includeInIndex = 1; lastKnownFileType = sourcecode.swift; path = TerminalRuntime.swift; sourceTree = "<group>"; };
		3AF1905054354138FEBBF7D0 /* FileManagerWindowSplitController.swift */ = {isa = PBXFileReference; includeInIndex = 1; lastKnownFileType = sourcecode.swift; path = FileManagerWindowSplitController.swift; sourceTree = "<group>"; };
		3E582737409858B6FCA7CDDD /* FileManagerContextMenuPolicy.swift */ = {isa = PBXFileReference; includeInIndex = 1; lastKnownFileType = sourcecode.swift; path = FileManagerContextMenuPolicy.swift; sourceTree = "<group>"; };
		3F8F1FF2C63B6052D1742F3F /* libRemoraTerminal.a */ = {isa = PBXFileReference; explicitFileType = archive.ar; includeInIndex = 0; path = libRemoraTerminal.a; sourceTree = BUILT_PRODUCTS_DIR; };
		411B5C5E8736B71B36BF946A /* HostCatalog.swift */ = {isa = PBXFileReference; includeInIndex = 1; lastKnownFileType = sourcecode.swift; path = HostCatalog.swift; sourceTree = "<group>"; };
		449BB6520E746B0B46777717 /* LocalShellClient.swift */ = {isa = PBXFileReference; includeInIndex = 1; lastKnownFileType = sourcecode.swift; name = LocalShellClient.swift; path = SSH/LocalShellClient.swift; sourceTree = "<group>"; };
		45FAEE768AC14B96225135B5 /* ServerMetricsPanel.swift */ = {isa = PBXFileReference; includeInIndex = 1; lastKnownFileType = sourcecode.swift; path = ServerMetricsPanel.swift; sourceTree = "<group>"; };
		46DDD2147A1C8A1B4C51D3E5 /* FileTransferViewModel.swift */ = {isa = PBXFileReference; includeInIndex = 1; lastKnownFileType = sourcecode.swift; path = FileTransferViewModel.swift; sourceTree = "<group>"; };
		4775A6C8A3F788339F14C510 /* package_macos.sh */ = {isa = PBXFileReference; includeInIndex = 1; lastKnownFileType = text.script.sh; name = package_macos.sh; path = scripts/package_macos.sh; sourceTree = "<group>"; };
		489F8E0A214251E52DD29A9A /* FileManagerDownloadsPopoverView.swift */ = {isa = PBXFileReference; includeInIndex = 1; lastKnownFileType = sourcecode.swift; path = FileManagerDownloadsPopoverView.swift; sourceTree = "<group>"; };
		48F4AF747C6F02850BCC3AB9 /* SessionManager.swift */ = {isa = PBXFileReference; includeInIndex = 1; lastKnownFileType = sourcecode.swift; name = SessionManager.swift; path = Session/SessionManager.swift; sourceTree = "<group>"; };
		490260E6A6B049588067C1A0 /* SFTPProtocols.swift */ = {isa = PBXFileReference; includeInIndex = 1; lastKnownFileType = sourcecode.swift; name = SFTPProtocols.swift; path = Protocols/SFTPProtocols.swift; sourceTree = "<group>"; };
		4A96A8AC81C968089398C912 /* HostCatalogPersistence.swift */ = {isa = PBXFileReference; includeInIndex = 1; lastKnownFileType = sourcecode.swift; path = HostCatalogPersistence.swift; sourceTree = "<group>"; };
		4CA11D940673FE853FADBD99 /* TerminalAIAssistantView.swift */ = {isa = PBXFileReference; includeInIndex = 1; lastKnownFileType = sourcecode.swift; path = TerminalAIAssistantView.swift; sourceTree = "<group>"; };
		4E0361671648B140F0A6F4FE /* WorkspaceViewModel.swift */ = {isa = PBXFileReference; includeInIndex = 1; lastKnownFileType = sourcecode.swift; path = WorkspaceViewModel.swift; sourceTree = "<group>"; };
		4E9D099EBEF899586DDFB862 /* RemoteLiveLogWindow.swift */ = {isa = PBXFileReference; includeInIndex = 1; lastKnownFileType = sourcecode.swift; path = RemoteLiveLogWindow.swift; sourceTree = "<group>"; };
		4FFFF71EC0EE0BF25E151E05 /* MockSFTPClient.swift */ = {isa = PBXFileReference; includeInIndex = 1; lastKnownFileType = sourcecode.swift; name = MockSFTPClient.swift; path = SFTP/MockSFTPClient.swift; sourceTree = "<group>"; };
		500595A59A983E5D71514B2D /* ViewScreenAnchorRegistry.swift */ = {isa = PBXFileReference; includeInIndex = 1; lastKnownFileType = sourcecode.swift; path = ViewScreenAnchorRegistry.swift; sourceTree = "<group>"; };
		52B01247DE368DF73937ABDE /* HostPasswordStorage.swift */ = {isa = PBXFileReference; includeInIndex = 1; lastKnownFileType = sourcecode.swift; path = HostPasswordStorage.swift; sourceTree = "<group>"; };
		57994217ECAC607D9E45D3C2 /* RemoteListSelection.swift */ = {isa = PBXFileReference; includeInIndex = 1; lastKnownFileType = sourcecode.swift; path = RemoteListSelection.swift; sourceTree = "<group>"; };
		5A29C126EFA0CDBAE4BCCD73 /* HostConnectionImporter.swift */ = {isa = PBXFileReference; includeInIndex = 1; lastKnownFileType = sourcecode.swift; path = HostConnectionImporter.swift; sourceTree = "<group>"; };
		5B67EA56144AA8EB1AE09086 /* TerminalPaneView.swift */ = {isa = PBXFileReference; includeInIndex = 1; lastKnownFileType = sourcecode.swift; path = TerminalPaneView.swift; sourceTree = "<group>"; };
		5EE07061D991DCF91815778D /* SwiftUI.framework */ = {isa = PBXFileReference; lastKnownFileType = wrapper.framework; name = SwiftUI.framework; path = Platforms/MacOSX.platform/Developer/SDKs/MacOSX10.15.sdk/System/Library/Frameworks/SwiftUI.framework; sourceTree = DEVELOPER_DIR; };
		5EE1344B1134FBC886E39E2D /* DockerModels.swift */ = {isa = PBXFileReference; includeInIndex = 1; lastKnownFileType = sourcecode.swift; path = DockerModels.swift; sourceTree = "<group>"; };
		6161A2852E5BBBCEFDCC2873 /* TerminalAIModels.swift */ = {isa = PBXFileReference; includeInIndex = 1; lastKnownFileType = sourcecode.swift; path = TerminalAIModels.swift; sourceTree = "<group>"; };
		61C1A1276BD1E965C11907DD /* ServerMonitoringSortOrder.swift */ = {isa = PBXFileReference; includeInIndex = 1; lastKnownFileType = sourcecode.swift; path = ServerMonitoringSortOrder.swift; sourceTree = "<group>"; };
		626BFB254D9E5C36B71081A7 /* FileManagerWindowToolbar.swift */ = {isa = PBXFileReference; includeInIndex = 1; lastKnownFileType = sourcecode.swift; path = FileManagerWindowToolbar.swift; sourceTree = "<group>"; };
		662AB393EC51E7B09372ADE3 /* AppKeyboardShortcuts.swift */ = {isa = PBXFileReference; includeInIndex = 1; lastKnownFileType = sourcecode.swift; path = AppKeyboardShortcuts.swift; sourceTree = "<group>"; };
		68EDD45A6C343384DFEA3AFF /* ExtensionScriptStore.swift */ = {isa = PBXFileReference; includeInIndex = 1; lastKnownFileType = sourcecode.swift; name = ExtensionScriptStore.swift; path = Extensions/ExtensionScriptStore.swift; sourceTree = "<group>"; };
		69731E85F679A9B4B45BF743 /* UpdateChecker.strings */ = {isa = PBXFileReference; includeInIndex = 1; lastKnownFileType = text.plist.strings; name = UpdateChecker.strings; path = "zh-Hans.lproj/UpdateChecker.strings"; sourceTree = "<group>"; };
		6A28A47386D5F18187871610 /* HostConnectionImportSource.swift */ = {isa = PBXFileReference; includeInIndex = 1; lastKnownFileType = sourcecode.swift; path = HostConnectionImportSource.swift; sourceTree = "<group>"; };
		6A812B71048C243B8C802AA0 /* ZmodemSendEngine.swift */ = {isa = PBXFileReference; includeInIndex = 1; lastKnownFileType = sourcecode.swift; name = ZmodemSendEngine.swift; path = ZModem/ZmodemSendEngine.swift; sourceTree = "<group>"; };
		6A8E715058B3FAD940D75B75 /* Cocoa.framework */ = {isa = PBXFileReference; lastKnownFileType = wrapper.framework; name = Cocoa.framework; path = Platforms/MacOSX.platform/Developer/SDKs/MacOSX10.15.sdk/System/Library/Frameworks/Cocoa.framework; sourceTree = DEVELOPER_DIR; };
		6B49E2C7D478024171987380 /* AISettings.swift */ = {isa = PBXFileReference; includeInIndex = 1; lastKnownFileType = sourcecode.swift; path = AISettings.swift; sourceTree = "<group>"; };
		6C4342E5EF67CD755C81B446 /* ZmodemEngine.swift */ = {isa = PBXFileReference; includeInIndex = 1; lastKnownFileType = sourcecode.swift; name = ZmodemEngine.swift; path = ZModem/ZmodemEngine.swift; sourceTree = "<group>"; };
		6E62BA1426ED9330E9E4D31B /* ExtensionScriptViews.swift */ = {isa = PBXFileReference; includeInIndex = 1; lastKnownFileType = sourcecode.swift; path = ExtensionScriptViews.swift; sourceTree = "<group>"; };
		6FC0BC2014ABCA4599596585 /* SessionMetricsTooltip.swift */ = {isa = PBXFileReference; includeInIndex = 1; lastKnownFileType = sourcecode.swift; path = SessionMetricsTooltip.swift; sourceTree = "<group>"; };
		6FD2AE305BD8B6FB237AE721 /* OpenSSHRemoteShellIntegrationInstaller.swift */ = {isa = PBXFileReference; includeInIndex = 1; lastKnownFileType = sourcecode.swift; name = OpenSSHRemoteShellIntegrationInstaller.swift; path = SSH/OpenSSHRemoteShellIntegrationInstaller.swift; sourceTree = "<group>"; };
		706802D85D6DF3DF9CADDDAB /* ByteSizeFormatter.swift */ = {isa = PBXFileReference; includeInIndex = 1; lastKnownFileType = sourcecode.swift; path = ByteSizeFormatter.swift; sourceTree = "<group>"; };
		711E0A36C081DED0E01EF6F3 /* RemoraEditorCoordinator.swift */ = {isa = PBXFileReference; includeInIndex = 1; lastKnownFileType = sourcecode.swift; name = RemoraEditorCoordinator.swift; path = Editor/RemoraEditorCoordinator.swift; sourceTree = "<group>"; };
		72426CE981BC38A3E01E476D /* SystemSFTPClient.swift */ = {isa = PBXFileReference; includeInIndex = 1; lastKnownFileType = sourcecode.swift; name = SystemSFTPClient.swift; path = SFTP/SystemSFTPClient.swift; sourceTree = "<group>"; };
		73E077693155A24811910DDC /* ConnectionInfoPasswordCopyConsentGate.swift */ = {isa = PBXFileReference; includeInIndex = 1; lastKnownFileType = sourcecode.swift; path = ConnectionInfoPasswordCopyConsentGate.swift; sourceTree = "<group>"; };
		74847D3C6383895D773B57FD /* WebEditor */ = {isa = PBXFileReference; includeInIndex = 1; path = WebEditor; sourceTree = "<group>"; };
		7772ACFBAF1E0507AF36D5A3 /* RemoraEditorWebView.swift */ = {isa = PBXFileReference; includeInIndex = 1; lastKnownFileType = sourcecode.swift; name = RemoraEditorWebView.swift; path = Editor/RemoraEditorWebView.swift; sourceTree = "<group>"; };
		779DC75618792B76DC79F7C3 /* HostConnectionClipboardBuilder.swift */ = {isa = PBXFileReference; includeInIndex = 1; lastKnownFileType = sourcecode.swift; path = HostConnectionClipboardBuilder.swift; sourceTree = "<group>"; };
		7862A0A16198D697CF3FBDC8 /* DockerPanelView.swift */ = {isa = PBXFileReference; includeInIndex = 1; lastKnownFileType = sourcecode.swift; path = DockerPanelView.swift; sourceTree = "<group>"; };
		7C1D4C94A3CC2313F1E9CF84 /* ContentViewSidebarComponents.swift */ = {isa = PBXFileReference; includeInIndex = 1; lastKnownFileType = sourcecode.swift; path = ContentViewSidebarComponents.swift; sourceTree = "<group>"; };
		7C4F57D0EDAA0CE82D3260F0 /* ContentView.swift */ = {isa = PBXFileReference; includeInIndex = 1; lastKnownFileType = sourcecode.swift; path = ContentView.swift; sourceTree = "<group>"; };
		7E7D57E3FCC756A86860DA59 /* TerminalPromptBoundaryProcessor.swift */ = {isa = PBXFileReference; includeInIndex = 1; lastKnownFileType = sourcecode.swift; path = TerminalPromptBoundaryProcessor.swift; sourceTree = "<group>"; };
		81D6B3A08A6CE58437224B4C /* TerminalAIAssistantCoordinator.swift */ = {isa = PBXFileReference; includeInIndex = 1; lastKnownFileType = sourcecode.swift; path = TerminalAIAssistantCoordinator.swift; sourceTree = "<group>"; };
		836A2114ED8883CFB44D0E65 /* AppSettings.swift */ = {isa = PBXFileReference; includeInIndex = 1; lastKnownFileType = sourcecode.swift; path = AppSettings.swift; sourceTree = "<group>"; };
		86A88ED194469491EC34E5C3 /* FileManagerLegacyFormatting.swift */ = {isa = PBXFileReference; includeInIndex = 1; lastKnownFileType = sourcecode.swift; path = FileManagerLegacyFormatting.swift; sourceTree = "<group>"; };
		86E31FB9F7092461E0830ABD /* SystemSSHClient.swift */ = {isa = PBXFileReference; includeInIndex = 1; lastKnownFileType = sourcecode.swift; name = SystemSSHClient.swift; path = SSH/SystemSSHClient.swift; sourceTree = "<group>"; };
		8716DCD8F0624D7BFFD9AFEC /* RemoraAppMain.swift */ = {isa = PBXFileReference; includeInIndex = 1; lastKnownFileType = sourcecode.swift; path = RemoraAppMain.swift; sourceTree = "<group>"; };
		88158B603A8EE38647593689 /* TerminalAIService.swift */ = {isa = PBXFileReference; includeInIndex = 1; lastKnownFileType = sourcecode.swift; path = TerminalAIService.swift; sourceTree = "<group>"; };
		8A13A2075078542B2E2ABCB5 /* L10n.swift */ = {isa = PBXFileReference; includeInIndex = 1; lastKnownFileType = sourcecode.swift; path = L10n.swift; sourceTree = "<group>"; };
		8C0D2FEBC7E7BBE0D8AADC56 /* ServerStatusWindow.swift */ = {isa = PBXFileReference; includeInIndex = 1; lastKnownFileType = sourcecode.swift; path = ServerStatusWindow.swift; sourceTree = "<group>"; };
		8CBBE3F97380E3687E952E6C /* AppKitCodeMirrorEditorViewController.swift */ = {isa = PBXFileReference; includeInIndex = 1; lastKnownFileType = sourcecode.swift; name = AppKitCodeMirrorEditorViewController.swift; path = Editor/AppKitCodeMirrorEditorViewController.swift; sourceTree = "<group>"; };
		8D69EC970FFC556A56C08AE2 /* SSHProtocols.swift */ = {isa = PBXFileReference; includeInIndex = 1; lastKnownFileType = sourcecode.swift; name = SSHProtocols.swift; path = Protocols/SSHProtocols.swift; sourceTree = "<group>"; };
		9328B4C3FC554198EFFBD44E /* RingByteBuffer.swift */ = {isa = PBXFileReference; includeInIndex = 1; lastKnownFileType = sourcecode.swift; name = RingByteBuffer.swift; path = IO/RingByteBuffer.swift; sourceTree = "<group>"; };
		939F5271313D71C2E29729BA /* FocusableCodeMirrorWebView.swift */ = {isa = PBXFileReference; includeInIndex = 1; lastKnownFileType = sourcecode.swift; name = FocusableCodeMirrorWebView.swift; path = Editor/FocusableCodeMirrorWebView.swift; sourceTree = "<group>"; };
		93A2AD67DAA0C91B5B166422 /* libRemoraCore.a */ = {isa = PBXFileReference; explicitFileType = archive.ar; includeInIndex = 0; path = libRemoraCore.a; sourceTree = BUILT_PRODUCTS_DIR; };
		949BACA508CF614248187942 /* RemoteLogViewerSheet.swift */ = {isa = PBXFileReference; includeInIndex = 1; lastKnownFileType = sourcecode.swift; path = RemoteLogViewerSheet.swift; sourceTree = "<group>"; };
		95D170E9C8D22C4F0F334266 /* TransferQueuePresentationState.swift */ = {isa = PBXFileReference; includeInIndex = 1; lastKnownFileType = sourcecode.swift; path = TransferQueuePresentationState.swift; sourceTree = "<group>"; };
		96B2DCDE8DD3024E022F6956 /* TransferCenter.swift */ = {isa = PBXFileReference; includeInIndex = 1; lastKnownFileType = sourcecode.swift; path = TransferCenter.swift; sourceTree = "<group>"; };
		98C36B32E87A761189DCF910 /* UpdateChecker.strings */ = {isa = PBXFileReference; includeInIndex = 1; lastKnownFileType = text.plist.strings; name = UpdateChecker.strings; path = en.lproj/UpdateChecker.strings; sourceTree = "<group>"; };
		9BA37BE61143167554F6ACEE /* ZmodemDetector.swift */ = {isa = PBXFileReference; includeInIndex = 1; lastKnownFileType = sourcecode.swift; name = ZmodemDetector.swift; path = ZModem/ZmodemDetector.swift; sourceTree = "<group>"; };
		A1F6E38B38CACEAE129EC835 /* SessionManagerProtocol.swift */ = {isa = PBXFileReference; includeInIndex = 1; lastKnownFileType = sourcecode.swift; name = SessionManagerProtocol.swift; path = Protocols/SessionManagerProtocol.swift; sourceTree = "<group>"; };
		A2210873FB85D6099C72A796 /* TerminalSmartAssistNotificationState.swift */ = {isa = PBXFileReference; includeInIndex = 1; lastKnownFileType = sourcecode.swift; path = TerminalSmartAssistNotificationState.swift; sourceTree = "<group>"; };
		A2714D31BB99EB540075D294 /* RemoteDropRouting.swift */ = {isa = PBXFileReference; includeInIndex = 1; lastKnownFileType = sourcecode.swift; path = RemoteDropRouting.swift; sourceTree = "<group>"; };
		A4821F40CFDB94EFA94535CD /* ContextMenuPresentation.swift */ = {isa = PBXFileReference; includeInIndex = 1; lastKnownFileType = sourcecode.swift; path = ContextMenuPresentation.swift; sourceTree = "<group>"; };
		A6D29552647CDDDBDD71AFCE /* EditorDocumentDescriptor.swift */ = {isa = PBXFileReference; includeInIndex = 1; lastKnownFileType = sourcecode.swift; name = EditorDocumentDescriptor.swift; path = Editor/EditorDocumentDescriptor.swift; sourceTree = "<group>"; };
		A72E7B80A26FDDDF9A5098D7 /* EditorBridge.swift */ = {isa = PBXFileReference; includeInIndex = 1; lastKnownFileType = sourcecode.swift; name = EditorBridge.swift; path = Editor/EditorBridge.swift; sourceTree = "<group>"; };
		A7E42679624AA7807E0DD9E4 /* SSHConnectionReuse.swift */ = {isa = PBXFileReference; includeInIndex = 1; lastKnownFileType = sourcecode.swift; name = SSHConnectionReuse.swift; path = SSH/SSHConnectionReuse.swift; sourceTree = "<group>"; };
		AC69D28DF722DE49A9590489 /* ZmodemConstants.swift */ = {isa = PBXFileReference; includeInIndex = 1; lastKnownFileType = sourcecode.swift; name = ZmodemConstants.swift; path = ZModem/ZmodemConstants.swift; sourceTree = "<group>"; };
		AE44E1152829492B003CBC9B /* AppLanguage.swift */ = {isa = PBXFileReference; includeInIndex = 1; lastKnownFileType = sourcecode.swift; path = AppLanguage.swift; sourceTree = "<group>"; };
		AF9330B7C6B699128C2F1D24 /* RemoteTextEditorViewModel.swift */ = {isa = PBXFileReference; includeInIndex = 1; lastKnownFileType = sourcecode.swift; path = RemoteTextEditorViewModel.swift; sourceTree = "<group>"; };
		B2813F399C947D7270287C79 /* RemoraConfigPaths.swift */ = {isa = PBXFileReference; includeInIndex = 1; lastKnownFileType = sourcecode.swift; name = RemoraConfigPaths.swift; path = Config/RemoraConfigPaths.swift; sourceTree = "<group>"; };
		B44F54C2622F1C35E1E88990 /* VisualStyle.swift */ = {isa = PBXFileReference; includeInIndex = 1; lastKnownFileType = sourcecode.swift; path = VisualStyle.swift; sourceTree = "<group>"; };
		B6D6759FF22A4DCC634706CF /* LocalizationHelpers.swift */ = {isa = PBXFileReference; includeInIndex = 1; lastKnownFileType = sourcecode.swift; path = LocalizationHelpers.swift; sourceTree = "<group>"; };
		B6F7A4EFA07F7DE2B1919B46 /* Assets.xcassets */ = {isa = PBXFileReference; includeInIndex = 1; lastKnownFileType = folder.assetcatalog; path = Assets.xcassets; sourceTree = "<group>"; };
		B77733A109DDA979C644BFFC /* PortForwardCenter.swift */ = {isa = PBXFileReference; includeInIndex = 1; lastKnownFileType = sourcecode.swift; path = PortForwardCenter.swift; sourceTree = "<group>"; };
		B91B733D3F84D043F081EEFA /* HostConnectionExporter.swift */ = {isa = PBXFileReference; includeInIndex = 1; lastKnownFileType = sourcecode.swift; path = HostConnectionExporter.swift; sourceTree = "<group>"; };
		C1A0D17F9E3196B4F31E267B /* DockerWorkspaceWindow.swift */ = {isa = PBXFileReference; includeInIndex = 1; lastKnownFileType = sourcecode.swift; path = DockerWorkspaceWindow.swift; sourceTree = "<group>"; };
		C1C8FC52F5D5A2466053758D /* CrossWindowFlyAnimator.swift */ = {isa = PBXFileReference; includeInIndex = 1; lastKnownFileType = sourcecode.swift; path = CrossWindowFlyAnimator.swift; sourceTree = "<group>"; };
		C203C082A9BDAEE9AE8D7C19 /* TerminalSessionDescriptor.swift */ = {isa = PBXFileReference; includeInIndex = 1; lastKnownFileType = sourcecode.swift; name = TerminalSessionDescriptor.swift; path = Models/TerminalSessionDescriptor.swift; sourceTree = "<group>"; };
		C38EA31BE66741B17E847B76 /* DockerCommandService.swift */ = {isa = PBXFileReference; includeInIndex = 1; lastKnownFileType = sourcecode.swift; path = DockerCommandService.swift; sourceTree = "<group>"; };
		C5528A14E53E58DD72FE1054 /* EditorEvent.swift */ = {isa = PBXFileReference; includeInIndex = 1; lastKnownFileType = sourcecode.swift; name = EditorEvent.swift; path = Editor/EditorEvent.swift; sourceTree = "<group>"; };
		C7690A71B8A82D68B7A9E706 /* AppPreferences.swift */ = {isa = PBXFileReference; includeInIndex = 1; lastKnownFileType = sourcecode.swift; path = AppPreferences.swift; sourceTree = "<group>"; };
		C82CD16194F7F5A16530A666 /* UpdateChecker.swift */ = {isa = PBXFileReference; includeInIndex = 1; lastKnownFileType = sourcecode.swift; path = UpdateChecker.swift; sourceTree = "<group>"; };
		C93FD86F2B7089423F3AC840 /* ServerMetricsCenter.swift */ = {isa = PBXFileReference; includeInIndex = 1; lastKnownFileType = sourcecode.swift; path = ServerMetricsCenter.swift; sourceTree = "<group>"; };
		CAD272874691222B7EC41CA4 /* OpenSSHPortForwardClient.swift */ = {isa = PBXFileReference; includeInIndex = 1; lastKnownFileType = sourcecode.swift; name = OpenSSHPortForwardClient.swift; path = SSH/OpenSSHPortForwardClient.swift; sourceTree = "<group>"; };
		CC3B8955E61D51AA5E0E889F /* ContentViewActions.swift */ = {isa = PBXFileReference; includeInIndex = 1; lastKnownFileType = sourcecode.swift; path = ContentViewActions.swift; sourceTree = "<group>"; };
		D04B86E6565BB5A66C32DD13 /* CredentialStore.swift */ = {isa = PBXFileReference; includeInIndex = 1; lastKnownFileType = sourcecode.swift; name = CredentialStore.swift; path = Security/CredentialStore.swift; sourceTree = "<group>"; };
		D0DFD92F3ADF45C246A5D997 /* TerminalViewRepresentable.swift */ = {isa = PBXFileReference; includeInIndex = 1; lastKnownFileType = sourcecode.swift; path = TerminalViewRepresentable.swift; sourceTree = "<group>"; };
		D56B5D80B67D59EA83EA5C43 /* RemoraEditorView.swift */ = {isa = PBXFileReference; includeInIndex = 1; lastKnownFileType = sourcecode.swift; name = RemoraEditorView.swift; path = Editor/RemoraEditorView.swift; sourceTree = "<group>"; };
		D65666C0ED52C9B14F1B10A9 /* ContentViewSessionComponents.swift */ = {isa = PBXFileReference; includeInIndex = 1; lastKnownFileType = sourcecode.swift; path = ContentViewSessionComponents.swift; sourceTree = "<group>"; };
		DDE0F870054867A1F91E825B /* LogManager.swift */ = {isa = PBXFileReference; includeInIndex = 1; lastKnownFileType = sourcecode.swift; path = LogManager.swift; sourceTree = "<group>"; };
		DE540D733FB029FD5BC41580 /* PerformanceMetrics.swift */ = {isa = PBXFileReference; includeInIndex = 1; lastKnownFileType = sourcecode.swift; name = PerformanceMetrics.swift; path = Metrics/PerformanceMetrics.swift; sourceTree = "<group>"; };
		DEDBE99CD2EE258AE866B3EE /* ContentViewSupport.swift */ = {isa = PBXFileReference; includeInIndex = 1; lastKnownFileType = sourcecode.swift; path = ContentViewSupport.swift; sourceTree = "<group>"; };
		E2E33E9D7F0DE6DA41E5228B /* RemoteFilePropertiesSheet.swift */ = {isa = PBXFileReference; includeInIndex = 1; lastKnownFileType = sourcecode.swift; path = RemoteFilePropertiesSheet.swift; sourceTree = "<group>"; };
		E7612966A592EEA91CA1D810 /* TerminalDirectorySyncBridge.swift */ = {isa = PBXFileReference; includeInIndex = 1; lastKnownFileType = sourcecode.swift; path = TerminalDirectorySyncBridge.swift; sourceTree = "<group>"; };
		EAA46BCB10EBF4247FC68130 /* Localizable.strings */ = {isa = PBXFileReference; includeInIndex = 1; lastKnownFileType = text.plist.strings; name = Localizable.strings; path = "zh-Hans.lproj/Localizable.strings"; sourceTree = "<group>"; };
		EAA976D5BEFBFF388182865B /* MirroredRemoraEditorView.swift */ = {isa = PBXFileReference; includeInIndex = 1; lastKnownFileType = sourcecode.swift; name = MirroredRemoraEditorView.swift; path = Editor/MirroredRemoraEditorView.swift; sourceTree = "<group>"; };
		EAD96C63BC7F65815C5FA1C9 /* QuartzCore.framework */ = {isa = PBXFileReference; lastKnownFileType = wrapper.framework; name = QuartzCore.framework; path = Platforms/MacOSX.platform/Developer/SDKs/MacOSX10.15.sdk/System/Library/Frameworks/QuartzCore.framework; sourceTree = DEVELOPER_DIR; };
		ECCAFCBF4A158FE210F794E0 /* SSHCompatibilityProfile.swift */ = {isa = PBXFileReference; includeInIndex = 1; lastKnownFileType = sourcecode.swift; name = SSHCompatibilityProfile.swift; path = SSH/SSHCompatibilityProfile.swift; sourceTree = "<group>"; };
		EDC58C9CE6721F756E31F8FA /* ContentViewSheets.swift */ = {isa = PBXFileReference; includeInIndex = 1; lastKnownFileType = sourcecode.swift; path = ContentViewSheets.swift; sourceTree = "<group>"; };
		EFB1BEA66CB4E1100C2C51FD /* RemotePermissionsEditorSheet.swift */ = {isa = PBXFileReference; includeInIndex = 1; lastKnownFileType = sourcecode.swift; path = RemotePermissionsEditorSheet.swift; sourceTree = "<group>"; };
		EFD0F308C8572C96426CCE52 /* Remora.app */ = {isa = PBXFileReference; explicitFileType = wrapper.application; includeInIndex = 0; path = Remora.app; sourceTree = BUILT_PRODUCTS_DIR; };
		F057FC134331B0EFA85C657E /* RemotePermissionsEditorViewModel.swift */ = {isa = PBXFileReference; includeInIndex = 1; lastKnownFileType = sourcecode.swift; path = RemotePermissionsEditorViewModel.swift; sourceTree = "<group>"; };
		F42BF66C272C44631162CC46 /* ZmodemFrame.swift */ = {isa = PBXFileReference; includeInIndex = 1; lastKnownFileType = sourcecode.swift; name = ZmodemFrame.swift; path = ZModem/ZmodemFrame.swift; sourceTree = "<group>"; };
		F8A6B667195D0DE429D8A46C /* RemoteCompressSheet.swift */ = {isa = PBXFileReference; includeInIndex = 1; lastKnownFileType = sourcecode.swift; path = RemoteCompressSheet.swift; sourceTree = "<group>"; };
		FC3677563A7B0052EAFD80EB /* DockerPanelViewModel.swift */ = {isa = PBXFileReference; includeInIndex = 1; lastKnownFileType = sourcecode.swift; path = DockerPanelViewModel.swift; sourceTree = "<group>"; };
/* End PBXFileReference section */

/* Begin PBXFrameworksBuildPhase section */
		1A603A8B83AFB94A79E64AA3 /* Frameworks */ = {
			isa = PBXFrameworksBuildPhase;
			buildActionMask = 2147483647;
			files = (
				44EF710155BE5EE1BBFF10D0 /* Cocoa.framework in Frameworks */,
				CA4123221C61B9A7FC8BE436 /* libRemoraCore.a in Frameworks */,
				F83779964271E6AB6C44D0D6 /* libRemoraTerminal.a in Frameworks */,
				08B2A551028A7601AA1263AC /* SwiftTerm in Frameworks */,
				F9063BB3CD24BB397C585946 /* SwiftUI.framework in Frameworks */,
				F5C362D7124EED3C7EF5D71A /* AppKit.framework in Frameworks */,
			);
			runOnlyForDeploymentPostprocessing = 0;
		};
		243BC38C6236F0701F5B91D5 /* Frameworks */ = {
			isa = PBXFrameworksBuildPhase;
			buildActionMask = 2147483647;
			files = (
				0CBE6D075B12B21A6523DF3F /* libRemoraCore.a in Frameworks */,
				FF55E10FA85F7E5DD1F0523D /* SwiftTerm in Frameworks */,
				3049D7E54F628790228678FE /* AppKit.framework in Frameworks */,
				E6F3D858550920F14CD97CBD /* CoreText.framework in Frameworks */,
				AD61F3ED0C636DDCDA54575B /* QuartzCore.framework in Frameworks */,
			);
			runOnlyForDeploymentPostprocessing = 0;
		};
		D108AF6FF83F5E6C4EF7E083 /* Frameworks */ = {
			isa = PBXFrameworksBuildPhase;
			buildActionMask = 2147483647;
			files = (
				9D07DEB220ABD6F02DF632F4 /* Security.framework in Frameworks */,
			);
			runOnlyForDeploymentPostprocessing = 0;
		};
/* End PBXFrameworksBuildPhase section */

/* Begin PBXGroup section */
		22B111126908AD85A55C7DF6 /* Resources */ = {
			isa = PBXGroup;
			children = (
				B6F7A4EFA07F7DE2B1919B46 /* Assets.xcassets */,
			);
			name = Resources;
			path = Resources;
			sourceTree = "<group>";
		};
		24E546A029587BE997DF25D4 /* RemoraApp */ = {
			isa = PBXGroup;
			children = (
				79C65E7D68707EA00479AE4D /* Resources */,
				6B49E2C7D478024171987380 /* AISettings.swift */,
				25B4C4512280E636F36E00D4 /* AISettingsStore.swift */,
				1284270C26C2DF082CCBF3E9 /* AppAppearance.swift */,
				662AB393EC51E7B09372ADE3 /* AppKeyboardShortcuts.swift */,
				AE44E1152829492B003CBC9B /* AppLanguage.swift */,
				C7690A71B8A82D68B7A9E706 /* AppPreferences.swift */,
				836A2114ED8883CFB44D0E65 /* AppSettings.swift */,
				1BF86D4388E3798A466298ED /* ArchiveSupport.swift */,
				706802D85D6DF3DF9CADDDAB /* ByteSizeFormatter.swift */,
				73E077693155A24811910DDC /* ConnectionInfoPasswordCopyConsentGate.swift */,
				7C4F57D0EDAA0CE82D3260F0 /* ContentView.swift */,
				CC3B8955E61D51AA5E0E889F /* ContentViewActions.swift */,
				25D367A88F47FFE824ADE138 /* ContentViewLayout.swift */,
				D65666C0ED52C9B14F1B10A9 /* ContentViewSessionComponents.swift */,
				EDC58C9CE6721F756E31F8FA /* ContentViewSheets.swift */,
				7C1D4C94A3CC2313F1E9CF84 /* ContentViewSidebarComponents.swift */,
				DEDBE99CD2EE258AE866B3EE /* ContentViewSupport.swift */,
				A4821F40CFDB94EFA94535CD /* ContextMenuPresentation.swift */,
				C1C8FC52F5D5A2466053758D /* CrossWindowFlyAnimator.swift */,
				C38EA31BE66741B17E847B76 /* DockerCommandService.swift */,
				12C9598C59F1B683CBB4CF9F /* DockerLiveLogSheet.swift */,
				5EE1344B1134FBC886E39E2D /* DockerModels.swift */,
				7862A0A16198D697CF3FBDC8 /* DockerPanelView.swift */,
				FC3677563A7B0052EAFD80EB /* DockerPanelViewModel.swift */,
				C1A0D17F9E3196B4F31E267B /* DockerWorkspaceWindow.swift */,
				05EEF991BFDDF5C1B418C540 /* AppKitCodeMirrorCoordinator.swift */,
				8CBBE3F97380E3687E952E6C /* AppKitCodeMirrorEditorViewController.swift */,
				A72E7B80A26FDDDF9A5098D7 /* EditorBridge.swift */,
				18153AB7C71C33AED23E89CD /* EditorCommand.swift */,
				A6D29552647CDDDBDD71AFCE /* EditorDocumentDescriptor.swift */,
				C5528A14E53E58DD72FE1054 /* EditorEvent.swift */,
				14C294CBDC0E710AD60F04D4 /* EditorLanguage.swift */,
				939F5271313D71C2E29729BA /* FocusableCodeMirrorWebView.swift */,
				EAA976D5BEFBFF388182865B /* MirroredRemoraEditorView.swift */,
				711E0A36C081DED0E01EF6F3 /* RemoraEditorCoordinator.swift */,
				D56B5D80B67D59EA83EA5C43 /* RemoraEditorView.swift */,
				7772ACFBAF1E0507AF36D5A3 /* RemoraEditorWebView.swift */,
				38720B53D995BDD8BBE8FA7E /* ExtensionScriptAppStore.swift */,
				1B2356501820FE1FC9CD0D09 /* ExtensionScriptRunnerViewModel.swift */,
				6E62BA1426ED9330E9E4D31B /* ExtensionScriptViews.swift */,
				3E582737409858B6FCA7CDDD /* FileManagerContextMenuPolicy.swift */,
				489F8E0A214251E52DD29A9A /* FileManagerDownloadsPopoverView.swift */,
				86A88ED194469491EC34E5C3 /* FileManagerLegacyFormatting.swift */,
				3AF1905054354138FEBBF7D0 /* FileManagerWindowSplitController.swift */,
				626BFB254D9E5C36B71081A7 /* FileManagerWindowToolbar.swift */,
				29D0A1A4024593D47E75E5E8 /* FileManagerWorkspaceWindow.swift */,
				09B84EBF5E98CC6CBAB5814B /* FileTransferDiagnostics.swift */,
				46DDD2147A1C8A1B4C51D3E5 /* FileTransferViewModel.swift */,
				411B5C5E8736B71B36BF946A /* HostCatalog.swift */,
				4A96A8AC81C968089398C912 /* HostCatalogPersistence.swift */,
				779DC75618792B76DC79F7C3 /* HostConnectionClipboardBuilder.swift */,
				B91B733D3F84D043F081EEFA /* HostConnectionExporter.swift */,
				6A28A47386D5F18187871610 /* HostConnectionImportSource.swift */,
				5A29C126EFA0CDBAE4BCCD73 /* HostConnectionImporter.swift */,
				52B01247DE368DF73937ABDE /* HostPasswordStorage.swift */,
				8A13A2075078542B2E2ABCB5 /* L10n.swift */,
				B6D6759FF22A4DCC634706CF /* LocalizationHelpers.swift */,
				DDE0F870054867A1F91E825B /* LogManager.swift */,
				B77733A109DDA979C644BFFC /* PortForwardCenter.swift */,
				1DF6CAD2ADF26F63B4002D56 /* QuickCommandExecution.swift */,
				8716DCD8F0624D7BFFD9AFEC /* RemoraAppMain.swift */,
				1888B09C418EFA70C05DD0AC /* RemoraSettingsSheet.swift */,
				F8A6B667195D0DE429D8A46C /* RemoteCompressSheet.swift */,
				A2714D31BB99EB540075D294 /* RemoteDropRouting.swift */,
				0BE6ADD5E37384CCBC7B4F2F /* RemoteExtractSheet.swift */,
				E2E33E9D7F0DE6DA41E5228B /* RemoteFilePropertiesSheet.swift */,
				2AB97528B31846E787456327 /* RemoteFilePropertiesViewModel.swift */,
				57994217ECAC607D9E45D3C2 /* RemoteListSelection.swift */,
				4E9D099EBEF899586DDFB862 /* RemoteLiveLogWindow.swift */,
				949BACA508CF614248187942 /* RemoteLogViewerSheet.swift */,
				18AD1AAB2AA93C942D5B6CA2 /* RemoteLogViewerViewModel.swift */,
				EFB1BEA66CB4E1100C2C51FD /* RemotePermissionsEditorSheet.swift */,
				F057FC134331B0EFA85C657E /* RemotePermissionsEditorViewModel.swift */,
				AF9330B7C6B699128C2F1D24 /* RemoteTextEditorViewModel.swift */,
				09645B89390C59DA640EBA0E /* RemoteTextEditorWindow.swift */,
				C93FD86F2B7089423F3AC840 /* ServerMetricsCenter.swift */,
				45FAEE768AC14B96225135B5 /* ServerMetricsPanel.swift */,
				61C1A1276BD1E965C11907DD /* ServerMonitoringSortOrder.swift */,
				8C0D2FEBC7E7BBE0D8AADC56 /* ServerStatusWindow.swift */,
				6FC0BC2014ABCA4599596585 /* SessionMetricsTooltip.swift */,
				81D6B3A08A6CE58437224B4C /* TerminalAIAssistantCoordinator.swift */,
				4CA11D940673FE853FADBD99 /* TerminalAIAssistantView.swift */,
				33DA22C19693F0FD1A238EF6 /* TerminalAIComposerInputView.swift */,
				6161A2852E5BBBCEFDCC2873 /* TerminalAIModels.swift */,
				88158B603A8EE38647593689 /* TerminalAIService.swift */,
				E7612966A592EEA91CA1D810 /* TerminalDirectorySyncBridge.swift */,
				5B67EA56144AA8EB1AE09086 /* TerminalPaneView.swift */,
				7E7D57E3FCC756A86860DA59 /* TerminalPromptBoundaryProcessor.swift */,
				3A34E98239B9982DE172ED50 /* TerminalRuntime.swift */,
				A2210873FB85D6099C72A796 /* TerminalSmartAssistNotificationState.swift */,
				D0DFD92F3ADF45C246A5D997 /* TerminalViewRepresentable.swift */,
				96B2DCDE8DD3024E022F6956 /* TransferCenter.swift */,
				95D170E9C8D22C4F0F334266 /* TransferQueuePresentationState.swift */,
				C82CD16194F7F5A16530A666 /* UpdateChecker.swift */,
				500595A59A983E5D71514B2D /* ViewScreenAnchorRegistry.swift */,
				B44F54C2622F1C35E1E88990 /* VisualStyle.swift */,
				4E0361671648B140F0A6F4FE /* WorkspaceViewModel.swift */,
				03866950C52E964D9A5F36C8 /* ZmodemTransferCoordinator.swift */,
			);
			name = RemoraApp;
			path = RemoraApp;
			sourceTree = "<group>";
		};
		383DCA9D82927DFED0F6103B /* OS X */ = {
			isa = PBXGroup;
			children = (
				6A8E715058B3FAD940D75B75 /* Cocoa.framework */,
				2EA8680232AC7375E26681C8 /* Security.framework */,
				0AA6C9FFF79369DED5639B96 /* AppKit.framework */,
				050ABA7438A73FFC6B9D1B55 /* CoreText.framework */,
				EAD96C63BC7F65815C5FA1C9 /* QuartzCore.framework */,
				5EE07061D991DCF91815778D /* SwiftUI.framework */,
			);
			name = "OS X";
			sourceTree = "<group>";
		};
		490893D19D868D7F86868737 /* RemoraCore */ = {
			isa = PBXGroup;
			children = (
				B2813F399C947D7270287C79 /* RemoraConfigPaths.swift */,
				2AE5070DF8F1BACBF64F8502 /* RemoraJSONFileStore.swift */,
				163A09C9902504B594F006B2 /* ExtensionScript.swift */,
				12D86E3C28CA98DE78C2B071 /* ExtensionScriptRunner.swift */,
				68EDD45A6C343384DFEA3AFF /* ExtensionScriptStore.swift */,
				9328B4C3FC554198EFFBD44E /* RingByteBuffer.swift */,
				DE540D733FB029FD5BC41580 /* PerformanceMetrics.swift */,
				1CBC23F9D3E4C5BEE962A6E7 /* Host.swift */,
				18F9300512782FE29E6DFD6C /* RemoteFileModels.swift */,
				C203C082A9BDAEE9AE8D7C19 /* TerminalSessionDescriptor.swift */,
				490260E6A6B049588067C1A0 /* SFTPProtocols.swift */,
				8D69EC970FFC556A56C08AE2 /* SSHProtocols.swift */,
				A1F6E38B38CACEAE129EC835 /* SessionManagerProtocol.swift */,
				29A2A467E0323D61F2E54C59 /* DisconnectedSFTPClient.swift */,
				4FFFF71EC0EE0BF25E151E05 /* MockSFTPClient.swift */,
				72426CE981BC38A3E01E476D /* SystemSFTPClient.swift */,
				449BB6520E746B0B46777717 /* LocalShellClient.swift */,
				05FFEA82C740C9CFA2A76CF8 /* MockSSHClient.swift */,
				22C2385959B4ABEEC1D53603 /* OpenSSHLaunchBuilder.swift */,
				CAD272874691222B7EC41CA4 /* OpenSSHPortForwardClient.swift */,
				6FD2AE305BD8B6FB237AE721 /* OpenSSHRemoteShellIntegrationInstaller.swift */,
				ECCAFCBF4A158FE210F794E0 /* SSHCompatibilityProfile.swift */,
				A7E42679624AA7807E0DD9E4 /* SSHConnectionReuse.swift */,
				1FBABDC5548FCED1103C19ED /* SSHControlMasterCleanup.swift */,
				86E31FB9F7092461E0830ABD /* SystemSSHClient.swift */,
				D04B86E6565BB5A66C32DD13 /* CredentialStore.swift */,
				0AB57D829C86524B0FA9A2C7 /* HostKeyStore.swift */,
				48F4AF747C6F02850BCC3AB9 /* SessionManager.swift */,
				AC69D28DF722DE49A9590489 /* ZmodemConstants.swift */,
				9BA37BE61143167554F6ACEE /* ZmodemDetector.swift */,
				6C4342E5EF67CD755C81B446 /* ZmodemEngine.swift */,
				F42BF66C272C44631162CC46 /* ZmodemFrame.swift */,
				6A812B71048C243B8C802AA0 /* ZmodemSendEngine.swift */,
			);
			name = RemoraCore;
			path = RemoraCore;
			sourceTree = "<group>";
		};
		4E277094682A59E7ED44C794 /* Sources */ = {
			isa = PBXGroup;
			children = (
				490893D19D868D7F86868737 /* RemoraCore */,
				AA90A71FBB247B7F92442149 /* RemoraTerminal */,
				24E546A029587BE997DF25D4 /* RemoraApp */,
			);
			name = Sources;
			path = Sources;
			sourceTree = "<group>";
		};
		5900554790C2922013C874FE /* Frameworks */ = {
			isa = PBXGroup;
			children = (
				383DCA9D82927DFED0F6103B /* OS X */,
			);
			name = Frameworks;
			sourceTree = "<group>";
		};
		79C65E7D68707EA00479AE4D /* Resources */ = {
			isa = PBXGroup;
			children = (
				6EEF410C339FEC90BC074F21 /* Localizable.strings */,
				7E0C48FA7FA12E451BCC0A87 /* UpdateChecker.strings */,
				74847D3C6383895D773B57FD /* WebEditor */,
			);
			name = Resources;
			path = Resources;
			sourceTree = "<group>";
		};
		8DACA99FD5B230B28FB94C8D = {
			isa = PBXGroup;
			children = (
				C0A82098A56CEA5080E6640C /* Products */,
				5900554790C2922013C874FE /* Frameworks */,
				4E277094682A59E7ED44C794 /* Sources */,
				22B111126908AD85A55C7DF6 /* Resources */,
				D78BA32E9909EC881F1FEB1C /* scripts */,
			);
			sourceTree = "<group>";
		};
		AA90A71FBB247B7F92442149 /* RemoraTerminal */ = {
			isa = PBXGroup;
			children = (
				1355F9E73B2021EA929BBCD8 /* TerminalView.swift */,
			);
			name = RemoraTerminal;
			path = RemoraTerminal;
			sourceTree = "<group>";
		};
		C0A82098A56CEA5080E6640C /* Products */ = {
			isa = PBXGroup;
			children = (
				93A2AD67DAA0C91B5B166422 /* libRemoraCore.a */,
				3F8F1FF2C63B6052D1742F3F /* libRemoraTerminal.a */,
				EFD0F308C8572C96426CCE52 /* Remora.app */,
			);
			name = Products;
			sourceTree = "<group>";
		};
		D78BA32E9909EC881F1FEB1C /* scripts */ = {
			isa = PBXGroup;
			children = (
				4775A6C8A3F788339F14C510 /* package_macos.sh */,
			);
			name = scripts;
			path = scripts;
			sourceTree = "<group>";
		};
/* End PBXGroup section */

/* Begin PBXHeadersBuildPhase section */
		71A63127866ADA66993E9ABE /* Headers */ = {
			isa = PBXHeadersBuildPhase;
			buildActionMask = 2147483647;
			files = (
			);
			runOnlyForDeploymentPostprocessing = 0;
		};
		92FB35BCC71BE81239613CC8 /* Headers */ = {
			isa = PBXHeadersBuildPhase;
			buildActionMask = 2147483647;
			files = (
			);
			runOnlyForDeploymentPostprocessing = 0;
		};
/* End PBXHeadersBuildPhase section */

/* Begin PBXNativeTarget section */
		034D5B334228791661F399ED /* Remora */ = {
			isa = PBXNativeTarget;
			buildConfigurationList = A48E9355DC7BFE3FF3061EEB /* Build configuration list for PBXNativeTarget "Remora" */;
			buildPhases = (
				F0A6D4E3B3C274A25EE8E9FA /* Sources */,
				1A603A8B83AFB94A79E64AA3 /* Frameworks */,
				55F9650A353CA34D6ABA82E7 /* Resources */,
			);
			buildRules = (
			);
			dependencies = (
				408B511E348AC856AE9C38EA /* PBXTargetDependency */,
				7CDDAE901D4E1A64D85E939D /* PBXTargetDependency */,
			);
			name = Remora;
			packageProductDependencies = (
				D6224FD195F77F58C0FFEAB0 /* SwiftTerm */,
			);
			productName = Remora;
			productReference = EFD0F308C8572C96426CCE52 /* Remora.app */;
			productType = "com.apple.product-type.application";
		};
		2DC1C7B41A11625960679BC6 /* RemoraTerminal */ = {
			isa = PBXNativeTarget;
			buildConfigurationList = D71DE4E522FDB784B06DE466 /* Build configuration list for PBXNativeTarget "RemoraTerminal" */;
			buildPhases = (
				92FB35BCC71BE81239613CC8 /* Headers */,
				EB2F04AA3A2C3096F1291CBF /* Sources */,
				243BC38C6236F0701F5B91D5 /* Frameworks */,
			);
			buildRules = (
			);
			dependencies = (
				A38C60EDE9BE14D3671F9716 /* PBXTargetDependency */,
			);
			name = RemoraTerminal;
			packageProductDependencies = (
				2D9F2963A37C7837469D7132 /* SwiftTerm */,
			);
			productName = RemoraTerminal;
			productReference = 3F8F1FF2C63B6052D1742F3F /* libRemoraTerminal.a */;
			productType = "com.apple.product-type.library.static";
		};
		41EEA39F15CEA1AFCA765B41 /* RemoraCore */ = {
			isa = PBXNativeTarget;
			buildConfigurationList = E58C2FDABAA80F47FC5B4510 /* Build configuration list for PBXNativeTarget "RemoraCore" */;
			buildPhases = (
				71A63127866ADA66993E9ABE /* Headers */,
				CDDF11FB067122087D1F8449 /* Sources */,
				D108AF6FF83F5E6C4EF7E083 /* Frameworks */,
			);
			buildRules = (
			);
			dependencies = (
			);
			name = RemoraCore;
			productName = RemoraCore;
			productReference = 93A2AD67DAA0C91B5B166422 /* libRemoraCore.a */;
			productType = "com.apple.product-type.library.static";
		};
/* End PBXNativeTarget section */

/* Begin PBXProject section */
		BA5FF62A1C2D07869840EC6C /* Project object */ = {
			isa = PBXProject;
			attributes = {
				LastSwiftUpdateCheck = 2600;
				LastUpgradeCheck = 2600;
			};
			buildConfigurationList = D011601BDF74EA7EEDB7BC92 /* Build configuration list for PBXProject "Remora" */;
			compatibilityVersion = "Xcode 12.0";
			developmentRegion = en;
			hasScannedForEncodings = 0;
			knownRegions = (
				en,
				"zh-Hans",
			);
			mainGroup = 8DACA99FD5B230B28FB94C8D;
			packageReferences = (
				BF5511D7089969B8A0C474F9 /* XCRemoteSwiftPackageReference "SwiftTerm" */,
			);
			productRefGroup = C0A82098A56CEA5080E6640C /* Products */;
			projectDirPath = "";
			projectRoot = "";
			targets = (
				41EEA39F15CEA1AFCA765B41 /* RemoraCore */,
				2DC1C7B41A11625960679BC6 /* RemoraTerminal */,
				034D5B334228791661F399ED /* Remora */,
			);
		};
/* End PBXProject section */

/* Begin PBXResourcesBuildPhase section */
		55F9650A353CA34D6ABA82E7 /* Resources */ = {
			isa = PBXResourcesBuildPhase;
			buildActionMask = 2147483647;
			files = (
				650B9A6AF8D5E7F65BC940A7 /* Localizable.strings in Resources */,
				17423959BF62CFC57000D640 /* UpdateChecker.strings in Resources */,
				AB417F5F7D42F087339DA5F4 /* Assets.xcassets in Resources */,
				ED5DBB0F444905D4B07709B7 /* WebEditor in Resources */,
			);
			runOnlyForDeploymentPostprocessing = 0;
		};
/* End PBXResourcesBuildPhase section */

/* Begin PBXSourcesBuildPhase section */
		CDDF11FB067122087D1F8449 /* Sources */ = {
			isa = PBXSourcesBuildPhase;
			buildActionMask = 2147483647;
			files = (
				23C9FE13C4097623FDAFF106 /* RemoraConfigPaths.swift in Sources */,
				A5CA94A3DE7239C5A2BCD966 /* RemoraJSONFileStore.swift in Sources */,
				0425F8E6B5485088EB52FD9E /* ExtensionScript.swift in Sources */,
				2E6DFF7209EF7058D01B90CB /* ExtensionScriptRunner.swift in Sources */,
				39F31F089535CED6C93709DF /* ExtensionScriptStore.swift in Sources */,
				59471C946BEC9580E55CA809 /* RingByteBuffer.swift in Sources */,
				F18B75A09D7EDBE0127CD227 /* PerformanceMetrics.swift in Sources */,
				094CFDA1FE15C716FBA117AC /* Host.swift in Sources */,
				6ACF2AC02EE0169DB0368DA7 /* RemoteFileModels.swift in Sources */,
				87DEB25E418A8AE05D5B0324 /* TerminalSessionDescriptor.swift in Sources */,
				64DB599370403F352E9C9F04 /* SFTPProtocols.swift in Sources */,
				9044C4088F6B745559DAF3B3 /* SSHProtocols.swift in Sources */,
				C6D48DBF979AE405BE86785E /* SessionManagerProtocol.swift in Sources */,
				58D6F09FF9816B40F10441F3 /* DisconnectedSFTPClient.swift in Sources */,
				4B7DFB8187917CDAA40B8E69 /* MockSFTPClient.swift in Sources */,
				109C0B4D084C32F757CE56D9 /* SystemSFTPClient.swift in Sources */,
				7279344F218996E16AC603F1 /* LocalShellClient.swift in Sources */,
				2F24541A3B4E906357705376 /* MockSSHClient.swift in Sources */,
				303746BA38776B06DD750F45 /* OpenSSHLaunchBuilder.swift in Sources */,
				B479862A79D442760E6635E4 /* OpenSSHPortForwardClient.swift in Sources */,
				32B0FA32D79E94C39A46904E /* OpenSSHRemoteShellIntegrationInstaller.swift in Sources */,
				0AC001AEF332ABD31A894F75 /* SSHCompatibilityProfile.swift in Sources */,
				C0A64DE088BE63B5049FC496 /* SSHConnectionReuse.swift in Sources */,
				23D302551D79BE8F020DE70D /* SSHControlMasterCleanup.swift in Sources */,
				8FABDDA368B32A6B49356239 /* SystemSSHClient.swift in Sources */,
				5C1C4AF4CFF5531B1BBB8750 /* CredentialStore.swift in Sources */,
				7D05350F26F930BC71BE6754 /* HostKeyStore.swift in Sources */,
				37F7B8DB263693CC66840C37 /* SessionManager.swift in Sources */,
				DFFA50ECA7B3EFD72C9808B2 /* ZmodemConstants.swift in Sources */,
				B97BF3FF9C0F279C6FF90425 /* ZmodemDetector.swift in Sources */,
				9BF5366BC869F87BC4D7F792 /* ZmodemEngine.swift in Sources */,
				F6B410290FA171E549207EA6 /* ZmodemFrame.swift in Sources */,
				7CEE8877B8BCE12B297DC9A5 /* ZmodemSendEngine.swift in Sources */,
			);
			runOnlyForDeploymentPostprocessing = 0;
		};
		EB2F04AA3A2C3096F1291CBF /* Sources */ = {
			isa = PBXSourcesBuildPhase;
			buildActionMask = 2147483647;
			files = (
				741B8C07164C7A7839CB5DAE /* TerminalView.swift in Sources */,
			);
			runOnlyForDeploymentPostprocessing = 0;
		};
		F0A6D4E3B3C274A25EE8E9FA /* Sources */ = {
			isa = PBXSourcesBuildPhase;
			buildActionMask = 2147483647;
			files = (
				AC38B20BC595EB4036F49B12 /* AISettings.swift in Sources */,
				8CE4630DD29F437821D0E155 /* AISettingsStore.swift in Sources */,
				AD1AE3E4E98527D6E7CDB1F1 /* AppAppearance.swift in Sources */,
				4C3F1144C58E66ECCD886B31 /* AppKeyboardShortcuts.swift in Sources */,
				A3F318A104DA1B358A09FCA4 /* AppLanguage.swift in Sources */,
				DE70E5F6B5E9463639359132 /* AppPreferences.swift in Sources */,
				3C7F94351CD78DD5C044573B /* AppSettings.swift in Sources */,
				854FFAFBC57DCD6E869728D1 /* ArchiveSupport.swift in Sources */,
				5EC439346214A493F96072D3 /* ByteSizeFormatter.swift in Sources */,
				DF924C19684F566E14739DED /* ConnectionInfoPasswordCopyConsentGate.swift in Sources */,
				FB5F51AE3FCB685DD5E43455 /* ContentView.swift in Sources */,
				118EB2D584A795776F0031F2 /* ContentViewActions.swift in Sources */,
				8B3DDF441EE78B5EF0A147F5 /* ContentViewLayout.swift in Sources */,
				D5D38847B80D4BC44E369BBF /* ContentViewSessionComponents.swift in Sources */,
				5D0FDA347660C0DCC3D4D286 /* ContentViewSheets.swift in Sources */,
				278873DD85D18D978CF4D71B /* ContentViewSidebarComponents.swift in Sources */,
				64E8D9C24D097D18E4294F7F /* ContentViewSupport.swift in Sources */,
				9DF4B22600B8F561F906C5C5 /* ContextMenuPresentation.swift in Sources */,
				FFD4CE3F89EB6492B94DFB17 /* CrossWindowFlyAnimator.swift in Sources */,
				4C29070A3E71D6122F4258AD /* DockerCommandService.swift in Sources */,
				FFA7EF027588CB2833FC0254 /* DockerLiveLogSheet.swift in Sources */,
				4A31A632CF493353CCE5BB95 /* DockerModels.swift in Sources */,
				CCB610E45FF07AA610153725 /* DockerPanelView.swift in Sources */,
				60EF3B8D4D230D2635BA282B /* DockerPanelViewModel.swift in Sources */,
				4627BB41E22BF91B5D9C8EFD /* DockerWorkspaceWindow.swift in Sources */,
				A4902FE34297556B35025B3B /* AppKitCodeMirrorCoordinator.swift in Sources */,
				8439E0A01CE65694F9175D0E /* AppKitCodeMirrorEditorViewController.swift in Sources */,
				6F9B2077C6C4A880B74A587A /* EditorBridge.swift in Sources */,
				F7E96C09703116E6816C5DCE /* EditorCommand.swift in Sources */,
				541EDE14C44300BBC5417E8A /* EditorDocumentDescriptor.swift in Sources */,
				911053394FB0EA9F8415ADD3 /* EditorEvent.swift in Sources */,
				AA97F1A50768FD59C1BB328F /* EditorLanguage.swift in Sources */,
				822E7882936D3E2ACEE64E14 /* FocusableCodeMirrorWebView.swift in Sources */,
				DDA3DB32F2FD27C7DD47A7D9 /* MirroredRemoraEditorView.swift in Sources */,
				6134A8C56B7B9DB65382F62B /* RemoraEditorCoordinator.swift in Sources */,
				DE9FD1B2DFA2F6EFDABD8B9B /* RemoraEditorView.swift in Sources */,
				7ACEBB413F2F05086FE539D4 /* RemoraEditorWebView.swift in Sources */,
				B8E13E0BEE2D11A075159E71 /* ExtensionScriptAppStore.swift in Sources */,
				44EBAF02A30949B3664DAE5C /* ExtensionScriptRunnerViewModel.swift in Sources */,
				3391406610C9219FA58F5E67 /* ExtensionScriptViews.swift in Sources */,
				F05BC98BAB1E8602F672C0CC /* FileManagerContextMenuPolicy.swift in Sources */,
				5645E9C4E2674840661E9FF7 /* FileManagerDownloadsPopoverView.swift in Sources */,
				53768B76C3ACBC6EDF5DD19D /* FileManagerLegacyFormatting.swift in Sources */,
				50EC8B3630DE91E79B6EFC68 /* FileManagerWindowSplitController.swift in Sources */,
				A09C6AA98261FAAE604FC61A /* FileManagerWindowToolbar.swift in Sources */,
				1FFCF71B78B9A9EE25EF1A2D /* FileManagerWorkspaceWindow.swift in Sources */,
				D8C380C6B748E181FE9ED418 /* FileTransferDiagnostics.swift in Sources */,
				7BE93D0625205FC61C554A7E /* FileTransferViewModel.swift in Sources */,
				3AA15224404D6946E5E5EEA1 /* HostCatalog.swift in Sources */,
				A02F5C7F973DE9417EA5D77E /* HostCatalogPersistence.swift in Sources */,
				CB2216946A3D09000BFB16F7 /* HostConnectionClipboardBuilder.swift in Sources */,
				F3B454C70EA9E4F8F7F91991 /* HostConnectionExporter.swift in Sources */,
				088562D4360CA4D6E3584DB0 /* HostConnectionImportSource.swift in Sources */,
				B5AEE1079B23E41D3F0CBA37 /* HostConnectionImporter.swift in Sources */,
				BEAA22E8F8076931FCFF755D /* HostPasswordStorage.swift in Sources */,
				B9B1528600AE02380709B9F2 /* L10n.swift in Sources */,
				FAE10F6816A5C70E378185DB /* LocalizationHelpers.swift in Sources */,
				5609868565477B30F13D3DEF /* LogManager.swift in Sources */,
				759565F0A9969F8F4FDFB7E5 /* PortForwardCenter.swift in Sources */,
				13D22F3F4051415F97ADCE93 /* QuickCommandExecution.swift in Sources */,
				93255B5ABD9CD0D1BF3CDBC4 /* RemoraAppMain.swift in Sources */,
				DF35225CB0722AEF80578B02 /* RemoraSettingsSheet.swift in Sources */,
				4E82439D10C11B018E916DBC /* RemoteCompressSheet.swift in Sources */,
				016C696F5AAF634FD269693E /* RemoteDropRouting.swift in Sources */,
				B8451084B8EAFAA472F9E4A6 /* RemoteExtractSheet.swift in Sources */,
				A160A5390F159A37F0B235A0 /* RemoteFilePropertiesSheet.swift in Sources */,
				3524AC3D87905A4D30A83D96 /* RemoteFilePropertiesViewModel.swift in Sources */,
				3CE12AB7D2759DE58334EC4D /* RemoteListSelection.swift in Sources */,
				4D647DB99D68466801218439 /* RemoteLiveLogWindow.swift in Sources */,
				B3AB603D2C8AA62A2693AE0C /* RemoteLogViewerSheet.swift in Sources */,
				9166FA463917574F515EB053 /* RemoteLogViewerViewModel.swift in Sources */,
				CF623DAF8293D48D3EABAA6E /* RemotePermissionsEditorSheet.swift in Sources */,
				AC431E5D62A365E4DF2E567A /* RemotePermissionsEditorViewModel.swift in Sources */,
				111C66BAB83BCE23B6520BEF /* RemoteTextEditorViewModel.swift in Sources */,
				DA6E11DC09D49A95A7A2AAAD /* RemoteTextEditorWindow.swift in Sources */,
				AA6EB3F011A57AE530E9935B /* ServerMetricsCenter.swift in Sources */,
				A137639464B5EE72CFCA4C32 /* ServerMetricsPanel.swift in Sources */,
				1A3FBBF8B273E0BE09ECF779 /* ServerMonitoringSortOrder.swift in Sources */,
				1E7779F941D282C9468C547D /* ServerStatusWindow.swift in Sources */,
				4E25878BB899FA6B2A76ACB5 /* SessionMetricsTooltip.swift in Sources */,
				38EB5CC696E438589D017297 /* TerminalAIAssistantCoordinator.swift in Sources */,
				F9C8C1CC1002296C35BD66B4 /* TerminalAIAssistantView.swift in Sources */,
				D899A84E0456027593663718 /* TerminalAIComposerInputView.swift in Sources */,
				5BD67B8F1381C0FE59025822 /* TerminalAIModels.swift in Sources */,
				99970DA5A522C3EAF36225D1 /* TerminalAIService.swift in Sources */,
				B67096883F2490648E29B048 /* TerminalDirectorySyncBridge.swift in Sources */,
				67E0F3F145186C0C87B95DEE /* TerminalPaneView.swift in Sources */,
				0FA2B5E78A3290C3F1D6B412 /* TerminalPromptBoundaryProcessor.swift in Sources */,
				79D46D6FD59183EBBED8CEF4 /* TerminalRuntime.swift in Sources */,
				0AF1AC429323E5391D0EDE32 /* TerminalSmartAssistNotificationState.swift in Sources */,
				EE19ED66C027251039251D86 /* TerminalViewRepresentable.swift in Sources */,
				693AE24AB4B943E4FFD1327B /* TransferCenter.swift in Sources */,
				B06CD6E026A68D7A24D98284 /* TransferQueuePresentationState.swift in Sources */,
				616C74DBCBE0E606D604ECAD /* UpdateChecker.swift in Sources */,
				7A44CB790BC987F36E70AEAF /* ViewScreenAnchorRegistry.swift in Sources */,
				98E940D8D0E0C9C1EF9566C5 /* VisualStyle.swift in Sources */,
				9A912B71D676FD626B596ED5 /* WorkspaceViewModel.swift in Sources */,
				6B392A686F1B6CEA8284DC10 /* ZmodemTransferCoordinator.swift in Sources */,
			);
			runOnlyForDeploymentPostprocessing = 0;
		};
/* End PBXSourcesBuildPhase section */

/* Begin PBXTargetDependency section */
		408B511E348AC856AE9C38EA /* PBXTargetDependency */ = {
			isa = PBXTargetDependency;
			name = RemoraCore;
			target = 41EEA39F15CEA1AFCA765B41 /* RemoraCore */;
			targetProxy = C011A90416CD11EF009AFC0D /* PBXContainerItemProxy */;
		};
		7CDDAE901D4E1A64D85E939D /* PBXTargetDependency */ = {
			isa = PBXTargetDependency;
			name = RemoraTerminal;
			target = 2DC1C7B41A11625960679BC6 /* RemoraTerminal */;
			targetProxy = DA077495A9486FBD07DBFEE2 /* PBXContainerItemProxy */;
		};
		A38C60EDE9BE14D3671F9716 /* PBXTargetDependency */ = {
			isa = PBXTargetDependency;
			name = RemoraCore;
			target = 41EEA39F15CEA1AFCA765B41 /* RemoraCore */;
			targetProxy = 194B47F4D513A020C86374CD /* PBXContainerItemProxy */;
		};
/* End PBXTargetDependency section */

/* Begin PBXVariantGroup section */
		6EEF410C339FEC90BC074F21 /* Localizable.strings */ = {
			isa = PBXVariantGroup;
			children = (
				167C809D505DABC791249CBC /* Localizable.strings */,
				EAA46BCB10EBF4247FC68130 /* Localizable.strings */,
			);
			name = Localizable.strings;
			sourceTree = "<group>";
		};
		7E0C48FA7FA12E451BCC0A87 /* UpdateChecker.strings */ = {
			isa = PBXVariantGroup;
			children = (
				98C36B32E87A761189DCF910 /* UpdateChecker.strings */,
				69731E85F679A9B4B45BF743 /* UpdateChecker.strings */,
			);
			name = UpdateChecker.strings;
			sourceTree = "<group>";
		};
/* End PBXVariantGroup section */

/* Begin XCBuildConfiguration section */
		012B4098AFB3E11B97DEF5C2 /* Debug */ = {
			isa = XCBuildConfiguration;
			buildSettings = {
				ALWAYS_SEARCH_USER_PATHS = NO;
				CLANG_ANALYZER_NONNULL = YES;
				CLANG_ANALYZER_NUMBER_OBJECT_CONVERSION = YES_AGGRESSIVE;
				CLANG_CXX_LANGUAGE_STANDARD = "gnu++14";
				CLANG_CXX_LIBRARY = "libc++";
				CLANG_ENABLE_MODULES = YES;
				CLANG_ENABLE_OBJC_ARC = YES;
				CLANG_ENABLE_OBJC_WEAK = YES;
				CLANG_WARN_BLOCK_CAPTURE_AUTORELEASING = YES;
				CLANG_WARN_BOOL_CONVERSION = YES;
				CLANG_WARN_COMMA = YES;
				CLANG_WARN_CONSTANT_CONVERSION = YES;
				CLANG_WARN_DEPRECATED_OBJC_IMPLEMENTATIONS = YES;
				CLANG_WARN_DIRECT_OBJC_ISA_USAGE = YES_ERROR;
				CLANG_WARN_DOCUMENTATION_COMMENTS = YES;
				CLANG_WARN_EMPTY_BODY = YES;
				CLANG_WARN_ENUM_CONVERSION = YES;
				CLANG_WARN_INFINITE_RECURSION = YES;
				CLANG_WARN_INT_CONVERSION = YES;
				CLANG_WARN_NON_LITERAL_NULL_CONVERSION = YES;
				CLANG_WARN_OBJC_IMPLICIT_RETAIN_SELF = YES;
				CLANG_WARN_OBJC_LITERAL_CONVERSION = YES;
				CLANG_WARN_OBJC_ROOT_CLASS = YES_ERROR;
				CLANG_WARN_QUOTED_INCLUDE_IN_FRAMEWORK_HEADER = YES;
				CLANG_WARN_RANGE_LOOP_ANALYSIS = YES;
				CLANG_WARN_STRICT_PROTOTYPES = YES;
				CLANG_WARN_SUSPICIOUS_MOVE = YES;
				CLANG_WARN_UNGUARDED_AVAILABILITY = YES_AGGRESSIVE;
				CLANG_WARN_UNREACHABLE_CODE = YES;
				CLANG_WARN__DUPLICATE_METHOD_MATCH = YES;
				CODE_SIGNING_ALLOWED = NO;
				CODE_SIGNING_REQUIRED = NO;
				CODE_SIGN_IDENTITY = "";
				COPY_PHASE_STRIP = NO;
				CURRENT_PROJECT_VERSION = 14;
				DEBUG_INFORMATION_FORMAT = dwarf;
				ENABLE_STRICT_OBJC_MSGSEND = YES;
				ENABLE_TESTABILITY = YES;
				GCC_C_LANGUAGE_STANDARD = gnu11;
				GCC_DYNAMIC_NO_PIC = NO;
				GCC_NO_COMMON_BLOCKS = YES;
				GCC_OPTIMIZATION_LEVEL = 0;
				GCC_PREPROCESSOR_DEFINITIONS = (
					"DEBUG=1",
					"$(inherited)",
				);
				GCC_WARN_64_TO_32_BIT_CONVERSION = YES;
				GCC_WARN_ABOUT_RETURN_TYPE = YES_ERROR;
				GCC_WARN_UNDECLARED_SELECTOR = YES;
				GCC_WARN_UNINITIALIZED_AUTOS = YES_AGGRESSIVE;
				GCC_WARN_UNUSED_FUNCTION = YES;
				GCC_WARN_UNUSED_VARIABLE = YES;
				MACOSX_DEPLOYMENT_TARGET = 14.0;
				MARKETING_VERSION = 0.17.7;
				MTL_ENABLE_DEBUG_INFO = INCLUDE_SOURCE;
				MTL_FAST_MATH = YES;
				ONLY_ACTIVE_ARCH = YES;
				PRODUCT_NAME = "$(TARGET_NAME)";
				SWIFT_ACTIVE_COMPILATION_CONDITIONS = DEBUG;
				SWIFT_OPTIMIZATION_LEVEL = "-Onone";
				SWIFT_VERSION = 6.0;
			};
			name = Debug;
		};
		1C11C5AAC31B1C676138D5D5 /* Debug */ = {
			isa = XCBuildConfiguration;
			buildSettings = {
				CLANG_ENABLE_MODULES = YES;
				CODE_SIGNING_ALLOWED = NO;
				CODE_SIGNING_REQUIRED = NO;
				CODE_SIGN_IDENTITY = "";
				DEFINES_MODULE = YES;
				EXECUTABLE_PREFIX = lib;
				MACOSX_DEPLOYMENT_TARGET = 14.0;
				PRODUCT_NAME = "$(TARGET_NAME)";
				SDKROOT = macosx;
				SKIP_INSTALL = YES;
				SWIFT_VERSION = 6.0;
			};
			name = Debug;
		};
		4C01AEE2595A7A2EDDF90D89 /* Debug */ = {
			isa = XCBuildConfiguration;
			buildSettings = {
				ASSETCATALOG_COMPILER_APPICON_NAME = AppIcon;
				ASSETCATALOG_COMPILER_GENERATE_SWIFT_ASSET_SYMBOL_EXTENSIONS = NO;
				ASSETCATALOG_COMPILER_GLOBAL_ACCENT_COLOR_NAME = AccentColor;
				CLANG_ENABLE_MODULES = YES;
				CODE_SIGNING_ALLOWED = NO;
				CODE_SIGNING_REQUIRED = NO;
				CODE_SIGN_IDENTITY = "";
				COMBINE_HIDPI_IMAGES = YES;
				GENERATE_INFOPLIST_FILE = YES;
				INFOPLIST_KEY_CFBundleDisplayName = Remora;
				INFOPLIST_KEY_CFBundleExecutable = "$(EXECUTABLE_NAME)";
				INFOPLIST_KEY_CFBundleName = Remora;
				INFOPLIST_KEY_LSApplicationCategoryType = "public.app-category.developer-tools";
				INFOPLIST_KEY_NSHighResolutionCapable = YES;
				LD_RUNPATH_SEARCH_PATHS = "$(inherited) @executable_path/../Frameworks";
				MACOSX_DEPLOYMENT_TARGET = 14.0;
				PRODUCT_BUNDLE_IDENTIFIER = io.github.wuujiawei.remora;
				PRODUCT_NAME = Remora;
				SDKROOT = macosx;
				SWIFT_VERSION = 6.0;
			};
			name = Debug;
		};
		4E28AAD669DE343B49858F4A /* Release */ = {
			isa = XCBuildConfiguration;
			buildSettings = {
				ALWAYS_SEARCH_USER_PATHS = NO;
				CLANG_ANALYZER_NONNULL = YES;
				CLANG_ANALYZER_NUMBER_OBJECT_CONVERSION = YES_AGGRESSIVE;
				CLANG_CXX_LANGUAGE_STANDARD = "gnu++14";
				CLANG_CXX_LIBRARY = "libc++";
				CLANG_ENABLE_MODULES = YES;
				CLANG_ENABLE_OBJC_ARC = YES;
				CLANG_ENABLE_OBJC_WEAK = YES;
				CLANG_WARN_BLOCK_CAPTURE_AUTORELEASING = YES;
				CLANG_WARN_BOOL_CONVERSION = YES;
				CLANG_WARN_COMMA = YES;
				CLANG_WARN_CONSTANT_CONVERSION = YES;
				CLANG_WARN_DEPRECATED_OBJC_IMPLEMENTATIONS = YES;
				CLANG_WARN_DIRECT_OBJC_ISA_USAGE = YES_ERROR;
				CLANG_WARN_DOCUMENTATION_COMMENTS = YES;
				CLANG_WARN_EMPTY_BODY = YES;
				CLANG_WARN_ENUM_CONVERSION = YES;
				CLANG_WARN_INFINITE_RECURSION = YES;
				CLANG_WARN_INT_CONVERSION = YES;
				CLANG_WARN_NON_LITERAL_NULL_CONVERSION = YES;
				CLANG_WARN_OBJC_IMPLICIT_RETAIN_SELF = YES;
				CLANG_WARN_OBJC_LITERAL_CONVERSION = YES;
				CLANG_WARN_OBJC_ROOT_CLASS = YES_ERROR;
				CLANG_WARN_QUOTED_INCLUDE_IN_FRAMEWORK_HEADER = YES;
				CLANG_WARN_RANGE_LOOP_ANALYSIS = YES;
				CLANG_WARN_STRICT_PROTOTYPES = YES;
				CLANG_WARN_SUSPICIOUS_MOVE = YES;
				CLANG_WARN_UNGUARDED_AVAILABILITY = YES_AGGRESSIVE;
				CLANG_WARN_UNREACHABLE_CODE = YES;
				CLANG_WARN__DUPLICATE_METHOD_MATCH = YES;
				CODE_SIGNING_ALLOWED = NO;
				CODE_SIGNING_REQUIRED = NO;
				CODE_SIGN_IDENTITY = "";
				COPY_PHASE_STRIP = NO;
				CURRENT_PROJECT_VERSION = 14;
				DEBUG_INFORMATION_FORMAT = "dwarf-with-dsym";
				ENABLE_NS_ASSERTIONS = NO;
				ENABLE_STRICT_OBJC_MSGSEND = YES;
				GCC_C_LANGUAGE_STANDARD = gnu11;
				GCC_NO_COMMON_BLOCKS = YES;
				GCC_WARN_64_TO_32_BIT_CONVERSION = YES;
				GCC_WARN_ABOUT_RETURN_TYPE = YES_ERROR;
				GCC_WARN_UNDECLARED_SELECTOR = YES;
				GCC_WARN_UNINITIALIZED_AUTOS = YES_AGGRESSIVE;
				GCC_WARN_UNUSED_FUNCTION = YES;
				GCC_WARN_UNUSED_VARIABLE = YES;
				MACOSX_DEPLOYMENT_TARGET = 14.0;
				MARKETING_VERSION = 0.17.7;
				MTL_ENABLE_DEBUG_INFO = NO;
				MTL_FAST_MATH = YES;
				PRODUCT_NAME = "$(TARGET_NAME)";
				SWIFT_COMPILATION_MODE = wholemodule;
				SWIFT_OPTIMIZATION_LEVEL = "-O";
				SWIFT_VERSION = 6.0;
			};
			name = Release;
		};
		6BD5900C5F58E9BEB7D51009 /* Debug */ = {
			isa = XCBuildConfiguration;
			buildSettings = {
				CLANG_ENABLE_MODULES = YES;
				CODE_SIGNING_ALLOWED = NO;
				CODE_SIGNING_REQUIRED = NO;
				CODE_SIGN_IDENTITY = "";
				DEFINES_MODULE = YES;
				EXECUTABLE_PREFIX = lib;
				MACOSX_DEPLOYMENT_TARGET = 14.0;
				PRODUCT_NAME = "$(TARGET_NAME)";
				SDKROOT = macosx;
				SKIP_INSTALL = YES;
				SWIFT_VERSION = 6.0;
			};
			name = Debug;
		};
		A588ABD807D8B4001227A6B4 /* Release */ = {
			isa = XCBuildConfiguration;
			buildSettings = {
				CLANG_ENABLE_MODULES = YES;
				CODE_SIGNING_ALLOWED = NO;
				CODE_SIGNING_REQUIRED = NO;
				CODE_SIGN_IDENTITY = "";
				DEFINES_MODULE = YES;
				EXECUTABLE_PREFIX = lib;
				MACOSX_DEPLOYMENT_TARGET = 14.0;
				PRODUCT_NAME = "$(TARGET_NAME)";
				SDKROOT = macosx;
				SKIP_INSTALL = YES;
				SWIFT_VERSION = 6.0;
			};
			name = Release;
		};
		E354619735A1A6834260F80E /* Release */ = {
			isa = XCBuildConfiguration;
			buildSettings = {
				CLANG_ENABLE_MODULES = YES;
				CODE_SIGNING_ALLOWED = NO;
				CODE_SIGNING_REQUIRED = NO;
				CODE_SIGN_IDENTITY = "";
				DEFINES_MODULE = YES;
				EXECUTABLE_PREFIX = lib;
				MACOSX_DEPLOYMENT_TARGET = 14.0;
				PRODUCT_NAME = "$(TARGET_NAME)";
				SDKROOT = macosx;
				SKIP_INSTALL = YES;
				SWIFT_VERSION = 6.0;
			};
			name = Release;
		};
		F217FFE5599B34ED704F176F /* Release */ = {
			isa = XCBuildConfiguration;
			buildSettings = {
				ASSETCATALOG_COMPILER_APPICON_NAME = AppIcon;
				ASSETCATALOG_COMPILER_GENERATE_SWIFT_ASSET_SYMBOL_EXTENSIONS = NO;
				ASSETCATALOG_COMPILER_GLOBAL_ACCENT_COLOR_NAME = AccentColor;
				CLANG_ENABLE_MODULES = YES;
				CODE_SIGNING_ALLOWED = NO;
				CODE_SIGNING_REQUIRED = NO;
				CODE_SIGN_IDENTITY = "";
				COMBINE_HIDPI_IMAGES = YES;
				GENERATE_INFOPLIST_FILE = YES;
				INFOPLIST_KEY_CFBundleDisplayName = Remora;
				INFOPLIST_KEY_CFBundleExecutable = "$(EXECUTABLE_NAME)";
				INFOPLIST_KEY_CFBundleName = Remora;
				INFOPLIST_KEY_LSApplicationCategoryType = "public.app-category.developer-tools";
				INFOPLIST_KEY_NSHighResolutionCapable = YES;
				LD_RUNPATH_SEARCH_PATHS = "$(inherited) @executable_path/../Frameworks";
				MACOSX_DEPLOYMENT_TARGET = 14.0;
				PRODUCT_BUNDLE_IDENTIFIER = io.github.wuujiawei.remora;
				PRODUCT_NAME = Remora;
				SDKROOT = macosx;
				SWIFT_VERSION = 6.0;
			};
			name = Release;
		};
/* End XCBuildConfiguration section */

/* Begin XCConfigurationList section */
		A48E9355DC7BFE3FF3061EEB /* Build configuration list for PBXNativeTarget "Remora" */ = {
			isa = XCConfigurationList;
			buildConfigurations = (
				F217FFE5599B34ED704F176F /* Release */,
				4C01AEE2595A7A2EDDF90D89 /* Debug */,
			);
			defaultConfigurationIsVisible = 0;
			defaultConfigurationName = Release;
		};
		D011601BDF74EA7EEDB7BC92 /* Build configuration list for PBXProject "Remora" */ = {
			isa = XCConfigurationList;
			buildConfigurations = (
				012B4098AFB3E11B97DEF5C2 /* Debug */,
				4E28AAD669DE343B49858F4A /* Release */,
			);
			defaultConfigurationIsVisible = 0;
			defaultConfigurationName = Release;
		};
		D71DE4E522FDB784B06DE466 /* Build configuration list for PBXNativeTarget "RemoraTerminal" */ = {
			isa = XCConfigurationList;
			buildConfigurations = (
				A588ABD807D8B4001227A6B4 /* Release */,
				1C11C5AAC31B1C676138D5D5 /* Debug */,
			);
			defaultConfigurationIsVisible = 0;
			defaultConfigurationName = Release;
		};
		E58C2FDABAA80F47FC5B4510 /* Build configuration list for PBXNativeTarget "RemoraCore" */ = {
			isa = XCConfigurationList;
			buildConfigurations = (
				E354619735A1A6834260F80E /* Release */,
				6BD5900C5F58E9BEB7D51009 /* Debug */,
			);
			defaultConfigurationIsVisible = 0;
			defaultConfigurationName = Release;
		};
/* End XCConfigurationList section */

/* Begin XCRemoteSwiftPackageReference section */
		BF5511D7089969B8A0C474F9 /* XCRemoteSwiftPackageReference "SwiftTerm" */ = {
			isa = XCRemoteSwiftPackageReference;
			repositoryURL = "https://github.com/wuuJiawei/SwiftTerm";
			requirement = {
				kind = revision;
				revision = 4f632d1c60be15ad70152b006cb8679fc81c764f;
			};
		};
/* End XCRemoteSwiftPackageReference section */

/* Begin XCSwiftPackageProductDependency section */
		2D9F2963A37C7837469D7132 /* SwiftTerm */ = {
			isa = XCSwiftPackageProductDependency;
			package = BF5511D7089969B8A0C474F9 /* XCRemoteSwiftPackageReference "SwiftTerm" */;
			productName = SwiftTerm;
		};
		D6224FD195F77F58C0FFEAB0 /* SwiftTerm */ = {
			isa = XCSwiftPackageProductDependency;
			package = BF5511D7089969B8A0C474F9 /* XCRemoteSwiftPackageReference "SwiftTerm" */;
			productName = SwiftTerm;
		};
/* End XCSwiftPackageProductDependency section */
	};
	rootObject = BA5FF62A1C2D07869840EC6C /* Project object */;
}
