// !$*UTF8*$!
{
	archiveVersion = 1;
	classes = {
	};
	objectVersion = 46;
	objects = {

/* Begin PBXBuildFile section */
		02246D17028C519A0456FEE4 /* LocalizationHelpers.swift in Sources */ = {isa = PBXBuildFile; fileRef = 59ED4B4AF2D736C80A2DCDAB /* LocalizationHelpers.swift */; };
		06288998C0581E578B0376A5 /* TerminalAIModels.swift in Sources */ = {isa = PBXBuildFile; fileRef = 704142E5FBEC5E14374C4D6F /* TerminalAIModels.swift */; };
		0682DF65422484B0BEFECBF2 /* FileManagerWorkspaceWindow.swift in Sources */ = {isa = PBXBuildFile; fileRef = 2FE1E2C62AD95244176F0101 /* FileManagerWorkspaceWindow.swift */; };
		06C34A1A04F3C74C1AE45EE0 /* RemoraEditorWebView.swift in Sources */ = {isa = PBXBuildFile; fileRef = E2CE9E41D4E89186E3DBCD1F /* RemoraEditorWebView.swift */; };
		07E97C0D0A78C5B4350A08A5 /* TerminalSessionDescriptor.swift in Sources */ = {isa = PBXBuildFile; fileRef = EFBD1B6C62D8844E30E83B9B /* TerminalSessionDescriptor.swift */; };
		08654CDBA4F7ECA4A1981CDE /* Security.framework in Frameworks */ = {isa = PBXBuildFile; fileRef = EAD66DFAA819D2F7F0499E8C /* Security.framework */; };
		094CF98332F1525A354B0DDC /* libRemoraTerminal.a in Frameworks */ = {isa = PBXBuildFile; fileRef = 6FBCCDA88193363625A03A5E /* libRemoraTerminal.a */; };
		0B7BADA6E8EEACB635404DAB /* ZmodemConstants.swift in Sources */ = {isa = PBXBuildFile; fileRef = A9DACB2BDEFC496EC46C9CD0 /* ZmodemConstants.swift */; };
		0BBBC7048D11DEC268F45C96 /* ContentView.swift in Sources */ = {isa = PBXBuildFile; fileRef = C8320FDC03980E952D5BCBB5 /* ContentView.swift */; };
		0C643AB5C4D5A078D48E1BF5 /* FileManagerWindowToolbar.swift in Sources */ = {isa = PBXBuildFile; fileRef = 6554A68F6F2DDDF912EB5F94 /* FileManagerWindowToolbar.swift */; };
		0F0E82AF653B9A966C2BEF05 /* TerminalAIService.swift in Sources */ = {isa = PBXBuildFile; fileRef = 5F71C4EB2761E15EEB325FA9 /* TerminalAIService.swift */; };
		104EFE523EA79F13D7FD5163 /* ZmodemTransferCoordinator.swift in Sources */ = {isa = PBXBuildFile; fileRef = 81E8B3D67F1C2D58455F0972 /* ZmodemTransferCoordinator.swift */; };
		12B8AADF44C737BE50EF604A /* RemotePermissionsEditorSheet.swift in Sources */ = {isa = PBXBuildFile; fileRef = 0D96C1DADC8B8BF86600B07B /* RemotePermissionsEditorSheet.swift */; };
		14043704221074854E645888 /* WorkspaceViewModel.swift in Sources */ = {isa = PBXBuildFile; fileRef = D6A9CAADB56122A2027F5556 /* WorkspaceViewModel.swift */; };
		1450C6FC9003AFAC30C7208D /* RemoteFilePropertiesSheet.swift in Sources */ = {isa = PBXBuildFile; fileRef = C809803CDF4640797B9DA20D /* RemoteFilePropertiesSheet.swift */; };
		160D6EF2F189DC740C7B3D31 /* ExtensionScriptRunner.swift in Sources */ = {isa = PBXBuildFile; fileRef = BE7E57DBA6FE098FE0D6171B /* ExtensionScriptRunner.swift */; };
		19B3A0A4FDD30CCE05A358AB /* libRemoraCore.a in Frameworks */ = {isa = PBXBuildFile; fileRef = 4C6C1C7A34FAD32B6821B491 /* libRemoraCore.a */; };
		19EB9CA127FDE96B661BACA9 /* RemoraEditorCoordinator.swift in Sources */ = {isa = PBXBuildFile; fileRef = E29C33EA029E7F09BE6F20DC /* RemoraEditorCoordinator.swift */; };
		1E79158216D6274C00F43EBD /* HostPasswordStorage.swift in Sources */ = {isa = PBXBuildFile; fileRef = B55DA881D88FD820235B8786 /* HostPasswordStorage.swift */; };
		1ECAFBFFC528D1061F58F67A /* DockerLiveLogSheet.swift in Sources */ = {isa = PBXBuildFile; fileRef = 175FABA00171A2E7E0662079 /* DockerLiveLogSheet.swift */; };
		21EE2FE457CFBEF8262546F2 /* SFTPProtocols.swift in Sources */ = {isa = PBXBuildFile; fileRef = C5EF5F5E18113A0930B7B039 /* SFTPProtocols.swift */; };
		2428EF4B45AB2728C2D7C10A /* QuickCommandExecution.swift in Sources */ = {isa = PBXBuildFile; fileRef = DD3A4BAF9E0F5ACA65E0BD05 /* QuickCommandExecution.swift */; };
		24E29DDD7F7F11B7E279F064 /* AppKitCodeMirrorCoordinator.swift in Sources */ = {isa = PBXBuildFile; fileRef = 201EA8463E132EFDFD588326 /* AppKitCodeMirrorCoordinator.swift */; };
		256F0F1DB3C2ED5CF18F4ABB /* libRemoraCore.a in Frameworks */ = {isa = PBXBuildFile; fileRef = 4C6C1C7A34FAD32B6821B491 /* libRemoraCore.a */; };
		27200B27984D8E5F05B67880 /* FocusableCodeMirrorWebView.swift in Sources */ = {isa = PBXBuildFile; fileRef = 09E5D556741121EC34204531 /* FocusableCodeMirrorWebView.swift */; };
		2798631BE9BEC2EECC70CE6D /* UpdateChecker.strings in Resources */ = {isa = PBXBuildFile; fileRef = 38ED46D6DAA366D300B758FB /* UpdateChecker.strings */; };
		2971EAB99095DAE66FC00233 /* RemoteLogViewerSheet.swift in Sources */ = {isa = PBXBuildFile; fileRef = CC10CC2FCF3965A762902EB1 /* RemoteLogViewerSheet.swift */; };
		2A5BD71437B2BB68EC9E0E4E /* ContentViewSheets.swift in Sources */ = {isa = PBXBuildFile; fileRef = F9DDB10199D4743B97F248E0 /* ContentViewSheets.swift */; };
		2AFCB851878CA85AA4C4DDEC /* TerminalPaneView.swift in Sources */ = {isa = PBXBuildFile; fileRef = AC528ABABC108C4E179D1904 /* TerminalPaneView.swift */; };
		2CFA1D82649AA909321AF184 /* MirroredRemoraEditorView.swift in Sources */ = {isa = PBXBuildFile; fileRef = D686D46C50CF158763A4993D /* MirroredRemoraEditorView.swift */; };
		2DF7F13193A035ADC56684D8 /* RemoteDirectoryChooserSheet.swift in Sources */ = {isa = PBXBuildFile; fileRef = 14B414BA0F4EA0F84A8243AD /* RemoteDirectoryChooserSheet.swift */; };
		2F80A46766C39DF3A0905EF7 /* HostKeyStore.swift in Sources */ = {isa = PBXBuildFile; fileRef = 717610ED8592ADBEE698E9F9 /* HostKeyStore.swift */; };
		2FC6046ED7109B834979F3C8 /* TerminalPromptBoundaryProcessor.swift in Sources */ = {isa = PBXBuildFile; fileRef = 6EEDEF735D2E016EA77E5DFB /* TerminalPromptBoundaryProcessor.swift */; };
		311983D3B4094D08B485FF59 /* ServerMetricsPanel.swift in Sources */ = {isa = PBXBuildFile; fileRef = 9BCF8900E8883D72E0DAE007 /* ServerMetricsPanel.swift */; };
		3438611FF902425A971D92C8 /* EditorLanguage.swift in Sources */ = {isa = PBXBuildFile; fileRef = FF784A257C07FAF38EADD02D /* EditorLanguage.swift */; };
		359DB3E1068EE2B1FDFFB4E4 /* CredentialStore.swift in Sources */ = {isa = PBXBuildFile; fileRef = 21AB0BDF902B72B2F51AB5E6 /* CredentialStore.swift */; };
		3765F7EE4C5B8CC17291985D /* AppSettings.swift in Sources */ = {isa = PBXBuildFile; fileRef = 0B889845D0619C8CD1E0B469 /* AppSettings.swift */; };
		37FD3823E450BCA29FB999DE /* TerminalAIAssistantCoordinator.swift in Sources */ = {isa = PBXBuildFile; fileRef = F46374B87D742354B7B542FD /* TerminalAIAssistantCoordinator.swift */; };
		38FD75A6B252459E9DB1EF26 /* ZmodemFrame.swift in Sources */ = {isa = PBXBuildFile; fileRef = 5A334FA51EB13CC5EE621832 /* ZmodemFrame.swift */; };
		3B0D6FDB8F863103450B089B /* RingByteBuffer.swift in Sources */ = {isa = PBXBuildFile; fileRef = B4722578B31DA3B8E480D362 /* RingByteBuffer.swift */; };
		3C04636D58DAFE51CFD78B22 /* Localizable.strings in Resources */ = {isa = PBXBuildFile; fileRef = 1DD0E57B132AD28CADD1C587 /* Localizable.strings */; };
		3C5DD39EC74D35F14DAEA0E9 /* LocalShellClient.swift in Sources */ = {isa = PBXBuildFile; fileRef = DA2EF8A1E793E149C8373DFD /* LocalShellClient.swift */; };
		40273A12A6D1EE9DB8CECC51 /* TerminalSmartAssistNotificationState.swift in Sources */ = {isa = PBXBuildFile; fileRef = 8E5B0AC2F35A142654FA4D7A /* TerminalSmartAssistNotificationState.swift */; };
		41189C90A4F6CE88B68026A7 /* EditorCommand.swift in Sources */ = {isa = PBXBuildFile; fileRef = 041F08FB325C1A0F7750A1F1 /* EditorCommand.swift */; };
		43934E77F2B396017A8618D5 /* RemotePermissionsEditorViewModel.swift in Sources */ = {isa = PBXBuildFile; fileRef = B273BE58F8D2882FD5A9666E /* RemotePermissionsEditorViewModel.swift */; };
		47145F0BE857096EE3530DEE /* DockerPanelViewModel.swift in Sources */ = {isa = PBXBuildFile; fileRef = 490A298F3A514023B49715EE /* DockerPanelViewModel.swift */; };
		47D5656AABEAD03F312DB3B5 /* DockerModels.swift in Sources */ = {isa = PBXBuildFile; fileRef = BBE288425D48AA2860F8B326 /* DockerModels.swift */; };
		47DD5591C63151F9E5EF1A26 /* AppKeyboardShortcuts.swift in Sources */ = {isa = PBXBuildFile; fileRef = 417FE0C1D17A8E758A586B02 /* AppKeyboardShortcuts.swift */; };
		494AD002598A3412FDCDFC01 /* MockSFTPClient.swift in Sources */ = {isa = PBXBuildFile; fileRef = 5191782B0B56B71C781F6072 /* MockSFTPClient.swift */; };
		49D8E2E0E7387BE4BA9354EB /* ZmodemEngine.swift in Sources */ = {isa = PBXBuildFile; fileRef = 84700D1B924081770348FDFE /* ZmodemEngine.swift */; };
		4AF875986D8093CFD8F68505 /* HostConnectionClipboardBuilder.swift in Sources */ = {isa = PBXBuildFile; fileRef = EAF073B767792C907814CFB2 /* HostConnectionClipboardBuilder.swift */; };
		4DD83687E1D08E4E819ACA78 /* SystemSSHClient.swift in Sources */ = {isa = PBXBuildFile; fileRef = FE28C1C954B81EE052472B31 /* SystemSSHClient.swift */; };
		506F5422D7EACA674A480287 /* RemoteLogViewerViewModel.swift in Sources */ = {isa = PBXBuildFile; fileRef = 339B232AC1A7FD54BBD02787 /* RemoteLogViewerViewModel.swift */; };
		50CAFB060D4AF676869F6335 /* SystemSFTPClient.swift in Sources */ = {isa = PBXBuildFile; fileRef = C29D14AB316B8489748C23B9 /* SystemSFTPClient.swift */; };
		512EF23DD4197058FCEF0C81 /* DockerCommandService.swift in Sources */ = {isa = PBXBuildFile; fileRef = 2D39B8B5DB2CBA8201A8BD83 /* DockerCommandService.swift */; };
		5257E6E9BFF4F60C8657449D /* ContentViewActions.swift in Sources */ = {isa = PBXBuildFile; fileRef = ECF3EF6627E11C858AECD504 /* ContentViewActions.swift */; };
		53BA8518130E5321CFF420F8 /* RemoteCompressSheet.swift in Sources */ = {isa = PBXBuildFile; fileRef = 91EA9BB8C4D323389F506128 /* RemoteCompressSheet.swift */; };
		5653B5B7F14FF685D4D3A34A /* PortForwardCenter.swift in Sources */ = {isa = PBXBuildFile; fileRef = 59E94A7D7D73D4A1A7084155 /* PortForwardCenter.swift */; };
		5717335903829E17F80B0A93 /* AISettingsStore.swift in Sources */ = {isa = PBXBuildFile; fileRef = C04ACA0CDDA8A028940254FE /* AISettingsStore.swift */; };
		5743DF52C1FAE6AD59CDFD6B /* SessionMetricsTooltip.swift in Sources */ = {isa = PBXBuildFile; fileRef = 03BF6453D51E12B0C898ED2B /* SessionMetricsTooltip.swift */; };
		57950CB810CB41077988BA55 /* ByteSizeFormatter.swift in Sources */ = {isa = PBXBuildFile; fileRef = 5FDC9138A24314B30EDFE418 /* ByteSizeFormatter.swift */; };
		584F61D62883315A7C12F942 /* SwiftTerm in Frameworks */ = {isa = PBXBuildFile; productRef = 30E061B0517AB9C9C9F95D6C /* SwiftTerm */; };
		589845E30D5F1BB54EDF10A2 /* Cocoa.framework in Frameworks */ = {isa = PBXBuildFile; fileRef = C65CF8C5B9BBF6D051186BF0 /* Cocoa.framework */; };
		5A2D0C1C9E990D2602EB7186 /* ZmodemDetector.swift in Sources */ = {isa = PBXBuildFile; fileRef = 8B3598CB73A02BF659BE72D6 /* ZmodemDetector.swift */; };
		5C38D5BC126FE99A70BBF960 /* HostConnectionImportSource.swift in Sources */ = {isa = PBXBuildFile; fileRef = 6F552F9C6CE21F4FF82637F5 /* HostConnectionImportSource.swift */; };
		5C6C1AB42E7A69154BDF6CB5 /* ContentViewSessionComponents.swift in Sources */ = {isa = PBXBuildFile; fileRef = 8053E6E579ECB11380B23472 /* ContentViewSessionComponents.swift */; };
		5C9F13A855BCA425130C1DDF /* Host.swift in Sources */ = {isa = PBXBuildFile; fileRef = BFF48EB806A29B14314309AA /* Host.swift */; };
		5E8E10BD354CA280D458C8F5 /* DisconnectedSFTPClient.swift in Sources */ = {isa = PBXBuildFile; fileRef = 853D0E7D21316EE0AEC71384 /* DisconnectedSFTPClient.swift */; };
		5EC70129637E8C0BD07B6280 /* RemoteArchiveSupport.swift in Sources */ = {isa = PBXBuildFile; fileRef = 3618BA77673B42F637E8AEB7 /* RemoteArchiveSupport.swift */; };
		5F0728FECBA9861EBFB2A367 /* SSHCompatibilityProfile.swift in Sources */ = {isa = PBXBuildFile; fileRef = C2B878F57A34B3B5703B179B /* SSHCompatibilityProfile.swift */; };
		5F958930D935155764A7E642 /* ZmodemSendEngine.swift in Sources */ = {isa = PBXBuildFile; fileRef = 9788B05F52C54BC81AD62B10 /* ZmodemSendEngine.swift */; };
		60709855D6B7987A6C88560C /* LogManager.swift in Sources */ = {isa = PBXBuildFile; fileRef = 5100F07E28A7509328E5E1D4 /* LogManager.swift */; };
		60D105C7119400BE73E6C593 /* TerminalView.swift in Sources */ = {isa = PBXBuildFile; fileRef = A85BB51DF9C613D0BEBC098D /* TerminalView.swift */; };
		631D539659E971791836F9D1 /* FileManagerDownloadsPopoverView.swift in Sources */ = {isa = PBXBuildFile; fileRef = 92C24F971BA2B2D8FE6AC3B8 /* FileManagerDownloadsPopoverView.swift */; };
		67012D2CA3DC59A2BD95F748 /* SSHProtocols.swift in Sources */ = {isa = PBXBuildFile; fileRef = C4EA01AB817F1C1A39F3AA12 /* SSHProtocols.swift */; };
		67363CF0A37938FCADEE3810 /* RemoraJSONFileStore.swift in Sources */ = {isa = PBXBuildFile; fileRef = 4B688F3A1D5B873FA6DC7B8F /* RemoraJSONFileStore.swift */; };
		69CB8BA422579AB486BD55C2 /* HostConnectionImporter.swift in Sources */ = {isa = PBXBuildFile; fileRef = 0666EEB96D18654B0CFCFB21 /* HostConnectionImporter.swift */; };
		6C8ED833B2EBB61A4AA392E2 /* EditorEvent.swift in Sources */ = {isa = PBXBuildFile; fileRef = F864725A5591E3EA337016B1 /* EditorEvent.swift */; };
		6FAB3E21BFFC9D943ACCB1FE /* RemoraSettingsSheet.swift in Sources */ = {isa = PBXBuildFile; fileRef = 646A6846E4EC8BCD1147CC0F /* RemoraSettingsSheet.swift */; };
		6FB58147851A49023438C6B9 /* TerminalRuntime.swift in Sources */ = {isa = PBXBuildFile; fileRef = BE72A05B4BB0A7D424CE26F9 /* TerminalRuntime.swift */; };
		76400086EF01A55746393C5B /* AppPreferences.swift in Sources */ = {isa = PBXBuildFile; fileRef = 0529FE305963323310E618B3 /* AppPreferences.swift */; };
		7703953AEB679B15F1A4996B /* ArchiveSupport.swift in Sources */ = {isa = PBXBuildFile; fileRef = B9A4BD69B7D612DD26EC7732 /* ArchiveSupport.swift */; };
		779570227061C6E7CCD4C14F /* OpenSSHPortForwardClient.swift in Sources */ = {isa = PBXBuildFile; fileRef = DE5EAADC2941D1C6CB5F8437 /* OpenSSHPortForwardClient.swift */; };
		795F4CAA77035E1F1CE0182C /* ExtensionScriptRunnerViewModel.swift in Sources */ = {isa = PBXBuildFile; fileRef = 2C9F52D7152AD5321D30717B /* ExtensionScriptRunnerViewModel.swift */; };
		7A05E875DED93E840412CE65 /* SSHConnectionReuse.swift in Sources */ = {isa = PBXBuildFile; fileRef = 3EC3BA9111568EB97D7EED26 /* SSHConnectionReuse.swift */; };
		7BA2F7B397C06517C70785C9 /* RemoraConfigPaths.swift in Sources */ = {isa = PBXBuildFile; fileRef = 24522D8382D3868D6FDD3D0D /* RemoraConfigPaths.swift */; };
		802C02F5149C99ABBC26B5E9 /* TerminalAIAssistantView.swift in Sources */ = {isa = PBXBuildFile; fileRef = 6A52949638CF63E2585782E7 /* TerminalAIAssistantView.swift */; };
		80D01C6839B14563FADDD936 /* TransferCenter.swift in Sources */ = {isa = PBXBuildFile; fileRef = D70AA492A518887A363D9594 /* TransferCenter.swift */; };
		82EC6B60325592DEE43ACBA0 /* ExtensionScriptViews.swift in Sources */ = {isa = PBXBuildFile; fileRef = 75FD92777D31E537C61C4E8E /* ExtensionScriptViews.swift */; };
		8623DC0C5D37329D9B6008DA /* TerminalAIComposerInputView.swift in Sources */ = {isa = PBXBuildFile; fileRef = 1C9946105BFAB38F7EE0CC25 /* TerminalAIComposerInputView.swift */; };
		9067BB3B626F406983B12461 /* UpdateChecker.swift in Sources */ = {isa = PBXBuildFile; fileRef = B56D19F32CAEDD80D2E70EC3 /* UpdateChecker.swift */; };
		924FDFFD7324CC79882A6621 /* FileTransferViewModel.swift in Sources */ = {isa = PBXBuildFile; fileRef = 251F052C5E8BEBE20623EA41 /* FileTransferViewModel.swift */; };
		9268003AC660BA82FD63571F /* OpenSSHLaunchBuilder.swift in Sources */ = {isa = PBXBuildFile; fileRef = 027450808D2A4AC807A36876 /* OpenSSHLaunchBuilder.swift */; };
		9931D73504C364C3DE39B99C /* VisualStyle.swift in Sources */ = {isa = PBXBuildFile; fileRef = 992043DF363F53735AD8ADD8 /* VisualStyle.swift */; };
		99D1CE03B56D10B55F31A808 /* ExtensionScriptStore.swift in Sources */ = {isa = PBXBuildFile; fileRef = 29E03DB747E1F5797E6BBCFE /* ExtensionScriptStore.swift */; };
		9D87C418CBA374A8D99DEEC7 /* ExtensionScriptAppStore.swift in Sources */ = {isa = PBXBuildFile; fileRef = F3782C8FD9AD31B5736E8DCA /* ExtensionScriptAppStore.swift */; };
		9FFFF53220BEE28E03A3B436 /* SwiftTerm in Frameworks */ = {isa = PBXBuildFile; productRef = 24DFCEAC5EEC91BD74C9E95F /* SwiftTerm */; };
		A2DC07ADB44CA3894944D6F6 /* ContextMenuPresentation.swift in Sources */ = {isa = PBXBuildFile; fileRef = E8D8E4A3613FF89E2187E541 /* ContextMenuPresentation.swift */; };
		A6F563AAB9E70F2161F37D0F /* AppLanguage.swift in Sources */ = {isa = PBXBuildFile; fileRef = CBA93EB4E2841B6BF2967BB7 /* AppLanguage.swift */; };
		A9525167BAC8B85F186FEAD4 /* DockerPanelView.swift in Sources */ = {isa = PBXBuildFile; fileRef = 263CA9A48F9637AC98867922 /* DockerPanelView.swift */; };
		A99E7870A521D59D9830C512 /* ServerMetricsCenter.swift in Sources */ = {isa = PBXBuildFile; fileRef = 7CF7C4E183642615855C25AA /* ServerMetricsCenter.swift */; };
		A9BD6BF89E3D6F1C6F844B5F /* RemoteListSelection.swift in Sources */ = {isa = PBXBuildFile; fileRef = 2FCBEBDEAC0BE13B9D6082D8 /* RemoteListSelection.swift */; };
		A9F315F33CAB365E8352C5A7 /* RemoteDropRouting.swift in Sources */ = {isa = PBXBuildFile; fileRef = CA3FC121EBD0BED5280EAFE1 /* RemoteDropRouting.swift */; };
		AE55C1DBA5CDBEEF603EDBAA /* SSHControlMasterCleanup.swift in Sources */ = {isa = PBXBuildFile; fileRef = 6664860F8C4889DA8E339D0D /* SSHControlMasterCleanup.swift */; };
		AFC224922C36E49B9C01017F /* RemoteFilePropertiesViewModel.swift in Sources */ = {isa = PBXBuildFile; fileRef = BC62859C3CDE75D4BD335A37 /* RemoteFilePropertiesViewModel.swift */; };
		B28F17AE42D2C24E8B01292A /* ServerMonitoringSortOrder.swift in Sources */ = {isa = PBXBuildFile; fileRef = 9EED2E20359C03F955ECCDF7 /* ServerMonitoringSortOrder.swift */; };
		B4E35376941A6A65A249B046 /* AppKit.framework in Frameworks */ = {isa = PBXBuildFile; fileRef = CE02F2AA3EF2C464146F6B97 /* AppKit.framework */; };
		B555D31AEF510AA69BCE71AE /* PerformanceMetrics.swift in Sources */ = {isa = PBXBuildFile; fileRef = E39D08C7DCAA5F1DE37D8675 /* PerformanceMetrics.swift */; };
		B67DB7C32AC18DD816F948EF /* RemoteTextEditorViewModel.swift in Sources */ = {isa = PBXBuildFile; fileRef = 0A39B618F64DE253602C0F38 /* RemoteTextEditorViewModel.swift */; };
		B7EFA1106C76A6C50C0D1183 /* HostConnectionExporter.swift in Sources */ = {isa = PBXBuildFile; fileRef = 8CF61264DB02E7311289B65C /* HostConnectionExporter.swift */; };
		BBFED2DA4F33E99A423F5614 /* SessionManagerProtocol.swift in Sources */ = {isa = PBXBuildFile; fileRef = 423D7B0914AA931080FCD17D /* SessionManagerProtocol.swift */; };
		BDA27FF6441647471AC8299A /* EditorBridge.swift in Sources */ = {isa = PBXBuildFile; fileRef = 51D0F37374F860E317666EB4 /* EditorBridge.swift */; };
		C0A20FCD93E6E1371DAA3C11 /* DockerWorkspaceWindow.swift in Sources */ = {isa = PBXBuildFile; fileRef = B4C474C7DA087BE5E0594C9D /* DockerWorkspaceWindow.swift */; };
		C34E69E520CBFCEBB094416B /* RemoteExtractSheet.swift in Sources */ = {isa = PBXBuildFile; fileRef = 82DDAF20CC1FE5BB5853E5C1 /* RemoteExtractSheet.swift */; };
		C6BB97C8BFD05224B8BDABC1 /* RemoteTextEditorWindow.swift in Sources */ = {isa = PBXBuildFile; fileRef = ECA07FA6CF253650E5164168 /* RemoteTextEditorWindow.swift */; };
		C6E241D9D8C23B7056106D8A /* HostCatalogPersistence.swift in Sources */ = {isa = PBXBuildFile; fileRef = 8B0D41C074BC2E8AD4A9D6DD /* HostCatalogPersistence.swift */; };
		C8D61882AC0157AD2F612985 /* AISettings.swift in Sources */ = {isa = PBXBuildFile; fileRef = 9C1078318806F74CDA067565 /* AISettings.swift */; };
		C9C0B3EEFE731C770B520040 /* ContentViewSidebarComponents.swift in Sources */ = {isa = PBXBuildFile; fileRef = EC004F2B6272F53778972B54 /* ContentViewSidebarComponents.swift */; };
		CB2867EA7A6F0BF86F7F51A0 /* ViewScreenAnchorRegistry.swift in Sources */ = {isa = PBXBuildFile; fileRef = C3FBA681C0FCEF4AB3B4A092 /* ViewScreenAnchorRegistry.swift */; };
		CC44F4DEC827E0C4069EEF50 /* RemoteFileModels.swift in Sources */ = {isa = PBXBuildFile; fileRef = 7897A735F3E9E0C44FB45D66 /* RemoteFileModels.swift */; };
		CC54FAB3E29BBFD5334DCE2B /* WebEditor in Resources */ = {isa = PBXBuildFile; fileRef = 4600E30B33C340F95ED4A073 /* WebEditor */; };
		CC9E568D2F4F7E3E39B4894A /* CrossWindowFlyAnimator.swift in Sources */ = {isa = PBXBuildFile; fileRef = 462DE71D744996B934A15B32 /* CrossWindowFlyAnimator.swift */; };
		CE32A70752E549EA14FF34D9 /* TerminalViewRepresentable.swift in Sources */ = {isa = PBXBuildFile; fileRef = 64B45FB675BE8BFE32A9D60A /* TerminalViewRepresentable.swift */; };
		D06F028384922779440A85FA /* AppKit.framework in Frameworks */ = {isa = PBXBuildFile; fileRef = CE02F2AA3EF2C464146F6B97 /* AppKit.framework */; };
		D2256DCF4A25D9B4EF9AFF60 /* RemoteLiveLogWindow.swift in Sources */ = {isa = PBXBuildFile; fileRef = 2D832FEA151CCD188B930F1C /* RemoteLiveLogWindow.swift */; };
		D4255DFA98DB1C0CA99A1428 /* OpenSSHRemoteShellIntegrationInstaller.swift in Sources */ = {isa = PBXBuildFile; fileRef = 033F16536C0A0EF1347F3C9E /* OpenSSHRemoteShellIntegrationInstaller.swift */; };
		D4287FDC3D14652453DDF031 /* EditorDocumentDescriptor.swift in Sources */ = {isa = PBXBuildFile; fileRef = 46083D3EA6C92D2061DEF87B /* EditorDocumentDescriptor.swift */; };
		D52A98B28ED4AA9BCBE69511 /* TransferQueuePresentationState.swift in Sources */ = {isa = PBXBuildFile; fileRef = 8E3047375BE9855B084D844A /* TransferQueuePresentationState.swift */; };
		D643A18EE5941F406B0078B6 /* AppAppearance.swift in Sources */ = {isa = PBXBuildFile; fileRef = CBFE6E2A374B0E9CD759D236 /* AppAppearance.swift */; };
		D953DE4A4992E43CE91E35B9 /* CoreText.framework in Frameworks */ = {isa = PBXBuildFile; fileRef = C541A0AB5F467ACB486E770F /* CoreText.framework */; };
		D9C3D7FD237A92F30A2E3D4A /* SwiftUI.framework in Frameworks */ = {isa = PBXBuildFile; fileRef = 9920ED81EBE7DFCA85BB924C /* SwiftUI.framework */; };
		DAA157D7BBF849BA7A066F5D /* RemoraAppMain.swift in Sources */ = {isa = PBXBuildFile; fileRef = 34BE93C5B97FBE70F6F74B79 /* RemoraAppMain.swift */; };
		DB6C251916ACDE4B241E7E4A /* QuartzCore.framework in Frameworks */ = {isa = PBXBuildFile; fileRef = 176059A74BE34BC84F244C72 /* QuartzCore.framework */; };
		DCFF1CBACF1B11E10E34EF1F /* ContentViewLayout.swift in Sources */ = {isa = PBXBuildFile; fileRef = E27543D1BAA12725C48982A1 /* ContentViewLayout.swift */; };
		E05703ACAC9CAB225C259CD0 /* ContentViewSupport.swift in Sources */ = {isa = PBXBuildFile; fileRef = 9642F8F5C2B7E3EEF9D4C33F /* ContentViewSupport.swift */; };
		E1B648D31B5FE541BC08250D /* TerminalDirectorySyncBridge.swift in Sources */ = {isa = PBXBuildFile; fileRef = 51917F9C48711108087B03EF /* TerminalDirectorySyncBridge.swift */; };
		E2E40810802182A6CB3F9C4F /* FileManagerLegacyFormatting.swift in Sources */ = {isa = PBXBuildFile; fileRef = E937BAB390D60F7D8727C918 /* FileManagerLegacyFormatting.swift */; };
		E460B5D7FD93873893067BD1 /* HostCatalog.swift in Sources */ = {isa = PBXBuildFile; fileRef = 16206F7A659DFC2EC2841CA7 /* HostCatalog.swift */; };
		E6145D01743EB06F8E299D3C /* FileTransferDiagnostics.swift in Sources */ = {isa = PBXBuildFile; fileRef = 55C46B6B66B09FA2E46EAAEE /* FileTransferDiagnostics.swift */; };
		E65FCF5E6306130D7B75094B /* MockSSHClient.swift in Sources */ = {isa = PBXBuildFile; fileRef = BC33992EBB8C1BD09029928C /* MockSSHClient.swift */; };
		E813125E526784ACC0D3061F /* AppKitCodeMirrorEditorViewController.swift in Sources */ = {isa = PBXBuildFile; fileRef = 2DFFACBF3AF9A90785F239DE /* AppKitCodeMirrorEditorViewController.swift */; };
		E96A8F251DF9237F6B83C9B5 /* ConnectionInfoPasswordCopyConsentGate.swift in Sources */ = {isa = PBXBuildFile; fileRef = DEA468198B9343B106F8A0C6 /* ConnectionInfoPasswordCopyConsentGate.swift */; };
		EC5ADDE02373A545FBB7E1A6 /* FileManagerContextMenuPolicy.swift in Sources */ = {isa = PBXBuildFile; fileRef = 8D38D88853A1D37F3E8F782E /* FileManagerContextMenuPolicy.swift */; };
		ED67682B5AEADC4F4F6A1B23 /* Assets.xcassets in Resources */ = {isa = PBXBuildFile; fileRef = 544A977C7B32514CBD274ACF /* Assets.xcassets */; };
		EFD713857536F37D447D747E /* RemoraEditorView.swift in Sources */ = {isa = PBXBuildFile; fileRef = 2B1F5AD07C0B12171E233D20 /* RemoraEditorView.swift */; };
		F384C60D8D4241595081CF99 /* FileManagerWindowSplitController.swift in Sources */ = {isa = PBXBuildFile; fileRef = 763DBE5BEB8385C9A38D972C /* FileManagerWindowSplitController.swift */; };
		F4286342F7BFE1EDCED0CE3D /* ExtensionScript.swift in Sources */ = {isa = PBXBuildFile; fileRef = D6F1E0D68A2415C393EAE68C /* ExtensionScript.swift */; };
		F9C38172076D1B007369854F /* SessionManager.swift in Sources */ = {isa = PBXBuildFile; fileRef = CB456647EB8F7CCA08DADEB9 /* SessionManager.swift */; };
		FAEDCFCACBF42E6EB716FBCC /* ServerStatusWindow.swift in Sources */ = {isa = PBXBuildFile; fileRef = 813F7DB1D96404AFD5E1A205 /* ServerStatusWindow.swift */; };
		FBD12BE60768CDD9DB4C8585 /* L10n.swift in Sources */ = {isa = PBXBuildFile; fileRef = 97F318C1F80F68AF3A268695 /* L10n.swift */; };
/* End PBXBuildFile section */

/* Begin PBXContainerItemProxy section */
		21276E21B39CB78FFF7E5D57 /* PBXContainerItemProxy */ = {
			isa = PBXContainerItemProxy;
			containerPortal = 9073528E81A54C37899DD14F /* Project object */;
			proxyType = 1;
			remoteGlobalIDString = EA039851287B9B22787A5DC7;
			remoteInfo = RemoraTerminal;
		};
		A7FC62B54D57BE7C8F70D7FF /* PBXContainerItemProxy */ = {
			isa = PBXContainerItemProxy;
			containerPortal = 9073528E81A54C37899DD14F /* Project object */;
			proxyType = 1;
			remoteGlobalIDString = 0B9336AD311ABBC723E52285;
			remoteInfo = RemoraCore;
		};
		F21793FC4076CE5478495C56 /* PBXContainerItemProxy */ = {
			isa = PBXContainerItemProxy;
			containerPortal = 9073528E81A54C37899DD14F /* Project object */;
			proxyType = 1;
			remoteGlobalIDString = 0B9336AD311ABBC723E52285;
			remoteInfo = RemoraCore;
		};
/* End PBXContainerItemProxy section */

/* Begin PBXFileReference section */
		027450808D2A4AC807A36876 /* OpenSSHLaunchBuilder.swift */ = {isa = PBXFileReference; includeInIndex = 1; lastKnownFileType = sourcecode.swift; name = OpenSSHLaunchBuilder.swift; path = SSH/OpenSSHLaunchBuilder.swift; sourceTree = "<group>"; };
		033F16536C0A0EF1347F3C9E /* OpenSSHRemoteShellIntegrationInstaller.swift */ = {isa = PBXFileReference; includeInIndex = 1; lastKnownFileType = sourcecode.swift; name = OpenSSHRemoteShellIntegrationInstaller.swift; path = SSH/OpenSSHRemoteShellIntegrationInstaller.swift; sourceTree = "<group>"; };
		03BF6453D51E12B0C898ED2B /* SessionMetricsTooltip.swift */ = {isa = PBXFileReference; includeInIndex = 1; lastKnownFileType = sourcecode.swift; path = SessionMetricsTooltip.swift; sourceTree = "<group>"; };
		041F08FB325C1A0F7750A1F1 /* EditorCommand.swift */ = {isa = PBXFileReference; includeInIndex = 1; lastKnownFileType = sourcecode.swift; name = EditorCommand.swift; path = Editor/EditorCommand.swift; sourceTree = "<group>"; };
		0529FE305963323310E618B3 /* AppPreferences.swift */ = {isa = PBXFileReference; includeInIndex = 1; lastKnownFileType = sourcecode.swift; path = AppPreferences.swift; sourceTree = "<group>"; };
		0666EEB96D18654B0CFCFB21 /* HostConnectionImporter.swift */ = {isa = PBXFileReference; includeInIndex = 1; lastKnownFileType = sourcecode.swift; path = HostConnectionImporter.swift; sourceTree = "<group>"; };
		09E5D556741121EC34204531 /* FocusableCodeMirrorWebView.swift */ = {isa = PBXFileReference; includeInIndex = 1; lastKnownFileType = sourcecode.swift; name = FocusableCodeMirrorWebView.swift; path = Editor/FocusableCodeMirrorWebView.swift; sourceTree = "<group>"; };
		0A0186AA84344C6F6036E2DD /* Remora.app */ = {isa = PBXFileReference; explicitFileType = wrapper.application; includeInIndex = 0; path = Remora.app; sourceTree = BUILT_PRODUCTS_DIR; };
		0A39B618F64DE253602C0F38 /* RemoteTextEditorViewModel.swift */ = {isa = PBXFileReference; includeInIndex = 1; lastKnownFileType = sourcecode.swift; path = RemoteTextEditorViewModel.swift; sourceTree = "<group>"; };
		0B889845D0619C8CD1E0B469 /* AppSettings.swift */ = {isa = PBXFileReference; includeInIndex = 1; lastKnownFileType = sourcecode.swift; path = AppSettings.swift; sourceTree = "<group>"; };
		0CD13978F3F654557164B649 /* Localizable.strings */ = {isa = PBXFileReference; includeInIndex = 1; lastKnownFileType = text.plist.strings; name = Localizable.strings; path = "zh-Hans.lproj/Localizable.strings"; sourceTree = "<group>"; };
		0D96C1DADC8B8BF86600B07B /* RemotePermissionsEditorSheet.swift */ = {isa = PBXFileReference; includeInIndex = 1; lastKnownFileType = sourcecode.swift; path = RemotePermissionsEditorSheet.swift; sourceTree = "<group>"; };
		14B414BA0F4EA0F84A8243AD /* RemoteDirectoryChooserSheet.swift */ = {isa = PBXFileReference; includeInIndex = 1; lastKnownFileType = sourcecode.swift; path = RemoteDirectoryChooserSheet.swift; sourceTree = "<group>"; };
		16206F7A659DFC2EC2841CA7 /* HostCatalog.swift */ = {isa = PBXFileReference; includeInIndex = 1; lastKnownFileType = sourcecode.swift; path = HostCatalog.swift; sourceTree = "<group>"; };
		175FABA00171A2E7E0662079 /* DockerLiveLogSheet.swift */ = {isa = PBXFileReference; includeInIndex = 1; lastKnownFileType = sourcecode.swift; path = DockerLiveLogSheet.swift; sourceTree = "<group>"; };
		176059A74BE34BC84F244C72 /* QuartzCore.framework */ = {isa = PBXFileReference; lastKnownFileType = wrapper.framework; name = QuartzCore.framework; path = Platforms/MacOSX.platform/Developer/SDKs/MacOSX10.15.sdk/System/Library/Frameworks/QuartzCore.framework; sourceTree = DEVELOPER_DIR; };
		19E1F6AE4B1A0E20D4E5ED7F /* UpdateChecker.strings */ = {isa = PBXFileReference; includeInIndex = 1; lastKnownFileType = text.plist.strings; name = UpdateChecker.strings; path = "zh-Hans.lproj/UpdateChecker.strings"; sourceTree = "<group>"; };
		1C9946105BFAB38F7EE0CC25 /* TerminalAIComposerInputView.swift */ = {isa = PBXFileReference; includeInIndex = 1; lastKnownFileType = sourcecode.swift; path = TerminalAIComposerInputView.swift; sourceTree = "<group>"; };
		201EA8463E132EFDFD588326 /* AppKitCodeMirrorCoordinator.swift */ = {isa = PBXFileReference; includeInIndex = 1; lastKnownFileType = sourcecode.swift; name = AppKitCodeMirrorCoordinator.swift; path = Editor/AppKitCodeMirrorCoordinator.swift; sourceTree = "<group>"; };
		21AB0BDF902B72B2F51AB5E6 /* CredentialStore.swift */ = {isa = PBXFileReference; includeInIndex = 1; lastKnownFileType = sourcecode.swift; name = CredentialStore.swift; path = Security/CredentialStore.swift; sourceTree = "<group>"; };
		24522D8382D3868D6FDD3D0D /* RemoraConfigPaths.swift */ = {isa = PBXFileReference; includeInIndex = 1; lastKnownFileType = sourcecode.swift; name = RemoraConfigPaths.swift; path = Config/RemoraConfigPaths.swift; sourceTree = "<group>"; };
		251F052C5E8BEBE20623EA41 /* FileTransferViewModel.swift */ = {isa = PBXFileReference; includeInIndex = 1; lastKnownFileType = sourcecode.swift; path = FileTransferViewModel.swift; sourceTree = "<group>"; };
		263CA9A48F9637AC98867922 /* DockerPanelView.swift */ = {isa = PBXFileReference; includeInIndex = 1; lastKnownFileType = sourcecode.swift; path = DockerPanelView.swift; sourceTree = "<group>"; };
		29E03DB747E1F5797E6BBCFE /* ExtensionScriptStore.swift */ = {isa = PBXFileReference; includeInIndex = 1; lastKnownFileType = sourcecode.swift; name = ExtensionScriptStore.swift; path = Extensions/ExtensionScriptStore.swift; sourceTree = "<group>"; };
		2B1F5AD07C0B12171E233D20 /* RemoraEditorView.swift */ = {isa = PBXFileReference; includeInIndex = 1; lastKnownFileType = sourcecode.swift; name = RemoraEditorView.swift; path = Editor/RemoraEditorView.swift; sourceTree = "<group>"; };
		2C9F52D7152AD5321D30717B /* ExtensionScriptRunnerViewModel.swift */ = {isa = PBXFileReference; includeInIndex = 1; lastKnownFileType = sourcecode.swift; path = ExtensionScriptRunnerViewModel.swift; sourceTree = "<group>"; };
		2D39B8B5DB2CBA8201A8BD83 /* DockerCommandService.swift */ = {isa = PBXFileReference; includeInIndex = 1; lastKnownFileType = sourcecode.swift; path = DockerCommandService.swift; sourceTree = "<group>"; };
		2D832FEA151CCD188B930F1C /* RemoteLiveLogWindow.swift */ = {isa = PBXFileReference; includeInIndex = 1; lastKnownFileType = sourcecode.swift; path = RemoteLiveLogWindow.swift; sourceTree = "<group>"; };
		2DFFACBF3AF9A90785F239DE /* AppKitCodeMirrorEditorViewController.swift */ = {isa = PBXFileReference; includeInIndex = 1; lastKnownFileType = sourcecode.swift; name = AppKitCodeMirrorEditorViewController.swift; path = Editor/AppKitCodeMirrorEditorViewController.swift; sourceTree = "<group>"; };
		2FCBEBDEAC0BE13B9D6082D8 /* RemoteListSelection.swift */ = {isa = PBXFileReference; includeInIndex = 1; lastKnownFileType = sourcecode.swift; path = RemoteListSelection.swift; sourceTree = "<group>"; };
		2FE1E2C62AD95244176F0101 /* FileManagerWorkspaceWindow.swift */ = {isa = PBXFileReference; includeInIndex = 1; lastKnownFileType = sourcecode.swift; path = FileManagerWorkspaceWindow.swift; sourceTree = "<group>"; };
		339B232AC1A7FD54BBD02787 /* RemoteLogViewerViewModel.swift */ = {isa = PBXFileReference; includeInIndex = 1; lastKnownFileType = sourcecode.swift; path = RemoteLogViewerViewModel.swift; sourceTree = "<group>"; };
		34BE93C5B97FBE70F6F74B79 /* RemoraAppMain.swift */ = {isa = PBXFileReference; includeInIndex = 1; lastKnownFileType = sourcecode.swift; path = RemoraAppMain.swift; sourceTree = "<group>"; };
		3618BA77673B42F637E8AEB7 /* RemoteArchiveSupport.swift */ = {isa = PBXFileReference; includeInIndex = 1; lastKnownFileType = sourcecode.swift; path = RemoteArchiveSupport.swift; sourceTree = "<group>"; };
		37C4C6D4CD66AE418F7FCB39 /* UpdateChecker.strings */ = {isa = PBXFileReference; includeInIndex = 1; lastKnownFileType = text.plist.strings; name = UpdateChecker.strings; path = en.lproj/UpdateChecker.strings; sourceTree = "<group>"; };
		3EC3BA9111568EB97D7EED26 /* SSHConnectionReuse.swift */ = {isa = PBXFileReference; includeInIndex = 1; lastKnownFileType = sourcecode.swift; name = SSHConnectionReuse.swift; path = SSH/SSHConnectionReuse.swift; sourceTree = "<group>"; };
		417FE0C1D17A8E758A586B02 /* AppKeyboardShortcuts.swift */ = {isa = PBXFileReference; includeInIndex = 1; lastKnownFileType = sourcecode.swift; path = AppKeyboardShortcuts.swift; sourceTree = "<group>"; };
		423D7B0914AA931080FCD17D /* SessionManagerProtocol.swift */ = {isa = PBXFileReference; includeInIndex = 1; lastKnownFileType = sourcecode.swift; name = SessionManagerProtocol.swift; path = Protocols/SessionManagerProtocol.swift; sourceTree = "<group>"; };
		4600E30B33C340F95ED4A073 /* WebEditor */ = {isa = PBXFileReference; includeInIndex = 1; path = WebEditor; sourceTree = "<group>"; };
		46083D3EA6C92D2061DEF87B /* EditorDocumentDescriptor.swift */ = {isa = PBXFileReference; includeInIndex = 1; lastKnownFileType = sourcecode.swift; name = EditorDocumentDescriptor.swift; path = Editor/EditorDocumentDescriptor.swift; sourceTree = "<group>"; };
		462DE71D744996B934A15B32 /* CrossWindowFlyAnimator.swift */ = {isa = PBXFileReference; includeInIndex = 1; lastKnownFileType = sourcecode.swift; path = CrossWindowFlyAnimator.swift; sourceTree = "<group>"; };
		490A298F3A514023B49715EE /* DockerPanelViewModel.swift */ = {isa = PBXFileReference; includeInIndex = 1; lastKnownFileType = sourcecode.swift; path = DockerPanelViewModel.swift; sourceTree = "<group>"; };
		4B688F3A1D5B873FA6DC7B8F /* RemoraJSONFileStore.swift */ = {isa = PBXFileReference; includeInIndex = 1; lastKnownFileType = sourcecode.swift; name = RemoraJSONFileStore.swift; path = Config/RemoraJSONFileStore.swift; sourceTree = "<group>"; };
		4C6C1C7A34FAD32B6821B491 /* libRemoraCore.a */ = {isa = PBXFileReference; explicitFileType = archive.ar; includeInIndex = 0; path = libRemoraCore.a; sourceTree = BUILT_PRODUCTS_DIR; };
		5100F07E28A7509328E5E1D4 /* LogManager.swift */ = {isa = PBXFileReference; includeInIndex = 1; lastKnownFileType = sourcecode.swift; path = LogManager.swift; sourceTree = "<group>"; };
		5191782B0B56B71C781F6072 /* MockSFTPClient.swift */ = {isa = PBXFileReference; includeInIndex = 1; lastKnownFileType = sourcecode.swift; name = MockSFTPClient.swift; path = SFTP/MockSFTPClient.swift; sourceTree = "<group>"; };
		51917F9C48711108087B03EF /* TerminalDirectorySyncBridge.swift */ = {isa = PBXFileReference; includeInIndex = 1; lastKnownFileType = sourcecode.swift; path = TerminalDirectorySyncBridge.swift; sourceTree = "<group>"; };
		51D0F37374F860E317666EB4 /* EditorBridge.swift */ = {isa = PBXFileReference; includeInIndex = 1; lastKnownFileType = sourcecode.swift; name = EditorBridge.swift; path = Editor/EditorBridge.swift; sourceTree = "<group>"; };
		544A977C7B32514CBD274ACF /* Assets.xcassets */ = {isa = PBXFileReference; includeInIndex = 1; lastKnownFileType = folder.assetcatalog; path = Assets.xcassets; sourceTree = "<group>"; };
		55C46B6B66B09FA2E46EAAEE /* FileTransferDiagnostics.swift */ = {isa = PBXFileReference; includeInIndex = 1; lastKnownFileType = sourcecode.swift; path = FileTransferDiagnostics.swift; sourceTree = "<group>"; };
		59E94A7D7D73D4A1A7084155 /* PortForwardCenter.swift */ = {isa = PBXFileReference; includeInIndex = 1; lastKnownFileType = sourcecode.swift; path = PortForwardCenter.swift; sourceTree = "<group>"; };
		59ED4B4AF2D736C80A2DCDAB /* LocalizationHelpers.swift */ = {isa = PBXFileReference; includeInIndex = 1; lastKnownFileType = sourcecode.swift; path = LocalizationHelpers.swift; sourceTree = "<group>"; };
		5A334FA51EB13CC5EE621832 /* ZmodemFrame.swift */ = {isa = PBXFileReference; includeInIndex = 1; lastKnownFileType = sourcecode.swift; name = ZmodemFrame.swift; path = ZModem/ZmodemFrame.swift; sourceTree = "<group>"; };
		5EACF6C02F3F16649FE92858 /* package_macos.sh */ = {isa = PBXFileReference; includeInIndex = 1; lastKnownFileType = text.script.sh; name = package_macos.sh; path = scripts/package_macos.sh; sourceTree = "<group>"; };
		5F71C4EB2761E15EEB325FA9 /* TerminalAIService.swift */ = {isa = PBXFileReference; includeInIndex = 1; lastKnownFileType = sourcecode.swift; path = TerminalAIService.swift; sourceTree = "<group>"; };
		5FDC9138A24314B30EDFE418 /* ByteSizeFormatter.swift */ = {isa = PBXFileReference; includeInIndex = 1; lastKnownFileType = sourcecode.swift; path = ByteSizeFormatter.swift; sourceTree = "<group>"; };
		646A6846E4EC8BCD1147CC0F /* RemoraSettingsSheet.swift */ = {isa = PBXFileReference; includeInIndex = 1; lastKnownFileType = sourcecode.swift; path = RemoraSettingsSheet.swift; sourceTree = "<group>"; };
		64B45FB675BE8BFE32A9D60A /* TerminalViewRepresentable.swift */ = {isa = PBXFileReference; includeInIndex = 1; lastKnownFileType = sourcecode.swift; path = TerminalViewRepresentable.swift; sourceTree = "<group>"; };
		6554A68F6F2DDDF912EB5F94 /* FileManagerWindowToolbar.swift */ = {isa = PBXFileReference; includeInIndex = 1; lastKnownFileType = sourcecode.swift; path = FileManagerWindowToolbar.swift; sourceTree = "<group>"; };
		6664860F8C4889DA8E339D0D /* SSHControlMasterCleanup.swift */ = {isa = PBXFileReference; includeInIndex = 1; lastKnownFileType = sourcecode.swift; name = SSHControlMasterCleanup.swift; path = SSH/SSHControlMasterCleanup.swift; sourceTree = "<group>"; };
		6A52949638CF63E2585782E7 /* TerminalAIAssistantView.swift */ = {isa = PBXFileReference; includeInIndex = 1; lastKnownFileType = sourcecode.swift; path = TerminalAIAssistantView.swift; sourceTree = "<group>"; };
		6EEDEF735D2E016EA77E5DFB /* TerminalPromptBoundaryProcessor.swift */ = {isa = PBXFileReference; includeInIndex = 1; lastKnownFileType = sourcecode.swift; path = TerminalPromptBoundaryProcessor.swift; sourceTree = "<group>"; };
		6F552F9C6CE21F4FF82637F5 /* HostConnectionImportSource.swift */ = {isa = PBXFileReference; includeInIndex = 1; lastKnownFileType = sourcecode.swift; path = HostConnectionImportSource.swift; sourceTree = "<group>"; };
		6FBCCDA88193363625A03A5E /* libRemoraTerminal.a */ = {isa = PBXFileReference; explicitFileType = archive.ar; includeInIndex = 0; path = libRemoraTerminal.a; sourceTree = BUILT_PRODUCTS_DIR; };
		704142E5FBEC5E14374C4D6F /* TerminalAIModels.swift */ = {isa = PBXFileReference; includeInIndex = 1; lastKnownFileType = sourcecode.swift; path = TerminalAIModels.swift; sourceTree = "<group>"; };
		717610ED8592ADBEE698E9F9 /* HostKeyStore.swift */ = {isa = PBXFileReference; includeInIndex = 1; lastKnownFileType = sourcecode.swift; name = HostKeyStore.swift; path = Security/HostKeyStore.swift; sourceTree = "<group>"; };
		75FD92777D31E537C61C4E8E /* ExtensionScriptViews.swift */ = {isa = PBXFileReference; includeInIndex = 1; lastKnownFileType = sourcecode.swift; path = ExtensionScriptViews.swift; sourceTree = "<group>"; };
		763DBE5BEB8385C9A38D972C /* FileManagerWindowSplitController.swift */ = {isa = PBXFileReference; includeInIndex = 1; lastKnownFileType = sourcecode.swift; path = FileManagerWindowSplitController.swift; sourceTree = "<group>"; };
		7897A735F3E9E0C44FB45D66 /* RemoteFileModels.swift */ = {isa = PBXFileReference; includeInIndex = 1; lastKnownFileType = sourcecode.swift; name = RemoteFileModels.swift; path = Models/RemoteFileModels.swift; sourceTree = "<group>"; };
		7CF7C4E183642615855C25AA /* ServerMetricsCenter.swift */ = {isa = PBXFileReference; includeInIndex = 1; lastKnownFileType = sourcecode.swift; path = ServerMetricsCenter.swift; sourceTree = "<group>"; };
		8053E6E579ECB11380B23472 /* ContentViewSessionComponents.swift */ = {isa = PBXFileReference; includeInIndex = 1; lastKnownFileType = sourcecode.swift; path = ContentViewSessionComponents.swift; sourceTree = "<group>"; };
		813F7DB1D96404AFD5E1A205 /* ServerStatusWindow.swift */ = {isa = PBXFileReference; includeInIndex = 1; lastKnownFileType = sourcecode.swift; path = ServerStatusWindow.swift; sourceTree = "<group>"; };
		81E8B3D67F1C2D58455F0972 /* ZmodemTransferCoordinator.swift */ = {isa = PBXFileReference; includeInIndex = 1; lastKnownFileType = sourcecode.swift; path = ZmodemTransferCoordinator.swift; sourceTree = "<group>"; };
		82DDAF20CC1FE5BB5853E5C1 /* RemoteExtractSheet.swift */ = {isa = PBXFileReference; includeInIndex = 1; lastKnownFileType = sourcecode.swift; path = RemoteExtractSheet.swift; sourceTree = "<group>"; };
		84700D1B924081770348FDFE /* ZmodemEngine.swift */ = {isa = PBXFileReference; includeInIndex = 1; lastKnownFileType = sourcecode.swift; name = ZmodemEngine.swift; path = ZModem/ZmodemEngine.swift; sourceTree = "<group>"; };
		853D0E7D21316EE0AEC71384 /* DisconnectedSFTPClient.swift */ = {isa = PBXFileReference; includeInIndex = 1; lastKnownFileType = sourcecode.swift; name = DisconnectedSFTPClient.swift; path = SFTP/DisconnectedSFTPClient.swift; sourceTree = "<group>"; };
		8B0D41C074BC2E8AD4A9D6DD /* HostCatalogPersistence.swift */ = {isa = PBXFileReference; includeInIndex = 1; lastKnownFileType = sourcecode.swift; path = HostCatalogPersistence.swift; sourceTree = "<group>"; };
		8B3598CB73A02BF659BE72D6 /* ZmodemDetector.swift */ = {isa = PBXFileReference; includeInIndex = 1; lastKnownFileType = sourcecode.swift; name = ZmodemDetector.swift; path = ZModem/ZmodemDetector.swift; sourceTree = "<group>"; };
		8CF61264DB02E7311289B65C /* HostConnectionExporter.swift */ = {isa = PBXFileReference; includeInIndex = 1; lastKnownFileType = sourcecode.swift; path = HostConnectionExporter.swift; sourceTree = "<group>"; };
		8D38D88853A1D37F3E8F782E /* FileManagerContextMenuPolicy.swift */ = {isa = PBXFileReference; includeInIndex = 1; lastKnownFileType = sourcecode.swift; path = FileManagerContextMenuPolicy.swift; sourceTree = "<group>"; };
		8E3047375BE9855B084D844A /* TransferQueuePresentationState.swift */ = {isa = PBXFileReference; includeInIndex = 1; lastKnownFileType = sourcecode.swift; path = TransferQueuePresentationState.swift; sourceTree = "<group>"; };
		8E5B0AC2F35A142654FA4D7A /* TerminalSmartAssistNotificationState.swift */ = {isa = PBXFileReference; includeInIndex = 1; lastKnownFileType = sourcecode.swift; path = TerminalSmartAssistNotificationState.swift; sourceTree = "<group>"; };
		91EA9BB8C4D323389F506128 /* RemoteCompressSheet.swift */ = {isa = PBXFileReference; includeInIndex = 1; lastKnownFileType = sourcecode.swift; path = RemoteCompressSheet.swift; sourceTree = "<group>"; };
		92C24F971BA2B2D8FE6AC3B8 /* FileManagerDownloadsPopoverView.swift */ = {isa = PBXFileReference; includeInIndex = 1; lastKnownFileType = sourcecode.swift; path = FileManagerDownloadsPopoverView.swift; sourceTree = "<group>"; };
		9642F8F5C2B7E3EEF9D4C33F /* ContentViewSupport.swift */ = {isa = PBXFileReference; includeInIndex = 1; lastKnownFileType = sourcecode.swift; path = ContentViewSupport.swift; sourceTree = "<group>"; };
		9788B05F52C54BC81AD62B10 /* ZmodemSendEngine.swift */ = {isa = PBXFileReference; includeInIndex = 1; lastKnownFileType = sourcecode.swift; name = ZmodemSendEngine.swift; path = ZModem/ZmodemSendEngine.swift; sourceTree = "<group>"; };
		97F318C1F80F68AF3A268695 /* L10n.swift */ = {isa = PBXFileReference; includeInIndex = 1; lastKnownFileType = sourcecode.swift; path = L10n.swift; sourceTree = "<group>"; };
		992043DF363F53735AD8ADD8 /* VisualStyle.swift */ = {isa = PBXFileReference; includeInIndex = 1; lastKnownFileType = sourcecode.swift; path = VisualStyle.swift; sourceTree = "<group>"; };
		9920ED81EBE7DFCA85BB924C /* SwiftUI.framework */ = {isa = PBXFileReference; lastKnownFileType = wrapper.framework; name = SwiftUI.framework; path = Platforms/MacOSX.platform/Developer/SDKs/MacOSX10.15.sdk/System/Library/Frameworks/SwiftUI.framework; sourceTree = DEVELOPER_DIR; };
		9BCF8900E8883D72E0DAE007 /* ServerMetricsPanel.swift */ = {isa = PBXFileReference; includeInIndex = 1; lastKnownFileType = sourcecode.swift; path = ServerMetricsPanel.swift; sourceTree = "<group>"; };
		9C1078318806F74CDA067565 /* AISettings.swift */ = {isa = PBXFileReference; includeInIndex = 1; lastKnownFileType = sourcecode.swift; path = AISettings.swift; sourceTree = "<group>"; };
		9EED2E20359C03F955ECCDF7 /* ServerMonitoringSortOrder.swift */ = {isa = PBXFileReference; includeInIndex = 1; lastKnownFileType = sourcecode.swift; path = ServerMonitoringSortOrder.swift; sourceTree = "<group>"; };
		A85BB51DF9C613D0BEBC098D /* TerminalView.swift */ = {isa = PBXFileReference; includeInIndex = 1; lastKnownFileType = sourcecode.swift; path = TerminalView.swift; sourceTree = "<group>"; };
		A9DACB2BDEFC496EC46C9CD0 /* ZmodemConstants.swift */ = {isa = PBXFileReference; includeInIndex = 1; lastKnownFileType = sourcecode.swift; name = ZmodemConstants.swift; path = ZModem/ZmodemConstants.swift; sourceTree = "<group>"; };
		AC528ABABC108C4E179D1904 /* TerminalPaneView.swift */ = {isa = PBXFileReference; includeInIndex = 1; lastKnownFileType = sourcecode.swift; path = TerminalPaneView.swift; sourceTree = "<group>"; };
		B0FCAC064061C6625E6CC5B6 /* Localizable.strings */ = {isa = PBXFileReference; includeInIndex = 1; lastKnownFileType = text.plist.strings; name = Localizable.strings; path = en.lproj/Localizable.strings; sourceTree = "<group>"; };
		B273BE58F8D2882FD5A9666E /* RemotePermissionsEditorViewModel.swift */ = {isa = PBXFileReference; includeInIndex = 1; lastKnownFileType = sourcecode.swift; path = RemotePermissionsEditorViewModel.swift; sourceTree = "<group>"; };
		B4722578B31DA3B8E480D362 /* RingByteBuffer.swift */ = {isa = PBXFileReference; includeInIndex = 1; lastKnownFileType = sourcecode.swift; name = RingByteBuffer.swift; path = IO/RingByteBuffer.swift; sourceTree = "<group>"; };
		B4C474C7DA087BE5E0594C9D /* DockerWorkspaceWindow.swift */ = {isa = PBXFileReference; includeInIndex = 1; lastKnownFileType = sourcecode.swift; path = DockerWorkspaceWindow.swift; sourceTree = "<group>"; };
		B55DA881D88FD820235B8786 /* HostPasswordStorage.swift */ = {isa = PBXFileReference; includeInIndex = 1; lastKnownFileType = sourcecode.swift; path = HostPasswordStorage.swift; sourceTree = "<group>"; };
		B56D19F32CAEDD80D2E70EC3 /* UpdateChecker.swift */ = {isa = PBXFileReference; includeInIndex = 1; lastKnownFileType = sourcecode.swift; path = UpdateChecker.swift; sourceTree = "<group>"; };
		B9A4BD69B7D612DD26EC7732 /* ArchiveSupport.swift */ = {isa = PBXFileReference; includeInIndex = 1; lastKnownFileType = sourcecode.swift; path = ArchiveSupport.swift; sourceTree = "<group>"; };
		BBE288425D48AA2860F8B326 /* DockerModels.swift */ = {isa = PBXFileReference; includeInIndex = 1; lastKnownFileType = sourcecode.swift; path = DockerModels.swift; sourceTree = "<group>"; };
		BC33992EBB8C1BD09029928C /* MockSSHClient.swift */ = {isa = PBXFileReference; includeInIndex = 1; lastKnownFileType = sourcecode.swift; name = MockSSHClient.swift; path = SSH/MockSSHClient.swift; sourceTree = "<group>"; };
		BC62859C3CDE75D4BD335A37 /* RemoteFilePropertiesViewModel.swift */ = {isa = PBXFileReference; includeInIndex = 1; lastKnownFileType = sourcecode.swift; path = RemoteFilePropertiesViewModel.swift; sourceTree = "<group>"; };
		BE72A05B4BB0A7D424CE26F9 /* TerminalRuntime.swift */ = {isa = PBXFileReference; includeInIndex = 1; lastKnownFileType = sourcecode.swift; path = TerminalRuntime.swift; sourceTree = "<group>"; };
		BE7E57DBA6FE098FE0D6171B /* ExtensionScriptRunner.swift */ = {isa = PBXFileReference; includeInIndex = 1; lastKnownFileType = sourcecode.swift; name = ExtensionScriptRunner.swift; path = Extensions/ExtensionScriptRunner.swift; sourceTree = "<group>"; };
		BFF48EB806A29B14314309AA /* Host.swift */ = {isa = PBXFileReference; includeInIndex = 1; lastKnownFileType = sourcecode.swift; name = Host.swift; path = Models/Host.swift; sourceTree = "<group>"; };
		C04ACA0CDDA8A028940254FE /* AISettingsStore.swift */ = {isa = PBXFileReference; includeInIndex = 1; lastKnownFileType = sourcecode.swift; path = AISettingsStore.swift; sourceTree = "<group>"; };
		C29D14AB316B8489748C23B9 /* SystemSFTPClient.swift */ = {isa = PBXFileReference; includeInIndex = 1; lastKnownFileType = sourcecode.swift; name = SystemSFTPClient.swift; path = SFTP/SystemSFTPClient.swift; sourceTree = "<group>"; };
		C2B878F57A34B3B5703B179B /* SSHCompatibilityProfile.swift */ = {isa = PBXFileReference; includeInIndex = 1; lastKnownFileType = sourcecode.swift; name = SSHCompatibilityProfile.swift; path = SSH/SSHCompatibilityProfile.swift; sourceTree = "<group>"; };
		C3FBA681C0FCEF4AB3B4A092 /* ViewScreenAnchorRegistry.swift */ = {isa = PBXFileReference; includeInIndex = 1; lastKnownFileType = sourcecode.swift; path = ViewScreenAnchorRegistry.swift; sourceTree = "<group>"; };
		C4EA01AB817F1C1A39F3AA12 /* SSHProtocols.swift */ = {isa = PBXFileReference; includeInIndex = 1; lastKnownFileType = sourcecode.swift; name = SSHProtocols.swift; path = Protocols/SSHProtocols.swift; sourceTree = "<group>"; };
		C541A0AB5F467ACB486E770F /* CoreText.framework */ = {isa = PBXFileReference; lastKnownFileType = wrapper.framework; name = CoreText.framework; path = Platforms/MacOSX.platform/Developer/SDKs/MacOSX10.15.sdk/System/Library/Frameworks/CoreText.framework; sourceTree = DEVELOPER_DIR; };
		C5EF5F5E18113A0930B7B039 /* SFTPProtocols.swift */ = {isa = PBXFileReference; includeInIndex = 1; lastKnownFileType = sourcecode.swift; name = SFTPProtocols.swift; path = Protocols/SFTPProtocols.swift; sourceTree = "<group>"; };
		C65CF8C5B9BBF6D051186BF0 /* Cocoa.framework */ = {isa = PBXFileReference; lastKnownFileType = wrapper.framework; name = Cocoa.framework; path = Platforms/MacOSX.platform/Developer/SDKs/MacOSX10.15.sdk/System/Library/Frameworks/Cocoa.framework; sourceTree = DEVELOPER_DIR; };
		C809803CDF4640797B9DA20D /* RemoteFilePropertiesSheet.swift */ = {isa = PBXFileReference; includeInIndex = 1; lastKnownFileType = sourcecode.swift; path = RemoteFilePropertiesSheet.swift; sourceTree = "<group>"; };
		C8320FDC03980E952D5BCBB5 /* ContentView.swift */ = {isa = PBXFileReference; includeInIndex = 1; lastKnownFileType = sourcecode.swift; path = ContentView.swift; sourceTree = "<group>"; };
		CA3FC121EBD0BED5280EAFE1 /* RemoteDropRouting.swift */ = {isa = PBXFileReference; includeInIndex = 1; lastKnownFileType = sourcecode.swift; path = RemoteDropRouting.swift; sourceTree = "<group>"; };
		CB456647EB8F7CCA08DADEB9 /* SessionManager.swift */ = {isa = PBXFileReference; includeInIndex = 1; lastKnownFileType = sourcecode.swift; name = SessionManager.swift; path = Session/SessionManager.swift; sourceTree = "<group>"; };
		CBA93EB4E2841B6BF2967BB7 /* AppLanguage.swift */ = {isa = PBXFileReference; includeInIndex = 1; lastKnownFileType = sourcecode.swift; path = AppLanguage.swift; sourceTree = "<group>"; };
		CBFE6E2A374B0E9CD759D236 /* AppAppearance.swift */ = {isa = PBXFileReference; includeInIndex = 1; lastKnownFileType = sourcecode.swift; path = AppAppearance.swift; sourceTree = "<group>"; };
		CC10CC2FCF3965A762902EB1 /* RemoteLogViewerSheet.swift */ = {isa = PBXFileReference; includeInIndex = 1; lastKnownFileType = sourcecode.swift; path = RemoteLogViewerSheet.swift; sourceTree = "<group>"; };
		CE02F2AA3EF2C464146F6B97 /* AppKit.framework */ = {isa = PBXFileReference; lastKnownFileType = wrapper.framework; name = AppKit.framework; path = Platforms/MacOSX.platform/Developer/SDKs/MacOSX10.15.sdk/System/Library/Frameworks/AppKit.framework; sourceTree = DEVELOPER_DIR; };
		D686D46C50CF158763A4993D /* MirroredRemoraEditorView.swift */ = {isa = PBXFileReference; includeInIndex = 1; lastKnownFileType = sourcecode.swift; name = MirroredRemoraEditorView.swift; path = Editor/MirroredRemoraEditorView.swift; sourceTree = "<group>"; };
		D6A9CAADB56122A2027F5556 /* WorkspaceViewModel.swift */ = {isa = PBXFileReference; includeInIndex = 1; lastKnownFileType = sourcecode.swift; path = WorkspaceViewModel.swift; sourceTree = "<group>"; };
		D6F1E0D68A2415C393EAE68C /* ExtensionScript.swift */ = {isa = PBXFileReference; includeInIndex = 1; lastKnownFileType = sourcecode.swift; name = ExtensionScript.swift; path = Extensions/ExtensionScript.swift; sourceTree = "<group>"; };
		D70AA492A518887A363D9594 /* TransferCenter.swift */ = {isa = PBXFileReference; includeInIndex = 1; lastKnownFileType = sourcecode.swift; path = TransferCenter.swift; sourceTree = "<group>"; };
		DA2EF8A1E793E149C8373DFD /* LocalShellClient.swift */ = {isa = PBXFileReference; includeInIndex = 1; lastKnownFileType = sourcecode.swift; name = LocalShellClient.swift; path = SSH/LocalShellClient.swift; sourceTree = "<group>"; };
		DD3A4BAF9E0F5ACA65E0BD05 /* QuickCommandExecution.swift */ = {isa = PBXFileReference; includeInIndex = 1; lastKnownFileType = sourcecode.swift; path = QuickCommandExecution.swift; sourceTree = "<group>"; };
		DE5EAADC2941D1C6CB5F8437 /* OpenSSHPortForwardClient.swift */ = {isa = PBXFileReference; includeInIndex = 1; lastKnownFileType = sourcecode.swift; name = OpenSSHPortForwardClient.swift; path = SSH/OpenSSHPortForwardClient.swift; sourceTree = "<group>"; };
		DEA468198B9343B106F8A0C6 /* ConnectionInfoPasswordCopyConsentGate.swift */ = {isa = PBXFileReference; includeInIndex = 1; lastKnownFileType = sourcecode.swift; path = ConnectionInfoPasswordCopyConsentGate.swift; sourceTree = "<group>"; };
		E27543D1BAA12725C48982A1 /* ContentViewLayout.swift */ = {isa = PBXFileReference; includeInIndex = 1; lastKnownFileType = sourcecode.swift; path = ContentViewLayout.swift; sourceTree = "<group>"; };
		E29C33EA029E7F09BE6F20DC /* RemoraEditorCoordinator.swift */ = {isa = PBXFileReference; includeInIndex = 1; lastKnownFileType = sourcecode.swift; name = RemoraEditorCoordinator.swift; path = Editor/RemoraEditorCoordinator.swift; sourceTree = "<group>"; };
		E2CE9E41D4E89186E3DBCD1F /* RemoraEditorWebView.swift */ = {isa = PBXFileReference; includeInIndex = 1; lastKnownFileType = sourcecode.swift; name = RemoraEditorWebView.swift; path = Editor/RemoraEditorWebView.swift; sourceTree = "<group>"; };
		E39D08C7DCAA5F1DE37D8675 /* PerformanceMetrics.swift */ = {isa = PBXFileReference; includeInIndex = 1; lastKnownFileType = sourcecode.swift; name = PerformanceMetrics.swift; path = Metrics/PerformanceMetrics.swift; sourceTree = "<group>"; };
		E8D8E4A3613FF89E2187E541 /* ContextMenuPresentation.swift */ = {isa = PBXFileReference; includeInIndex = 1; lastKnownFileType = sourcecode.swift; path = ContextMenuPresentation.swift; sourceTree = "<group>"; };
		E937BAB390D60F7D8727C918 /* FileManagerLegacyFormatting.swift */ = {isa = PBXFileReference; includeInIndex = 1; lastKnownFileType = sourcecode.swift; path = FileManagerLegacyFormatting.swift; sourceTree = "<group>"; };
		EAD66DFAA819D2F7F0499E8C /* Security.framework */ = {isa = PBXFileReference; lastKnownFileType = wrapper.framework; name = Security.framework; path = Platforms/MacOSX.platform/Developer/SDKs/MacOSX10.15.sdk/System/Library/Frameworks/Security.framework; sourceTree = DEVELOPER_DIR; };
		EAF073B767792C907814CFB2 /* HostConnectionClipboardBuilder.swift */ = {isa = PBXFileReference; includeInIndex = 1; lastKnownFileType = sourcecode.swift; path = HostConnectionClipboardBuilder.swift; sourceTree = "<group>"; };
		EC004F2B6272F53778972B54 /* ContentViewSidebarComponents.swift */ = {isa = PBXFileReference; includeInIndex = 1; lastKnownFileType = sourcecode.swift; path = ContentViewSidebarComponents.swift; sourceTree = "<group>"; };
		ECA07FA6CF253650E5164168 /* RemoteTextEditorWindow.swift */ = {isa = PBXFileReference; includeInIndex = 1; lastKnownFileType = sourcecode.swift; path = RemoteTextEditorWindow.swift; sourceTree = "<group>"; };
		ECF3EF6627E11C858AECD504 /* ContentViewActions.swift */ = {isa = PBXFileReference; includeInIndex = 1; lastKnownFileType = sourcecode.swift; path = ContentViewActions.swift; sourceTree = "<group>"; };
		EFBD1B6C62D8844E30E83B9B /* TerminalSessionDescriptor.swift */ = {isa = PBXFileReference; includeInIndex = 1; lastKnownFileType = sourcecode.swift; name = TerminalSessionDescriptor.swift; path = Models/TerminalSessionDescriptor.swift; sourceTree = "<group>"; };
		F3782C8FD9AD31B5736E8DCA /* ExtensionScriptAppStore.swift */ = {isa = PBXFileReference; includeInIndex = 1; lastKnownFileType = sourcecode.swift; path = ExtensionScriptAppStore.swift; sourceTree = "<group>"; };
		F46374B87D742354B7B542FD /* TerminalAIAssistantCoordinator.swift */ = {isa = PBXFileReference; includeInIndex = 1; lastKnownFileType = sourcecode.swift; path = TerminalAIAssistantCoordinator.swift; sourceTree = "<group>"; };
		F864725A5591E3EA337016B1 /* EditorEvent.swift */ = {isa = PBXFileReference; includeInIndex = 1; lastKnownFileType = sourcecode.swift; name = EditorEvent.swift; path = Editor/EditorEvent.swift; sourceTree = "<group>"; };
		F9DDB10199D4743B97F248E0 /* ContentViewSheets.swift */ = {isa = PBXFileReference; includeInIndex = 1; lastKnownFileType = sourcecode.swift; path = ContentViewSheets.swift; sourceTree = "<group>"; };
		FE28C1C954B81EE052472B31 /* SystemSSHClient.swift */ = {isa = PBXFileReference; includeInIndex = 1; lastKnownFileType = sourcecode.swift; name = SystemSSHClient.swift; path = SSH/SystemSSHClient.swift; sourceTree = "<group>"; };
		FF784A257C07FAF38EADD02D /* EditorLanguage.swift */ = {isa = PBXFileReference; includeInIndex = 1; lastKnownFileType = sourcecode.swift; name = EditorLanguage.swift; path = Editor/EditorLanguage.swift; sourceTree = "<group>"; };
/* End PBXFileReference section */

/* Begin PBXFrameworksBuildPhase section */
		6A7F4A6AA7678343AB1869CE /* Frameworks */ = {
			isa = PBXFrameworksBuildPhase;
			buildActionMask = 2147483647;
			files = (
				589845E30D5F1BB54EDF10A2 /* Cocoa.framework in Frameworks */,
				19B3A0A4FDD30CCE05A358AB /* libRemoraCore.a in Frameworks */,
				094CF98332F1525A354B0DDC /* libRemoraTerminal.a in Frameworks */,
				584F61D62883315A7C12F942 /* SwiftTerm in Frameworks */,
				D9C3D7FD237A92F30A2E3D4A /* SwiftUI.framework in Frameworks */,
				D06F028384922779440A85FA /* AppKit.framework in Frameworks */,
			);
			runOnlyForDeploymentPostprocessing = 0;
		};
		8AEB78FCC3508764534E5112 /* Frameworks */ = {
			isa = PBXFrameworksBuildPhase;
			buildActionMask = 2147483647;
			files = (
				256F0F1DB3C2ED5CF18F4ABB /* libRemoraCore.a in Frameworks */,
				9FFFF53220BEE28E03A3B436 /* SwiftTerm in Frameworks */,
				B4E35376941A6A65A249B046 /* AppKit.framework in Frameworks */,
				D953DE4A4992E43CE91E35B9 /* CoreText.framework in Frameworks */,
				DB6C251916ACDE4B241E7E4A /* QuartzCore.framework in Frameworks */,
			);
			runOnlyForDeploymentPostprocessing = 0;
		};
		CE7BBDA592E9B542FD0111AB /* Frameworks */ = {
			isa = PBXFrameworksBuildPhase;
			buildActionMask = 2147483647;
			files = (
				08654CDBA4F7ECA4A1981CDE /* Security.framework in Frameworks */,
			);
			runOnlyForDeploymentPostprocessing = 0;
		};
/* End PBXFrameworksBuildPhase section */

/* Begin PBXGroup section */
		06D0EB37C5ED5AD5D9B8C4A5 /* Frameworks */ = {
			isa = PBXGroup;
			children = (
				FE055B0E79C5EC84A69E90CC /* OS X */,
			);
			name = Frameworks;
			sourceTree = "<group>";
		};
		106DF632EF63C82CE6364A78 /* Products */ = {
			isa = PBXGroup;
			children = (
				4C6C1C7A34FAD32B6821B491 /* libRemoraCore.a */,
				6FBCCDA88193363625A03A5E /* libRemoraTerminal.a */,
				0A0186AA84344C6F6036E2DD /* Remora.app */,
			);
			name = Products;
			sourceTree = "<group>";
		};
		2A50D695905D0FCEB1A5145B /* RemoraTerminal */ = {
			isa = PBXGroup;
			children = (
				A85BB51DF9C613D0BEBC098D /* TerminalView.swift */,
			);
			name = RemoraTerminal;
			path = RemoraTerminal;
			sourceTree = "<group>";
		};
		2A54E5CE3A2674DD6A1D11DB /* RemoraApp */ = {
			isa = PBXGroup;
			children = (
				7F20CB235079CA17219B4F58 /* Resources */,
				9C1078318806F74CDA067565 /* AISettings.swift */,
				C04ACA0CDDA8A028940254FE /* AISettingsStore.swift */,
				CBFE6E2A374B0E9CD759D236 /* AppAppearance.swift */,
				417FE0C1D17A8E758A586B02 /* AppKeyboardShortcuts.swift */,
				CBA93EB4E2841B6BF2967BB7 /* AppLanguage.swift */,
				0529FE305963323310E618B3 /* AppPreferences.swift */,
				0B889845D0619C8CD1E0B469 /* AppSettings.swift */,
				B9A4BD69B7D612DD26EC7732 /* ArchiveSupport.swift */,
				5FDC9138A24314B30EDFE418 /* ByteSizeFormatter.swift */,
				DEA468198B9343B106F8A0C6 /* ConnectionInfoPasswordCopyConsentGate.swift */,
				C8320FDC03980E952D5BCBB5 /* ContentView.swift */,
				ECF3EF6627E11C858AECD504 /* ContentViewActions.swift */,
				E27543D1BAA12725C48982A1 /* ContentViewLayout.swift */,
				8053E6E579ECB11380B23472 /* ContentViewSessionComponents.swift */,
				F9DDB10199D4743B97F248E0 /* ContentViewSheets.swift */,
				EC004F2B6272F53778972B54 /* ContentViewSidebarComponents.swift */,
				9642F8F5C2B7E3EEF9D4C33F /* ContentViewSupport.swift */,
				E8D8E4A3613FF89E2187E541 /* ContextMenuPresentation.swift */,
				462DE71D744996B934A15B32 /* CrossWindowFlyAnimator.swift */,
				2D39B8B5DB2CBA8201A8BD83 /* DockerCommandService.swift */,
				175FABA00171A2E7E0662079 /* DockerLiveLogSheet.swift */,
				BBE288425D48AA2860F8B326 /* DockerModels.swift */,
				263CA9A48F9637AC98867922 /* DockerPanelView.swift */,
				490A298F3A514023B49715EE /* DockerPanelViewModel.swift */,
				B4C474C7DA087BE5E0594C9D /* DockerWorkspaceWindow.swift */,
				201EA8463E132EFDFD588326 /* AppKitCodeMirrorCoordinator.swift */,
				2DFFACBF3AF9A90785F239DE /* AppKitCodeMirrorEditorViewController.swift */,
				51D0F37374F860E317666EB4 /* EditorBridge.swift */,
				041F08FB325C1A0F7750A1F1 /* EditorCommand.swift */,
				46083D3EA6C92D2061DEF87B /* EditorDocumentDescriptor.swift */,
				F864725A5591E3EA337016B1 /* EditorEvent.swift */,
				FF784A257C07FAF38EADD02D /* EditorLanguage.swift */,
				09E5D556741121EC34204531 /* FocusableCodeMirrorWebView.swift */,
				D686D46C50CF158763A4993D /* MirroredRemoraEditorView.swift */,
				E29C33EA029E7F09BE6F20DC /* RemoraEditorCoordinator.swift */,
				2B1F5AD07C0B12171E233D20 /* RemoraEditorView.swift */,
				E2CE9E41D4E89186E3DBCD1F /* RemoraEditorWebView.swift */,
				F3782C8FD9AD31B5736E8DCA /* ExtensionScriptAppStore.swift */,
				2C9F52D7152AD5321D30717B /* ExtensionScriptRunnerViewModel.swift */,
				75FD92777D31E537C61C4E8E /* ExtensionScriptViews.swift */,
				8D38D88853A1D37F3E8F782E /* FileManagerContextMenuPolicy.swift */,
				92C24F971BA2B2D8FE6AC3B8 /* FileManagerDownloadsPopoverView.swift */,
				E937BAB390D60F7D8727C918 /* FileManagerLegacyFormatting.swift */,
				763DBE5BEB8385C9A38D972C /* FileManagerWindowSplitController.swift */,
				6554A68F6F2DDDF912EB5F94 /* FileManagerWindowToolbar.swift */,
				2FE1E2C62AD95244176F0101 /* FileManagerWorkspaceWindow.swift */,
				55C46B6B66B09FA2E46EAAEE /* FileTransferDiagnostics.swift */,
				251F052C5E8BEBE20623EA41 /* FileTransferViewModel.swift */,
				16206F7A659DFC2EC2841CA7 /* HostCatalog.swift */,
				8B0D41C074BC2E8AD4A9D6DD /* HostCatalogPersistence.swift */,
				EAF073B767792C907814CFB2 /* HostConnectionClipboardBuilder.swift */,
				8CF61264DB02E7311289B65C /* HostConnectionExporter.swift */,
				6F552F9C6CE21F4FF82637F5 /* HostConnectionImportSource.swift */,
				0666EEB96D18654B0CFCFB21 /* HostConnectionImporter.swift */,
				B55DA881D88FD820235B8786 /* HostPasswordStorage.swift */,
				97F318C1F80F68AF3A268695 /* L10n.swift */,
				59ED4B4AF2D736C80A2DCDAB /* LocalizationHelpers.swift */,
				5100F07E28A7509328E5E1D4 /* LogManager.swift */,
				59E94A7D7D73D4A1A7084155 /* PortForwardCenter.swift */,
				DD3A4BAF9E0F5ACA65E0BD05 /* QuickCommandExecution.swift */,
				34BE93C5B97FBE70F6F74B79 /* RemoraAppMain.swift */,
				646A6846E4EC8BCD1147CC0F /* RemoraSettingsSheet.swift */,
				3618BA77673B42F637E8AEB7 /* RemoteArchiveSupport.swift */,
				91EA9BB8C4D323389F506128 /* RemoteCompressSheet.swift */,
				14B414BA0F4EA0F84A8243AD /* RemoteDirectoryChooserSheet.swift */,
				CA3FC121EBD0BED5280EAFE1 /* RemoteDropRouting.swift */,
				82DDAF20CC1FE5BB5853E5C1 /* RemoteExtractSheet.swift */,
				C809803CDF4640797B9DA20D /* RemoteFilePropertiesSheet.swift */,
				BC62859C3CDE75D4BD335A37 /* RemoteFilePropertiesViewModel.swift */,
				2FCBEBDEAC0BE13B9D6082D8 /* RemoteListSelection.swift */,
				2D832FEA151CCD188B930F1C /* RemoteLiveLogWindow.swift */,
				CC10CC2FCF3965A762902EB1 /* RemoteLogViewerSheet.swift */,
				339B232AC1A7FD54BBD02787 /* RemoteLogViewerViewModel.swift */,
				0D96C1DADC8B8BF86600B07B /* RemotePermissionsEditorSheet.swift */,
				B273BE58F8D2882FD5A9666E /* RemotePermissionsEditorViewModel.swift */,
				0A39B618F64DE253602C0F38 /* RemoteTextEditorViewModel.swift */,
				ECA07FA6CF253650E5164168 /* RemoteTextEditorWindow.swift */,
				7CF7C4E183642615855C25AA /* ServerMetricsCenter.swift */,
				9BCF8900E8883D72E0DAE007 /* ServerMetricsPanel.swift */,
				9EED2E20359C03F955ECCDF7 /* ServerMonitoringSortOrder.swift */,
				813F7DB1D96404AFD5E1A205 /* ServerStatusWindow.swift */,
				03BF6453D51E12B0C898ED2B /* SessionMetricsTooltip.swift */,
				F46374B87D742354B7B542FD /* TerminalAIAssistantCoordinator.swift */,
				6A52949638CF63E2585782E7 /* TerminalAIAssistantView.swift */,
				1C9946105BFAB38F7EE0CC25 /* TerminalAIComposerInputView.swift */,
				704142E5FBEC5E14374C4D6F /* TerminalAIModels.swift */,
				5F71C4EB2761E15EEB325FA9 /* TerminalAIService.swift */,
				51917F9C48711108087B03EF /* TerminalDirectorySyncBridge.swift */,
				AC528ABABC108C4E179D1904 /* TerminalPaneView.swift */,
				6EEDEF735D2E016EA77E5DFB /* TerminalPromptBoundaryProcessor.swift */,
				BE72A05B4BB0A7D424CE26F9 /* TerminalRuntime.swift */,
				8E5B0AC2F35A142654FA4D7A /* TerminalSmartAssistNotificationState.swift */,
				64B45FB675BE8BFE32A9D60A /* TerminalViewRepresentable.swift */,
				D70AA492A518887A363D9594 /* TransferCenter.swift */,
				8E3047375BE9855B084D844A /* TransferQueuePresentationState.swift */,
				B56D19F32CAEDD80D2E70EC3 /* UpdateChecker.swift */,
				C3FBA681C0FCEF4AB3B4A092 /* ViewScreenAnchorRegistry.swift */,
				992043DF363F53735AD8ADD8 /* VisualStyle.swift */,
				D6A9CAADB56122A2027F5556 /* WorkspaceViewModel.swift */,
				81E8B3D67F1C2D58455F0972 /* ZmodemTransferCoordinator.swift */,
			);
			name = RemoraApp;
			path = RemoraApp;
			sourceTree = "<group>";
		};
		662FE7D1F94BE4294F793699 /* RemoraCore */ = {
			isa = PBXGroup;
			children = (
				24522D8382D3868D6FDD3D0D /* RemoraConfigPaths.swift */,
				4B688F3A1D5B873FA6DC7B8F /* RemoraJSONFileStore.swift */,
				D6F1E0D68A2415C393EAE68C /* ExtensionScript.swift */,
				BE7E57DBA6FE098FE0D6171B /* ExtensionScriptRunner.swift */,
				29E03DB747E1F5797E6BBCFE /* ExtensionScriptStore.swift */,
				B4722578B31DA3B8E480D362 /* RingByteBuffer.swift */,
				E39D08C7DCAA5F1DE37D8675 /* PerformanceMetrics.swift */,
				BFF48EB806A29B14314309AA /* Host.swift */,
				7897A735F3E9E0C44FB45D66 /* RemoteFileModels.swift */,
				EFBD1B6C62D8844E30E83B9B /* TerminalSessionDescriptor.swift */,
				C5EF5F5E18113A0930B7B039 /* SFTPProtocols.swift */,
				C4EA01AB817F1C1A39F3AA12 /* SSHProtocols.swift */,
				423D7B0914AA931080FCD17D /* SessionManagerProtocol.swift */,
				853D0E7D21316EE0AEC71384 /* DisconnectedSFTPClient.swift */,
				5191782B0B56B71C781F6072 /* MockSFTPClient.swift */,
				C29D14AB316B8489748C23B9 /* SystemSFTPClient.swift */,
				DA2EF8A1E793E149C8373DFD /* LocalShellClient.swift */,
				BC33992EBB8C1BD09029928C /* MockSSHClient.swift */,
				027450808D2A4AC807A36876 /* OpenSSHLaunchBuilder.swift */,
				DE5EAADC2941D1C6CB5F8437 /* OpenSSHPortForwardClient.swift */,
				033F16536C0A0EF1347F3C9E /* OpenSSHRemoteShellIntegrationInstaller.swift */,
				C2B878F57A34B3B5703B179B /* SSHCompatibilityProfile.swift */,
				3EC3BA9111568EB97D7EED26 /* SSHConnectionReuse.swift */,
				6664860F8C4889DA8E339D0D /* SSHControlMasterCleanup.swift */,
				FE28C1C954B81EE052472B31 /* SystemSSHClient.swift */,
				21AB0BDF902B72B2F51AB5E6 /* CredentialStore.swift */,
				717610ED8592ADBEE698E9F9 /* HostKeyStore.swift */,
				CB456647EB8F7CCA08DADEB9 /* SessionManager.swift */,
				A9DACB2BDEFC496EC46C9CD0 /* ZmodemConstants.swift */,
				8B3598CB73A02BF659BE72D6 /* ZmodemDetector.swift */,
				84700D1B924081770348FDFE /* ZmodemEngine.swift */,
				5A334FA51EB13CC5EE621832 /* ZmodemFrame.swift */,
				9788B05F52C54BC81AD62B10 /* ZmodemSendEngine.swift */,
			);
			name = RemoraCore;
			path = RemoraCore;
			sourceTree = "<group>";
		};
		7F20CB235079CA17219B4F58 /* Resources */ = {
			isa = PBXGroup;
			children = (
				1DD0E57B132AD28CADD1C587 /* Localizable.strings */,
				38ED46D6DAA366D300B758FB /* UpdateChecker.strings */,
				4600E30B33C340F95ED4A073 /* WebEditor */,
			);
			name = Resources;
			path = Resources;
			sourceTree = "<group>";
		};
		813678BFD9C2FC6539E2F5F6 /* scripts */ = {
			isa = PBXGroup;
			children = (
				5EACF6C02F3F16649FE92858 /* package_macos.sh */,
			);
			name = scripts;
			path = scripts;
			sourceTree = "<group>";
		};
		8CE1E79EACF63EFAC541F04D /* Resources */ = {
			isa = PBXGroup;
			children = (
				544A977C7B32514CBD274ACF /* Assets.xcassets */,
			);
			name = Resources;
			path = Resources;
			sourceTree = "<group>";
		};
		C47986DF9E201764249BE273 = {
			isa = PBXGroup;
			children = (
				106DF632EF63C82CE6364A78 /* Products */,
				06D0EB37C5ED5AD5D9B8C4A5 /* Frameworks */,
				EE60C934813325CDADECC87B /* Sources */,
				8CE1E79EACF63EFAC541F04D /* Resources */,
				813678BFD9C2FC6539E2F5F6 /* scripts */,
			);
			sourceTree = "<group>";
		};
		EE60C934813325CDADECC87B /* Sources */ = {
			isa = PBXGroup;
			children = (
				662FE7D1F94BE4294F793699 /* RemoraCore */,
				2A50D695905D0FCEB1A5145B /* RemoraTerminal */,
				2A54E5CE3A2674DD6A1D11DB /* RemoraApp */,
			);
			name = Sources;
			path = Sources;
			sourceTree = "<group>";
		};
		FE055B0E79C5EC84A69E90CC /* OS X */ = {
			isa = PBXGroup;
			children = (
				C65CF8C5B9BBF6D051186BF0 /* Cocoa.framework */,
				EAD66DFAA819D2F7F0499E8C /* Security.framework */,
				CE02F2AA3EF2C464146F6B97 /* AppKit.framework */,
				C541A0AB5F467ACB486E770F /* CoreText.framework */,
				176059A74BE34BC84F244C72 /* QuartzCore.framework */,
				9920ED81EBE7DFCA85BB924C /* SwiftUI.framework */,
			);
			name = "OS X";
			sourceTree = "<group>";
		};
/* End PBXGroup section */

/* Begin PBXHeadersBuildPhase section */
		8BC6A0ADD677C940FE4D6226 /* Headers */ = {
			isa = PBXHeadersBuildPhase;
			buildActionMask = 2147483647;
			files = (
			);
			runOnlyForDeploymentPostprocessing = 0;
		};
		E7E0BB36FDA227C8355A3BBC /* Headers */ = {
			isa = PBXHeadersBuildPhase;
			buildActionMask = 2147483647;
			files = (
			);
			runOnlyForDeploymentPostprocessing = 0;
		};
/* End PBXHeadersBuildPhase section */

/* Begin PBXNativeTarget section */
		0B9336AD311ABBC723E52285 /* RemoraCore */ = {
			isa = PBXNativeTarget;
			buildConfigurationList = 13B13EE865E6025A1BA44DFE /* Build configuration list for PBXNativeTarget "RemoraCore" */;
			buildPhases = (
				8BC6A0ADD677C940FE4D6226 /* Headers */,
				3174050169CA28400FF7C3CA /* Sources */,
				CE7BBDA592E9B542FD0111AB /* Frameworks */,
			);
			buildRules = (
			);
			dependencies = (
			);
			name = RemoraCore;
			productName = RemoraCore;
			productReference = 4C6C1C7A34FAD32B6821B491 /* libRemoraCore.a */;
			productType = "com.apple.product-type.library.static";
		};
		36CB375BB7964750818F584D /* Remora */ = {
			isa = PBXNativeTarget;
			buildConfigurationList = 4D4E1F1E3199CA8918E50762 /* Build configuration list for PBXNativeTarget "Remora" */;
			buildPhases = (
				7CFDF1CFA39838CFB49FC794 /* Sources */,
				6A7F4A6AA7678343AB1869CE /* Frameworks */,
				6333B45FFB0BFC1D983CE81B /* Resources */,
			);
			buildRules = (
			);
			dependencies = (
				D353BB61708307483E581F18 /* PBXTargetDependency */,
				788CB6EA608C2D95F0CFE787 /* PBXTargetDependency */,
			);
			name = Remora;
			packageProductDependencies = (
				30E061B0517AB9C9C9F95D6C /* SwiftTerm */,
			);
			productName = Remora;
			productReference = 0A0186AA84344C6F6036E2DD /* Remora.app */;
			productType = "com.apple.product-type.application";
		};
		EA039851287B9B22787A5DC7 /* RemoraTerminal */ = {
			isa = PBXNativeTarget;
			buildConfigurationList = B0FACF2024EE6978BC87285C /* Build configuration list for PBXNativeTarget "RemoraTerminal" */;
			buildPhases = (
				E7E0BB36FDA227C8355A3BBC /* Headers */,
				34D01DE4EB2929D08304E086 /* Sources */,
				8AEB78FCC3508764534E5112 /* Frameworks */,
			);
			buildRules = (
			);
			dependencies = (
				D3E02EB737929163B8B6A4CD /* PBXTargetDependency */,
			);
			name = RemoraTerminal;
			packageProductDependencies = (
				24DFCEAC5EEC91BD74C9E95F /* SwiftTerm */,
			);
			productName = RemoraTerminal;
			productReference = 6FBCCDA88193363625A03A5E /* libRemoraTerminal.a */;
			productType = "com.apple.product-type.library.static";
		};
/* End PBXNativeTarget section */

/* Begin PBXProject section */
		9073528E81A54C37899DD14F /* Project object */ = {
			isa = PBXProject;
			attributes = {
				LastSwiftUpdateCheck = 2600;
				LastUpgradeCheck = 2600;
			};
			buildConfigurationList = E3F63609A60D0064E047278E /* Build configuration list for PBXProject "Remora" */;
			compatibilityVersion = "Xcode 12.0";
			developmentRegion = en;
			hasScannedForEncodings = 0;
			knownRegions = (
				en,
				"zh-Hans",
			);
			mainGroup = C47986DF9E201764249BE273;
			packageReferences = (
				06834A555E5D64E279A93388 /* XCRemoteSwiftPackageReference "SwiftTerm" */,
			);
			productRefGroup = 106DF632EF63C82CE6364A78 /* Products */;
			projectDirPath = "";
			projectRoot = "";
			targets = (
				0B9336AD311ABBC723E52285 /* RemoraCore */,
				EA039851287B9B22787A5DC7 /* RemoraTerminal */,
				36CB375BB7964750818F584D /* Remora */,
			);
		};
/* End PBXProject section */

/* Begin PBXResourcesBuildPhase section */
		6333B45FFB0BFC1D983CE81B /* Resources */ = {
			isa = PBXResourcesBuildPhase;
			buildActionMask = 2147483647;
			files = (
				3C04636D58DAFE51CFD78B22 /* Localizable.strings in Resources */,
				2798631BE9BEC2EECC70CE6D /* UpdateChecker.strings in Resources */,
				ED67682B5AEADC4F4F6A1B23 /* Assets.xcassets in Resources */,
				CC54FAB3E29BBFD5334DCE2B /* WebEditor in Resources */,
			);
			runOnlyForDeploymentPostprocessing = 0;
		};
/* End PBXResourcesBuildPhase section */

/* Begin PBXSourcesBuildPhase section */
		3174050169CA28400FF7C3CA /* Sources */ = {
			isa = PBXSourcesBuildPhase;
			buildActionMask = 2147483647;
			files = (
				7BA2F7B397C06517C70785C9 /* RemoraConfigPaths.swift in Sources */,
				67363CF0A37938FCADEE3810 /* RemoraJSONFileStore.swift in Sources */,
				F4286342F7BFE1EDCED0CE3D /* ExtensionScript.swift in Sources */,
				160D6EF2F189DC740C7B3D31 /* ExtensionScriptRunner.swift in Sources */,
				99D1CE03B56D10B55F31A808 /* ExtensionScriptStore.swift in Sources */,
				3B0D6FDB8F863103450B089B /* RingByteBuffer.swift in Sources */,
				B555D31AEF510AA69BCE71AE /* PerformanceMetrics.swift in Sources */,
				5C9F13A855BCA425130C1DDF /* Host.swift in Sources */,
				CC44F4DEC827E0C4069EEF50 /* RemoteFileModels.swift in Sources */,
				07E97C0D0A78C5B4350A08A5 /* TerminalSessionDescriptor.swift in Sources */,
				21EE2FE457CFBEF8262546F2 /* SFTPProtocols.swift in Sources */,
				67012D2CA3DC59A2BD95F748 /* SSHProtocols.swift in Sources */,
				BBFED2DA4F33E99A423F5614 /* SessionManagerProtocol.swift in Sources */,
				5E8E10BD354CA280D458C8F5 /* DisconnectedSFTPClient.swift in Sources */,
				494AD002598A3412FDCDFC01 /* MockSFTPClient.swift in Sources */,
				50CAFB060D4AF676869F6335 /* SystemSFTPClient.swift in Sources */,
				3C5DD39EC74D35F14DAEA0E9 /* LocalShellClient.swift in Sources */,
				E65FCF5E6306130D7B75094B /* MockSSHClient.swift in Sources */,
				9268003AC660BA82FD63571F /* OpenSSHLaunchBuilder.swift in Sources */,
				779570227061C6E7CCD4C14F /* OpenSSHPortForwardClient.swift in Sources */,
				D4255DFA98DB1C0CA99A1428 /* OpenSSHRemoteShellIntegrationInstaller.swift in Sources */,
				5F0728FECBA9861EBFB2A367 /* SSHCompatibilityProfile.swift in Sources */,
				7A05E875DED93E840412CE65 /* SSHConnectionReuse.swift in Sources */,
				AE55C1DBA5CDBEEF603EDBAA /* SSHControlMasterCleanup.swift in Sources */,
				4DD83687E1D08E4E819ACA78 /* SystemSSHClient.swift in Sources */,
				359DB3E1068EE2B1FDFFB4E4 /* CredentialStore.swift in Sources */,
				2F80A46766C39DF3A0905EF7 /* HostKeyStore.swift in Sources */,
				F9C38172076D1B007369854F /* SessionManager.swift in Sources */,
				0B7BADA6E8EEACB635404DAB /* ZmodemConstants.swift in Sources */,
				5A2D0C1C9E990D2602EB7186 /* ZmodemDetector.swift in Sources */,
				49D8E2E0E7387BE4BA9354EB /* ZmodemEngine.swift in Sources */,
				38FD75A6B252459E9DB1EF26 /* ZmodemFrame.swift in Sources */,
				5F958930D935155764A7E642 /* ZmodemSendEngine.swift in Sources */,
			);
			runOnlyForDeploymentPostprocessing = 0;
		};
		34D01DE4EB2929D08304E086 /* Sources */ = {
			isa = PBXSourcesBuildPhase;
			buildActionMask = 2147483647;
			files = (
				60D105C7119400BE73E6C593 /* TerminalView.swift in Sources */,
			);
			runOnlyForDeploymentPostprocessing = 0;
		};
		7CFDF1CFA39838CFB49FC794 /* Sources */ = {
			isa = PBXSourcesBuildPhase;
			buildActionMask = 2147483647;
			files = (
				C8D61882AC0157AD2F612985 /* AISettings.swift in Sources */,
				5717335903829E17F80B0A93 /* AISettingsStore.swift in Sources */,
				D643A18EE5941F406B0078B6 /* AppAppearance.swift in Sources */,
				47DD5591C63151F9E5EF1A26 /* AppKeyboardShortcuts.swift in Sources */,
				A6F563AAB9E70F2161F37D0F /* AppLanguage.swift in Sources */,
				76400086EF01A55746393C5B /* AppPreferences.swift in Sources */,
				3765F7EE4C5B8CC17291985D /* AppSettings.swift in Sources */,
				7703953AEB679B15F1A4996B /* ArchiveSupport.swift in Sources */,
				57950CB810CB41077988BA55 /* ByteSizeFormatter.swift in Sources */,
				E96A8F251DF9237F6B83C9B5 /* ConnectionInfoPasswordCopyConsentGate.swift in Sources */,
				0BBBC7048D11DEC268F45C96 /* ContentView.swift in Sources */,
				5257E6E9BFF4F60C8657449D /* ContentViewActions.swift in Sources */,
				DCFF1CBACF1B11E10E34EF1F /* ContentViewLayout.swift in Sources */,
				5C6C1AB42E7A69154BDF6CB5 /* ContentViewSessionComponents.swift in Sources */,
				2A5BD71437B2BB68EC9E0E4E /* ContentViewSheets.swift in Sources */,
				C9C0B3EEFE731C770B520040 /* ContentViewSidebarComponents.swift in Sources */,
				E05703ACAC9CAB225C259CD0 /* ContentViewSupport.swift in Sources */,
				A2DC07ADB44CA3894944D6F6 /* ContextMenuPresentation.swift in Sources */,
				CC9E568D2F4F7E3E39B4894A /* CrossWindowFlyAnimator.swift in Sources */,
				512EF23DD4197058FCEF0C81 /* DockerCommandService.swift in Sources */,
				1ECAFBFFC528D1061F58F67A /* DockerLiveLogSheet.swift in Sources */,
				47D5656AABEAD03F312DB3B5 /* DockerModels.swift in Sources */,
				A9525167BAC8B85F186FEAD4 /* DockerPanelView.swift in Sources */,
				47145F0BE857096EE3530DEE /* DockerPanelViewModel.swift in Sources */,
				C0A20FCD93E6E1371DAA3C11 /* DockerWorkspaceWindow.swift in Sources */,
				24E29DDD7F7F11B7E279F064 /* AppKitCodeMirrorCoordinator.swift in Sources */,
				E813125E526784ACC0D3061F /* AppKitCodeMirrorEditorViewController.swift in Sources */,
				BDA27FF6441647471AC8299A /* EditorBridge.swift in Sources */,
				41189C90A4F6CE88B68026A7 /* EditorCommand.swift in Sources */,
				D4287FDC3D14652453DDF031 /* EditorDocumentDescriptor.swift in Sources */,
				6C8ED833B2EBB61A4AA392E2 /* EditorEvent.swift in Sources */,
				3438611FF902425A971D92C8 /* EditorLanguage.swift in Sources */,
				27200B27984D8E5F05B67880 /* FocusableCodeMirrorWebView.swift in Sources */,
				2CFA1D82649AA909321AF184 /* MirroredRemoraEditorView.swift in Sources */,
				19EB9CA127FDE96B661BACA9 /* RemoraEditorCoordinator.swift in Sources */,
				EFD713857536F37D447D747E /* RemoraEditorView.swift in Sources */,
				06C34A1A04F3C74C1AE45EE0 /* RemoraEditorWebView.swift in Sources */,
				9D87C418CBA374A8D99DEEC7 /* ExtensionScriptAppStore.swift in Sources */,
				795F4CAA77035E1F1CE0182C /* ExtensionScriptRunnerViewModel.swift in Sources */,
				82EC6B60325592DEE43ACBA0 /* ExtensionScriptViews.swift in Sources */,
				EC5ADDE02373A545FBB7E1A6 /* FileManagerContextMenuPolicy.swift in Sources */,
				631D539659E971791836F9D1 /* FileManagerDownloadsPopoverView.swift in Sources */,
				E2E40810802182A6CB3F9C4F /* FileManagerLegacyFormatting.swift in Sources */,
				F384C60D8D4241595081CF99 /* FileManagerWindowSplitController.swift in Sources */,
				0C643AB5C4D5A078D48E1BF5 /* FileManagerWindowToolbar.swift in Sources */,
				0682DF65422484B0BEFECBF2 /* FileManagerWorkspaceWindow.swift in Sources */,
				E6145D01743EB06F8E299D3C /* FileTransferDiagnostics.swift in Sources */,
				924FDFFD7324CC79882A6621 /* FileTransferViewModel.swift in Sources */,
				E460B5D7FD93873893067BD1 /* HostCatalog.swift in Sources */,
				C6E241D9D8C23B7056106D8A /* HostCatalogPersistence.swift in Sources */,
				4AF875986D8093CFD8F68505 /* HostConnectionClipboardBuilder.swift in Sources */,
				B7EFA1106C76A6C50C0D1183 /* HostConnectionExporter.swift in Sources */,
				5C38D5BC126FE99A70BBF960 /* HostConnectionImportSource.swift in Sources */,
				69CB8BA422579AB486BD55C2 /* HostConnectionImporter.swift in Sources */,
				1E79158216D6274C00F43EBD /* HostPasswordStorage.swift in Sources */,
				FBD12BE60768CDD9DB4C8585 /* L10n.swift in Sources */,
				02246D17028C519A0456FEE4 /* LocalizationHelpers.swift in Sources */,
				60709855D6B7987A6C88560C /* LogManager.swift in Sources */,
				5653B5B7F14FF685D4D3A34A /* PortForwardCenter.swift in Sources */,
				2428EF4B45AB2728C2D7C10A /* QuickCommandExecution.swift in Sources */,
				DAA157D7BBF849BA7A066F5D /* RemoraAppMain.swift in Sources */,
				6FAB3E21BFFC9D943ACCB1FE /* RemoraSettingsSheet.swift in Sources */,
				5EC70129637E8C0BD07B6280 /* RemoteArchiveSupport.swift in Sources */,
				53BA8518130E5321CFF420F8 /* RemoteCompressSheet.swift in Sources */,
				2DF7F13193A035ADC56684D8 /* RemoteDirectoryChooserSheet.swift in Sources */,
				A9F315F33CAB365E8352C5A7 /* RemoteDropRouting.swift in Sources */,
				C34E69E520CBFCEBB094416B /* RemoteExtractSheet.swift in Sources */,
				1450C6FC9003AFAC30C7208D /* RemoteFilePropertiesSheet.swift in Sources */,
				AFC224922C36E49B9C01017F /* RemoteFilePropertiesViewModel.swift in Sources */,
				A9BD6BF89E3D6F1C6F844B5F /* RemoteListSelection.swift in Sources */,
				D2256DCF4A25D9B4EF9AFF60 /* RemoteLiveLogWindow.swift in Sources */,
				2971EAB99095DAE66FC00233 /* RemoteLogViewerSheet.swift in Sources */,
				506F5422D7EACA674A480287 /* RemoteLogViewerViewModel.swift in Sources */,
				12B8AADF44C737BE50EF604A /* RemotePermissionsEditorSheet.swift in Sources */,
				43934E77F2B396017A8618D5 /* RemotePermissionsEditorViewModel.swift in Sources */,
				B67DB7C32AC18DD816F948EF /* RemoteTextEditorViewModel.swift in Sources */,
				C6BB97C8BFD05224B8BDABC1 /* RemoteTextEditorWindow.swift in Sources */,
				A99E7870A521D59D9830C512 /* ServerMetricsCenter.swift in Sources */,
				311983D3B4094D08B485FF59 /* ServerMetricsPanel.swift in Sources */,
				B28F17AE42D2C24E8B01292A /* ServerMonitoringSortOrder.swift in Sources */,
				FAEDCFCACBF42E6EB716FBCC /* ServerStatusWindow.swift in Sources */,
				5743DF52C1FAE6AD59CDFD6B /* SessionMetricsTooltip.swift in Sources */,
				37FD3823E450BCA29FB999DE /* TerminalAIAssistantCoordinator.swift in Sources */,
				802C02F5149C99ABBC26B5E9 /* TerminalAIAssistantView.swift in Sources */,
				8623DC0C5D37329D9B6008DA /* TerminalAIComposerInputView.swift in Sources */,
				06288998C0581E578B0376A5 /* TerminalAIModels.swift in Sources */,
				0F0E82AF653B9A966C2BEF05 /* TerminalAIService.swift in Sources */,
				E1B648D31B5FE541BC08250D /* TerminalDirectorySyncBridge.swift in Sources */,
				2AFCB851878CA85AA4C4DDEC /* TerminalPaneView.swift in Sources */,
				2FC6046ED7109B834979F3C8 /* TerminalPromptBoundaryProcessor.swift in Sources */,
				6FB58147851A49023438C6B9 /* TerminalRuntime.swift in Sources */,
				40273A12A6D1EE9DB8CECC51 /* TerminalSmartAssistNotificationState.swift in Sources */,
				CE32A70752E549EA14FF34D9 /* TerminalViewRepresentable.swift in Sources */,
				80D01C6839B14563FADDD936 /* TransferCenter.swift in Sources */,
				D52A98B28ED4AA9BCBE69511 /* TransferQueuePresentationState.swift in Sources */,
				9067BB3B626F406983B12461 /* UpdateChecker.swift in Sources */,
				CB2867EA7A6F0BF86F7F51A0 /* ViewScreenAnchorRegistry.swift in Sources */,
				9931D73504C364C3DE39B99C /* VisualStyle.swift in Sources */,
				14043704221074854E645888 /* WorkspaceViewModel.swift in Sources */,
				104EFE523EA79F13D7FD5163 /* ZmodemTransferCoordinator.swift in Sources */,
			);
			runOnlyForDeploymentPostprocessing = 0;
		};
/* End PBXSourcesBuildPhase section */

/* Begin PBXTargetDependency section */
		788CB6EA608C2D95F0CFE787 /* PBXTargetDependency */ = {
			isa = PBXTargetDependency;
			name = RemoraTerminal;
			target = EA039851287B9B22787A5DC7 /* RemoraTerminal */;
			targetProxy = 21276E21B39CB78FFF7E5D57 /* PBXContainerItemProxy */;
		};
		D353BB61708307483E581F18 /* PBXTargetDependency */ = {
			isa = PBXTargetDependency;
			name = RemoraCore;
			target = 0B9336AD311ABBC723E52285 /* RemoraCore */;
			targetProxy = F21793FC4076CE5478495C56 /* PBXContainerItemProxy */;
		};
		D3E02EB737929163B8B6A4CD /* PBXTargetDependency */ = {
			isa = PBXTargetDependency;
			name = RemoraCore;
			target = 0B9336AD311ABBC723E52285 /* RemoraCore */;
			targetProxy = A7FC62B54D57BE7C8F70D7FF /* PBXContainerItemProxy */;
		};
/* End PBXTargetDependency section */

/* Begin PBXVariantGroup section */
		1DD0E57B132AD28CADD1C587 /* Localizable.strings */ = {
			isa = PBXVariantGroup;
			children = (
				B0FCAC064061C6625E6CC5B6 /* Localizable.strings */,
				0CD13978F3F654557164B649 /* Localizable.strings */,
			);
			name = Localizable.strings;
			sourceTree = "<group>";
		};
		38ED46D6DAA366D300B758FB /* UpdateChecker.strings */ = {
			isa = PBXVariantGroup;
			children = (
				37C4C6D4CD66AE418F7FCB39 /* UpdateChecker.strings */,
				19E1F6AE4B1A0E20D4E5ED7F /* UpdateChecker.strings */,
			);
			name = UpdateChecker.strings;
			sourceTree = "<group>";
		};
/* End PBXVariantGroup section */

/* Begin XCBuildConfiguration section */
		1852C7CE7E8508499EA4F66D /* Release */ = {
			isa = XCBuildConfiguration;
			buildSettings = {
				CLANG_ENABLE_MODULES = YES;
				CODE_SIGNING_ALLOWED = NO;
				CODE_SIGNING_REQUIRED = NO;
				CODE_SIGN_IDENTITY = "";
				DEFINES_MODULE = YES;
				EXECUTABLE_PREFIX = lib;
				MACOSX_DEPLOYMENT_TARGET = 14.0;
				PRODUCT_NAME = "$(TARGET_NAME)";
				SDKROOT = macosx;
				SKIP_INSTALL = YES;
				SWIFT_VERSION = 6.0;
			};
			name = Release;
		};
		18B56157C4A365F4B52656AB /* Debug */ = {
			isa = XCBuildConfiguration;
			buildSettings = {
				ALWAYS_SEARCH_USER_PATHS = NO;
				CLANG_ANALYZER_NONNULL = YES;
				CLANG_ANALYZER_NUMBER_OBJECT_CONVERSION = YES_AGGRESSIVE;
				CLANG_CXX_LANGUAGE_STANDARD = "gnu++14";
				CLANG_CXX_LIBRARY = "libc++";
				CLANG_ENABLE_MODULES = YES;
				CLANG_ENABLE_OBJC_ARC = YES;
				CLANG_ENABLE_OBJC_WEAK = YES;
				CLANG_WARN_BLOCK_CAPTURE_AUTORELEASING = YES;
				CLANG_WARN_BOOL_CONVERSION = YES;
				CLANG_WARN_COMMA = YES;
				CLANG_WARN_CONSTANT_CONVERSION = YES;
				CLANG_WARN_DEPRECATED_OBJC_IMPLEMENTATIONS = YES;
				CLANG_WARN_DIRECT_OBJC_ISA_USAGE = YES_ERROR;
				CLANG_WARN_DOCUMENTATION_COMMENTS = YES;
				CLANG_WARN_EMPTY_BODY = YES;
				CLANG_WARN_ENUM_CONVERSION = YES;
				CLANG_WARN_INFINITE_RECURSION = YES;
				CLANG_WARN_INT_CONVERSION = YES;
				CLANG_WARN_NON_LITERAL_NULL_CONVERSION = YES;
				CLANG_WARN_OBJC_IMPLICIT_RETAIN_SELF = YES;
				CLANG_WARN_OBJC_LITERAL_CONVERSION = YES;
				CLANG_WARN_OBJC_ROOT_CLASS = YES_ERROR;
				CLANG_WARN_QUOTED_INCLUDE_IN_FRAMEWORK_HEADER = YES;
				CLANG_WARN_RANGE_LOOP_ANALYSIS = YES;
				CLANG_WARN_STRICT_PROTOTYPES = YES;
				CLANG_WARN_SUSPICIOUS_MOVE = YES;
				CLANG_WARN_UNGUARDED_AVAILABILITY = YES_AGGRESSIVE;
				CLANG_WARN_UNREACHABLE_CODE = YES;
				CLANG_WARN__DUPLICATE_METHOD_MATCH = YES;
				CODE_SIGNING_ALLOWED = NO;
				CODE_SIGNING_REQUIRED = NO;
				CODE_SIGN_IDENTITY = "";
				COPY_PHASE_STRIP = NO;
				CURRENT_PROJECT_VERSION = 14;
				DEBUG_INFORMATION_FORMAT = dwarf;
				ENABLE_STRICT_OBJC_MSGSEND = YES;
				ENABLE_TESTABILITY = YES;
				GCC_C_LANGUAGE_STANDARD = gnu11;
				GCC_DYNAMIC_NO_PIC = NO;
				GCC_NO_COMMON_BLOCKS = YES;
				GCC_OPTIMIZATION_LEVEL = 0;
				GCC_PREPROCESSOR_DEFINITIONS = (
					"DEBUG=1",
					"$(inherited)",
				);
				GCC_WARN_64_TO_32_BIT_CONVERSION = YES;
				GCC_WARN_ABOUT_RETURN_TYPE = YES_ERROR;
				GCC_WARN_UNDECLARED_SELECTOR = YES;
				GCC_WARN_UNINITIALIZED_AUTOS = YES_AGGRESSIVE;
				GCC_WARN_UNUSED_FUNCTION = YES;
				GCC_WARN_UNUSED_VARIABLE = YES;
				MACOSX_DEPLOYMENT_TARGET = 14.0;
				MARKETING_VERSION = 0.17.7;
				MTL_ENABLE_DEBUG_INFO = INCLUDE_SOURCE;
				MTL_FAST_MATH = YES;
				ONLY_ACTIVE_ARCH = YES;
				PRODUCT_NAME = "$(TARGET_NAME)";
				SWIFT_ACTIVE_COMPILATION_CONDITIONS = DEBUG;
				SWIFT_OPTIMIZATION_LEVEL = "-Onone";
				SWIFT_VERSION = 6.0;
			};
			name = Debug;
		};
		2770C3396C24AC71A906D4DF /* Debug */ = {
			isa = XCBuildConfiguration;
			buildSettings = {
				CLANG_ENABLE_MODULES = YES;
				CODE_SIGNING_ALLOWED = NO;
				CODE_SIGNING_REQUIRED = NO;
				CODE_SIGN_IDENTITY = "";
				DEFINES_MODULE = YES;
				EXECUTABLE_PREFIX = lib;
				MACOSX_DEPLOYMENT_TARGET = 14.0;
				PRODUCT_NAME = "$(TARGET_NAME)";
				SDKROOT = macosx;
				SKIP_INSTALL = YES;
				SWIFT_VERSION = 6.0;
			};
			name = Debug;
		};
		27A55A33DA9ED0F74AE4E312 /* Release */ = {
			isa = XCBuildConfiguration;
			buildSettings = {
				CLANG_ENABLE_MODULES = YES;
				CODE_SIGNING_ALLOWED = NO;
				CODE_SIGNING_REQUIRED = NO;
				CODE_SIGN_IDENTITY = "";
				DEFINES_MODULE = YES;
				EXECUTABLE_PREFIX = lib;
				MACOSX_DEPLOYMENT_TARGET = 14.0;
				PRODUCT_NAME = "$(TARGET_NAME)";
				SDKROOT = macosx;
				SKIP_INSTALL = YES;
				SWIFT_VERSION = 6.0;
			};
			name = Release;
		};
		4261A219E9B5AD7F7894F137 /* Release */ = {
			isa = XCBuildConfiguration;
			buildSettings = {
				ALWAYS_SEARCH_USER_PATHS = NO;
				CLANG_ANALYZER_NONNULL = YES;
				CLANG_ANALYZER_NUMBER_OBJECT_CONVERSION = YES_AGGRESSIVE;
				CLANG_CXX_LANGUAGE_STANDARD = "gnu++14";
				CLANG_CXX_LIBRARY = "libc++";
				CLANG_ENABLE_MODULES = YES;
				CLANG_ENABLE_OBJC_ARC = YES;
				CLANG_ENABLE_OBJC_WEAK = YES;
				CLANG_WARN_BLOCK_CAPTURE_AUTORELEASING = YES;
				CLANG_WARN_BOOL_CONVERSION = YES;
				CLANG_WARN_COMMA = YES;
				CLANG_WARN_CONSTANT_CONVERSION = YES;
				CLANG_WARN_DEPRECATED_OBJC_IMPLEMENTATIONS = YES;
				CLANG_WARN_DIRECT_OBJC_ISA_USAGE = YES_ERROR;
				CLANG_WARN_DOCUMENTATION_COMMENTS = YES;
				CLANG_WARN_EMPTY_BODY = YES;
				CLANG_WARN_ENUM_CONVERSION = YES;
				CLANG_WARN_INFINITE_RECURSION = YES;
				CLANG_WARN_INT_CONVERSION = YES;
				CLANG_WARN_NON_LITERAL_NULL_CONVERSION = YES;
				CLANG_WARN_OBJC_IMPLICIT_RETAIN_SELF = YES;
				CLANG_WARN_OBJC_LITERAL_CONVERSION = YES;
				CLANG_WARN_OBJC_ROOT_CLASS = YES_ERROR;
				CLANG_WARN_QUOTED_INCLUDE_IN_FRAMEWORK_HEADER = YES;
				CLANG_WARN_RANGE_LOOP_ANALYSIS = YES;
				CLANG_WARN_STRICT_PROTOTYPES = YES;
				CLANG_WARN_SUSPICIOUS_MOVE = YES;
				CLANG_WARN_UNGUARDED_AVAILABILITY = YES_AGGRESSIVE;
				CLANG_WARN_UNREACHABLE_CODE = YES;
				CLANG_WARN__DUPLICATE_METHOD_MATCH = YES;
				CODE_SIGNING_ALLOWED = NO;
				CODE_SIGNING_REQUIRED = NO;
				CODE_SIGN_IDENTITY = "";
				COPY_PHASE_STRIP = NO;
				CURRENT_PROJECT_VERSION = 14;
				DEBUG_INFORMATION_FORMAT = "dwarf-with-dsym";
				ENABLE_NS_ASSERTIONS = NO;
				ENABLE_STRICT_OBJC_MSGSEND = YES;
				GCC_C_LANGUAGE_STANDARD = gnu11;
				GCC_NO_COMMON_BLOCKS = YES;
				GCC_WARN_64_TO_32_BIT_CONVERSION = YES;
				GCC_WARN_ABOUT_RETURN_TYPE = YES_ERROR;
				GCC_WARN_UNDECLARED_SELECTOR = YES;
				GCC_WARN_UNINITIALIZED_AUTOS = YES_AGGRESSIVE;
				GCC_WARN_UNUSED_FUNCTION = YES;
				GCC_WARN_UNUSED_VARIABLE = YES;
				MACOSX_DEPLOYMENT_TARGET = 14.0;
				MARKETING_VERSION = 0.17.7;
				MTL_ENABLE_DEBUG_INFO = NO;
				MTL_FAST_MATH = YES;
				PRODUCT_NAME = "$(TARGET_NAME)";
				SWIFT_COMPILATION_MODE = wholemodule;
				SWIFT_OPTIMIZATION_LEVEL = "-O";
				SWIFT_VERSION = 6.0;
			};
			name = Release;
		};
		5C5DFE010966CA4C326C8455 /* Release */ = {
			isa = XCBuildConfiguration;
			buildSettings = {
				ASSETCATALOG_COMPILER_APPICON_NAME = AppIcon;
				ASSETCATALOG_COMPILER_GENERATE_SWIFT_ASSET_SYMBOL_EXTENSIONS = NO;
				ASSETCATALOG_COMPILER_GLOBAL_ACCENT_COLOR_NAME = AccentColor;
				CLANG_ENABLE_MODULES = YES;
				CODE_SIGNING_ALLOWED = NO;
				CODE_SIGNING_REQUIRED = NO;
				CODE_SIGN_IDENTITY = "";
				COMBINE_HIDPI_IMAGES = YES;
				GENERATE_INFOPLIST_FILE = YES;
				INFOPLIST_KEY_CFBundleDisplayName = Remora;
				INFOPLIST_KEY_CFBundleExecutable = "$(EXECUTABLE_NAME)";
				INFOPLIST_KEY_CFBundleName = Remora;
				INFOPLIST_KEY_LSApplicationCategoryType = "public.app-category.developer-tools";
				INFOPLIST_KEY_NSHighResolutionCapable = YES;
				LD_RUNPATH_SEARCH_PATHS = "$(inherited) @executable_path/../Frameworks";
				MACOSX_DEPLOYMENT_TARGET = 14.0;
				PRODUCT_BUNDLE_IDENTIFIER = io.github.wuujiawei.remora;
				PRODUCT_NAME = Remora;
				SDKROOT = macosx;
				SWIFT_VERSION = 6.0;
			};
			name = Release;
		};
		A08CB4B5F18AD2A70638F58A /* Debug */ = {
			isa = XCBuildConfiguration;
			buildSettings = {
				CLANG_ENABLE_MODULES = YES;
				CODE_SIGNING_ALLOWED = NO;
				CODE_SIGNING_REQUIRED = NO;
				CODE_SIGN_IDENTITY = "";
				DEFINES_MODULE = YES;
				EXECUTABLE_PREFIX = lib;
				MACOSX_DEPLOYMENT_TARGET = 14.0;
				PRODUCT_NAME = "$(TARGET_NAME)";
				SDKROOT = macosx;
				SKIP_INSTALL = YES;
				SWIFT_VERSION = 6.0;
			};
			name = Debug;
		};
		BBEF1FA10A03F0B019BC26C9 /* Debug */ = {
			isa = XCBuildConfiguration;
			buildSettings = {
				ASSETCATALOG_COMPILER_APPICON_NAME = AppIcon;
				ASSETCATALOG_COMPILER_GENERATE_SWIFT_ASSET_SYMBOL_EXTENSIONS = NO;
				ASSETCATALOG_COMPILER_GLOBAL_ACCENT_COLOR_NAME = AccentColor;
				CLANG_ENABLE_MODULES = YES;
				CODE_SIGNING_ALLOWED = NO;
				CODE_SIGNING_REQUIRED = NO;
				CODE_SIGN_IDENTITY = "";
				COMBINE_HIDPI_IMAGES = YES;
				GENERATE_INFOPLIST_FILE = YES;
				INFOPLIST_KEY_CFBundleDisplayName = Remora;
				INFOPLIST_KEY_CFBundleExecutable = "$(EXECUTABLE_NAME)";
				INFOPLIST_KEY_CFBundleName = Remora;
				INFOPLIST_KEY_LSApplicationCategoryType = "public.app-category.developer-tools";
				INFOPLIST_KEY_NSHighResolutionCapable = YES;
				LD_RUNPATH_SEARCH_PATHS = "$(inherited) @executable_path/../Frameworks";
				MACOSX_DEPLOYMENT_TARGET = 14.0;
				PRODUCT_BUNDLE_IDENTIFIER = io.github.wuujiawei.remora;
				PRODUCT_NAME = Remora;
				SDKROOT = macosx;
				SWIFT_VERSION = 6.0;
			};
			name = Debug;
		};
/* End XCBuildConfiguration section */

/* Begin XCConfigurationList section */
		13B13EE865E6025A1BA44DFE /* Build configuration list for PBXNativeTarget "RemoraCore" */ = {
			isa = XCConfigurationList;
			buildConfigurations = (
				27A55A33DA9ED0F74AE4E312 /* Release */,
				2770C3396C24AC71A906D4DF /* Debug */,
			);
			defaultConfigurationIsVisible = 0;
			defaultConfigurationName = Release;
		};
		4D4E1F1E3199CA8918E50762 /* Build configuration list for PBXNativeTarget "Remora" */ = {
			isa = XCConfigurationList;
			buildConfigurations = (
				5C5DFE010966CA4C326C8455 /* Release */,
				BBEF1FA10A03F0B019BC26C9 /* Debug */,
			);
			defaultConfigurationIsVisible = 0;
			defaultConfigurationName = Release;
		};
		B0FACF2024EE6978BC87285C /* Build configuration list for PBXNativeTarget "RemoraTerminal" */ = {
			isa = XCConfigurationList;
			buildConfigurations = (
				1852C7CE7E8508499EA4F66D /* Release */,
				A08CB4B5F18AD2A70638F58A /* Debug */,
			);
			defaultConfigurationIsVisible = 0;
			defaultConfigurationName = Release;
		};
		E3F63609A60D0064E047278E /* Build configuration list for PBXProject "Remora" */ = {
			isa = XCConfigurationList;
			buildConfigurations = (
				18B56157C4A365F4B52656AB /* Debug */,
				4261A219E9B5AD7F7894F137 /* Release */,
			);
			defaultConfigurationIsVisible = 0;
			defaultConfigurationName = Release;
		};
/* End XCConfigurationList section */

/* Begin XCRemoteSwiftPackageReference section */
		06834A555E5D64E279A93388 /* XCRemoteSwiftPackageReference "SwiftTerm" */ = {
			isa = XCRemoteSwiftPackageReference;
			repositoryURL = "https://github.com/wuuJiawei/SwiftTerm";
			requirement = {
				kind = revision;
				revision = 4f632d1c60be15ad70152b006cb8679fc81c764f;
			};
		};
/* End XCRemoteSwiftPackageReference section */

/* Begin XCSwiftPackageProductDependency section */
		24DFCEAC5EEC91BD74C9E95F /* SwiftTerm */ = {
			isa = XCSwiftPackageProductDependency;
			package = 06834A555E5D64E279A93388 /* XCRemoteSwiftPackageReference "SwiftTerm" */;
			productName = SwiftTerm;
		};
		30E061B0517AB9C9C9F95D6C /* SwiftTerm */ = {
			isa = XCSwiftPackageProductDependency;
			package = 06834A555E5D64E279A93388 /* XCRemoteSwiftPackageReference "SwiftTerm" */;
			productName = SwiftTerm;
		};
/* End XCSwiftPackageProductDependency section */
	};
	rootObject = 9073528E81A54C37899DD14F /* Project object */;
}
